// !$*UTF8*$!
{
	archiveVersion = 1;
	classes = {
	};
	objectVersion = 45;
	objects = {

/* Begin PBXBuildFile section */
		490E76A207CAE24800688A1D /* AUEffectBase.cpp in Sources */ = {isa = PBXBuildFile; fileRef = 490E76A007CAE24800688A1D /* AUEffectBase.cpp */; };
		490E76A707CAE29600688A1D /* px10.ttf in Resources */ = {isa = PBXBuildFile; fileRef = 490E76A607CAE29600688A1D /* px10.ttf */; };
		490E7D0407CAE8F500688A1D /* AUMIDIEffectBase.cpp in Sources */ = {isa = PBXBuildFile; fileRef = 490E7D0207CAE8F500688A1D /* AUMIDIEffectBase.cpp */; };
		4918B60D0680FC9C0034CE15 /* dfxsettings.cpp in Sources */ = {isa = PBXBuildFile; fileRef = 4918B60B0680FC9C0034CE15 /* dfxsettings.cpp */; };
		4932F48B06800FCD006A9591 /* AUBase.cpp in Sources */ = {isa = PBXBuildFile; fileRef = 4932F45D06800FCD006A9591 /* AUBase.cpp */; };
		4932F48F06800FCD006A9591 /* AUInputElement.cpp in Sources */ = {isa = PBXBuildFile; fileRef = 4932F46106800FCD006A9591 /* AUInputElement.cpp */; };
		4932F49106800FCD006A9591 /* AUOutputElement.cpp in Sources */ = {isa = PBXBuildFile; fileRef = 4932F46306800FCD006A9591 /* AUOutputElement.cpp */; };
		4932F49406800FCD006A9591 /* AUScopeElement.cpp in Sources */ = {isa = PBXBuildFile; fileRef = 4932F46606800FCD006A9591 /* AUScopeElement.cpp */; };
		4932F49606800FCD006A9591 /* ComponentBase.cpp in Sources */ = {isa = PBXBuildFile; fileRef = 4932F46806800FCD006A9591 /* ComponentBase.cpp */; };
		4932F4A606800FCD006A9591 /* AUMIDIBase.cpp in Sources */ = {isa = PBXBuildFile; fileRef = 4932F47B06800FCD006A9591 /* AUMIDIBase.cpp */; };
		4932F4AE06800FCD006A9591 /* AUBuffer.cpp in Sources */ = {isa = PBXBuildFile; fileRef = 4932F48406800FCD006A9591 /* AUBuffer.cpp */; };
		4932F4BA068010B2006A9591 /* CAStreamBasicDescription.cpp in Sources */ = {isa = PBXBuildFile; fileRef = 4932F4B8068010B2006A9591 /* CAStreamBasicDescription.cpp */; };
		4932F4BE068010BE006A9591 /* CAAudioChannelLayout.cpp in Sources */ = {isa = PBXBuildFile; fileRef = 4932F4BC068010BE006A9591 /* CAAudioChannelLayout.cpp */; };
		4932F4C2068010CA006A9591 /* CAAUParameter.cpp in Sources */ = {isa = PBXBuildFile; fileRef = 4932F4C0068010CA006A9591 /* CAAUParameter.cpp */; };
		4932F4D506801180006A9591 /* dfx-au-utilities.c in Sources */ = {isa = PBXBuildFile; fileRef = 4932F4CA06801180006A9591 /* dfx-au-utilities.c */; };
		4932F4D906801180006A9591 /* dfxparameter.cpp in Sources */ = {isa = PBXBuildFile; fileRef = 4932F4CE06801180006A9591 /* dfxparameter.cpp */; };
		4932F4DB06801180006A9591 /* dfxplugin-audiounit.cpp in Sources */ = {isa = PBXBuildFile; fileRef = 4932F4D006801180006A9591 /* dfxplugin-audiounit.cpp */; };
		4932F4DC06801180006A9591 /* dfxplugin.cpp in Sources */ = {isa = PBXBuildFile; fileRef = 4932F4D106801180006A9591 /* dfxplugin.cpp */; };
		4932F4EC068011C9006A9591 /* dfxguieditor.cpp in Sources */ = {isa = PBXBuildFile; fileRef = 4932F4E0068011C9006A9591 /* dfxguieditor.cpp */; };
		4932F4EE068011C9006A9591 /* dfxguibutton.cpp in Sources */ = {isa = PBXBuildFile; fileRef = 4932F4E2068011C9006A9591 /* dfxguibutton.cpp */; };
		4932F4F0068011C9006A9591 /* dfxguicontrol.cpp in Sources */ = {isa = PBXBuildFile; fileRef = 4932F4E4068011C9006A9591 /* dfxguicontrol.cpp */; };
		4932F4F2068011C9006A9591 /* dfxguitextdisplay.cpp in Sources */ = {isa = PBXBuildFile; fileRef = 4932F4E6068011C9006A9591 /* dfxguitextdisplay.cpp */; };
		4932F4F4068011C9006A9591 /* dfxguislider.cpp in Sources */ = {isa = PBXBuildFile; fileRef = 4932F4E8068011C9006A9591 /* dfxguislider.cpp */; };
		4932F79B0680E859006A9591 /* dfxmidi.cpp in Sources */ = {isa = PBXBuildFile; fileRef = 4932F7990680E859006A9591 /* dfxmidi.cpp */; };
		4998C23F07E52491008EBD90 /* geometer.cpp in Sources */ = {isa = PBXBuildFile; fileRef = 4998C23C07E52491008EBD90 /* geometer.cpp */; };
		4998C24507E524B5008EBD90 /* geometereditor.cpp in Sources */ = {isa = PBXBuildFile; fileRef = 4998C24207E524B5008EBD90 /* geometereditor.cpp */; };
		4998C26107E524F4008EBD90 /* destroy-fx-link.png in Resources */ = {isa = PBXBuildFile; fileRef = 4998C24A07E524F4008EBD90 /* destroy-fx-link.png */; };
		4998C26207E524F4008EBD90 /* fine-tune-down-button.png in Resources */ = {isa = PBXBuildFile; fileRef = 4998C24B07E524F4008EBD90 /* fine-tune-down-button.png */; };
		4998C26307E524F4008EBD90 /* fine-tune-up-button.png in Resources */ = {isa = PBXBuildFile; fileRef = 4998C24C07E524F4008EBD90 /* fine-tune-up-button.png */; };
		4998C26607E524F4008EBD90 /* help-background.png in Resources */ = {isa = PBXBuildFile; fileRef = 4998C24F07E524F4008EBD90 /* help-background.png */; };
		4998C26707E524F4008EBD90 /* help-general.png in Resources */ = {isa = PBXBuildFile; fileRef = 4998C25007E524F4008EBD90 /* help-general.png */; };
		4998C26807E524F4008EBD90 /* help-landmarks.png in Resources */ = {isa = PBXBuildFile; fileRef = 4998C25107E524F4008EBD90 /* help-landmarks.png */; };
		4998C26907E524F4008EBD90 /* help-ops.png in Resources */ = {isa = PBXBuildFile; fileRef = 4998C25207E524F4008EBD90 /* help-ops.png */; };
		4998C26A07E524F4008EBD90 /* help-recreate.png in Resources */ = {isa = PBXBuildFile; fileRef = 4998C25307E524F4008EBD90 /* help-recreate.png */; };
		4998C26B07E524F4008EBD90 /* help-window-shape.png in Resources */ = {isa = PBXBuildFile; fileRef = 4998C25407E524F4008EBD90 /* help-window-shape.png */; };
		4998C26C07E524F4008EBD90 /* landmarks-button.png in Resources */ = {isa = PBXBuildFile; fileRef = 4998C25507E524F4008EBD90 /* landmarks-button.png */; };
		4998C26D07E524F4008EBD90 /* midi-learn-button.png in Resources */ = {isa = PBXBuildFile; fileRef = 4998C25607E524F4008EBD90 /* midi-learn-button.png */; };
		4998C26E07E524F4008EBD90 /* midi-reset-button.png in Resources */ = {isa = PBXBuildFile; fileRef = 4998C25707E524F4008EBD90 /* midi-reset-button.png */; };
		4998C27007E524F4008EBD90 /* ops-button.png in Resources */ = {isa = PBXBuildFile; fileRef = 4998C25907E524F4008EBD90 /* ops-button.png */; };
		4998C27107E524F4008EBD90 /* recreate-button.png in Resources */ = {isa = PBXBuildFile; fileRef = 4998C25A07E524F4008EBD90 /* recreate-button.png */; };
		4998C27207E524F4008EBD90 /* slider-background.png in Resources */ = {isa = PBXBuildFile; fileRef = 4998C25B07E524F4008EBD90 /* slider-background.png */; };
		4998C27407E524F4008EBD90 /* slider-handle.png in Resources */ = {isa = PBXBuildFile; fileRef = 4998C25D07E524F4008EBD90 /* slider-handle.png */; };
		4998C27607E524F4008EBD90 /* window-shape-button.png in Resources */ = {isa = PBXBuildFile; fileRef = 4998C25F07E524F4008EBD90 /* window-shape-button.png */; };
		4998C27707E524F4008EBD90 /* window-size-button.png in Resources */ = {isa = PBXBuildFile; fileRef = 4998C26007E524F4008EBD90 /* window-size-button.png */; };
		B025B93E08AD2DB800A9CCAE /* CAVectorUnit.cpp in Sources */ = {isa = PBXBuildFile; fileRef = B025B93B08AD2DB800A9CCAE /* CAVectorUnit.cpp */; };
		B0D672C00D0F31DF0079BD4E /* destroyfx.icns in Resources */ = {isa = PBXBuildFile; fileRef = B0D672BF0D0F31DF0079BD4E /* destroyfx.icns */; };
		EC2F843C24A7C2F100F29321 /* dfxmisc.mm in Sources */ = {isa = PBXBuildFile; fileRef = EC2F843B24A7C2F100F29321 /* dfxmisc.mm */; };
		EC89B331208D2A0A00E15129 /* Accelerate.framework in Frameworks */ = {isa = PBXBuildFile; fileRef = EC89B32A208D2A0800E15129 /* Accelerate.framework */; };
		EC89B332208D2A0A00E15129 /* OpenGL.framework in Frameworks */ = {isa = PBXBuildFile; fileRef = EC89B32B208D2A0900E15129 /* OpenGL.framework */; };
		EC89B333208D2A0A00E15129 /* QuartzCore.framework in Frameworks */ = {isa = PBXBuildFile; fileRef = EC89B32C208D2A0900E15129 /* QuartzCore.framework */; };
		EC89B334208D2A0A00E15129 /* Cocoa.framework in Frameworks */ = {isa = PBXBuildFile; fileRef = EC89B32D208D2A0900E15129 /* Cocoa.framework */; };
		EC89B335208D2A0A00E15129 /* AudioUnit.framework in Frameworks */ = {isa = PBXBuildFile; fileRef = EC89B32E208D2A0900E15129 /* AudioUnit.framework */; };
		EC89B336208D2A0A00E15129 /* AudioToolbox.framework in Frameworks */ = {isa = PBXBuildFile; fileRef = EC89B32F208D2A0A00E15129 /* AudioToolbox.framework */; };
		EC89B337208D2A0A00E15129 /* Carbon.framework in Frameworks */ = {isa = PBXBuildFile; fileRef = EC89B330208D2A0A00E15129 /* Carbon.framework */; };
		EC89B368208D2E4700E15129 /* AUPlugInDispatch.cpp in Sources */ = {isa = PBXBuildFile; fileRef = EC89B367208D2E4600E15129 /* AUPlugInDispatch.cpp */; };
		EC89B45D208D334000E15129 /* dfx-au-utilities-preset-files.m in Sources */ = {isa = PBXBuildFile; fileRef = EC89B45B208D334000E15129 /* dfx-au-utilities-preset-files.m */; };
		EC89B464208D335900E15129 /* dfxguidialog.cpp in Sources */ = {isa = PBXBuildFile; fileRef = EC89B45E208D335700E15129 /* dfxguidialog.cpp */; };
		EC89B465208D335900E15129 /* dfxgui-auviewfactory.mm in Sources */ = {isa = PBXBuildFile; fileRef = EC89B461208D335800E15129 /* dfxgui-auviewfactory.mm */; };
		EC89B513208D373A00E15129 /* vstgui_mac.mm in Sources */ = {isa = PBXBuildFile; fileRef = EC89B512208D373A00E15129 /* vstgui_mac.mm */; settings = {COMPILER_FLAGS = "$(inherited) -Wno-non-virtual-dtor -Wno-sign-compare -Wno-exit-time-destructors -Wno-implicit-fallthrough -Wno-deprecated-declarations -fno-objc-arc"; }; };
		EC89B522208D374800E15129 /* plugguieditor.cpp in Sources */ = {isa = PBXBuildFile; fileRef = EC89B51B208D374700E15129 /* plugguieditor.cpp */; settings = {COMPILER_FLAGS = "$(inherited) -Wno-non-virtual-dtor"; }; };
		EC8AB24D24CDF61B000504F0 /* dfxgui-fontfactory.mm in Sources */ = {isa = PBXBuildFile; fileRef = EC8AB24A24CDF61A000504F0 /* dfxgui-fontfactory.mm */; };
		ECA1AA3C20DB1C8E00419783 /* dfxguimisc.mm in Sources */ = {isa = PBXBuildFile; fileRef = ECA1AA3B20DB1C8E00419783 /* dfxguimisc.mm */; };
		ECBA85D323E246970011C890 /* dfxmutex.cpp in Sources */ = {isa = PBXBuildFile; fileRef = ECBA85D123E246970011C890 /* dfxmutex.cpp */; };
		ECBE1AA220B2067000B45853 /* geometer-background.png in Resources */ = {isa = PBXBuildFile; fileRef = 4998C24E07E524F4008EBD90 /* geometer-background.png */; };
		ECC430D7102F4A56000B05A1 /* dfx-au-utilities.strings in Resources */ = {isa = PBXBuildFile; fileRef = ECC430D5102F4A56000B05A1 /* dfx-au-utilities.strings */; };
		ECDB2A6921B9F91900938F5C /* slider-handle-glowing.png in Resources */ = {isa = PBXBuildFile; fileRef = 4998C25C07E524F4008EBD90 /* slider-handle-glowing.png */; };
		ECDE78EF21EBABC900F27547 /* geometerview.cpp in Sources */ = {isa = PBXBuildFile; fileRef = ECDE78ED21EBABC900F27547 /* geometerview.cpp */; };
		ECFE6DC020B119110026202C /* dfxenvelope.cpp in Sources */ = {isa = PBXBuildFile; fileRef = ECFE6DBF20B119110026202C /* dfxenvelope.cpp */; };
/* End PBXBuildFile section */

/* Begin PBXFileReference section */
		490E76A007CAE24800688A1D /* AUEffectBase.cpp */ = {isa = PBXFileReference; fileEncoding = 30; lastKnownFileType = sourcecode.cpp.cpp; path = AUEffectBase.cpp; sourceTree = "<group>"; };
		490E76A107CAE24800688A1D /* AUEffectBase.h */ = {isa = PBXFileReference; fileEncoding = 30; lastKnownFileType = sourcecode.c.h; path = AUEffectBase.h; sourceTree = "<group>"; };
		490E76A607CAE29600688A1D /* px10.ttf */ = {isa = PBXFileReference; lastKnownFileType = file; name = px10.ttf; path = ../../fonts/px10.ttf; sourceTree = "<group>"; };
		490E7D0207CAE8F500688A1D /* AUMIDIEffectBase.cpp */ = {isa = PBXFileReference; fileEncoding = 30; lastKnownFileType = sourcecode.cpp.cpp; path = AUMIDIEffectBase.cpp; sourceTree = "<group>"; };
		490E7D0307CAE8F500688A1D /* AUMIDIEffectBase.h */ = {isa = PBXFileReference; fileEncoding = 30; lastKnownFileType = sourcecode.c.h; path = AUMIDIEffectBase.h; sourceTree = "<group>"; };
		4918B60B0680FC9C0034CE15 /* dfxsettings.cpp */ = {isa = PBXFileReference; fileEncoding = 30; lastKnownFileType = sourcecode.cpp.cpp; path = dfxsettings.cpp; sourceTree = "<group>"; };
		4918B60C0680FC9C0034CE15 /* dfxsettings.h */ = {isa = PBXFileReference; fileEncoding = 30; lastKnownFileType = sourcecode.c.h; path = dfxsettings.h; sourceTree = "<group>"; };
		4919537206C5398A00221230 /* CAMath.h */ = {isa = PBXFileReference; fileEncoding = 30; lastKnownFileType = sourcecode.c.h; path = CAMath.h; sourceTree = "<group>"; };
		4932F45D06800FCD006A9591 /* AUBase.cpp */ = {isa = PBXFileReference; fileEncoding = 30; lastKnownFileType = sourcecode.cpp.cpp; path = AUBase.cpp; sourceTree = "<group>"; };
		4932F45E06800FCD006A9591 /* AUBase.h */ = {isa = PBXFileReference; fileEncoding = 30; lastKnownFileType = sourcecode.c.h; path = AUBase.h; sourceTree = "<group>"; };
		4932F46106800FCD006A9591 /* AUInputElement.cpp */ = {isa = PBXFileReference; fileEncoding = 30; lastKnownFileType = sourcecode.cpp.cpp; path = AUInputElement.cpp; sourceTree = "<group>"; };
		4932F46206800FCD006A9591 /* AUInputElement.h */ = {isa = PBXFileReference; fileEncoding = 30; lastKnownFileType = sourcecode.c.h; path = AUInputElement.h; sourceTree = "<group>"; };
		4932F46306800FCD006A9591 /* AUOutputElement.cpp */ = {isa = PBXFileReference; fileEncoding = 30; lastKnownFileType = sourcecode.cpp.cpp; path = AUOutputElement.cpp; sourceTree = "<group>"; };
		4932F46406800FCD006A9591 /* AUOutputElement.h */ = {isa = PBXFileReference; fileEncoding = 30; lastKnownFileType = sourcecode.c.h; path = AUOutputElement.h; sourceTree = "<group>"; };
		4932F46606800FCD006A9591 /* AUScopeElement.cpp */ = {isa = PBXFileReference; fileEncoding = 30; lastKnownFileType = sourcecode.cpp.cpp; path = AUScopeElement.cpp; sourceTree = "<group>"; };
		4932F46706800FCD006A9591 /* AUScopeElement.h */ = {isa = PBXFileReference; fileEncoding = 30; lastKnownFileType = sourcecode.c.h; path = AUScopeElement.h; sourceTree = "<group>"; };
		4932F46806800FCD006A9591 /* ComponentBase.cpp */ = {isa = PBXFileReference; fileEncoding = 30; lastKnownFileType = sourcecode.cpp.cpp; path = ComponentBase.cpp; sourceTree = "<group>"; };
		4932F46906800FCD006A9591 /* ComponentBase.h */ = {isa = PBXFileReference; fileEncoding = 30; lastKnownFileType = sourcecode.c.h; path = ComponentBase.h; sourceTree = "<group>"; };
		4932F47B06800FCD006A9591 /* AUMIDIBase.cpp */ = {isa = PBXFileReference; fileEncoding = 30; lastKnownFileType = sourcecode.cpp.cpp; path = AUMIDIBase.cpp; sourceTree = "<group>"; };
		4932F47C06800FCD006A9591 /* AUMIDIBase.h */ = {isa = PBXFileReference; fileEncoding = 30; lastKnownFileType = sourcecode.c.h; path = AUMIDIBase.h; sourceTree = "<group>"; };
		4932F48406800FCD006A9591 /* AUBuffer.cpp */ = {isa = PBXFileReference; fileEncoding = 30; lastKnownFileType = sourcecode.cpp.cpp; path = AUBuffer.cpp; sourceTree = "<group>"; };
		4932F48506800FCD006A9591 /* AUBuffer.h */ = {isa = PBXFileReference; fileEncoding = 30; lastKnownFileType = sourcecode.c.h; path = AUBuffer.h; sourceTree = "<group>"; };
		4932F48906800FCD006A9591 /* AUSilentTimeout.h */ = {isa = PBXFileReference; fileEncoding = 30; lastKnownFileType = sourcecode.c.h; path = AUSilentTimeout.h; sourceTree = "<group>"; };
		4932F4B8068010B2006A9591 /* CAStreamBasicDescription.cpp */ = {isa = PBXFileReference; fileEncoding = 30; lastKnownFileType = sourcecode.cpp.cpp; path = CAStreamBasicDescription.cpp; sourceTree = "<group>"; };
		4932F4B9068010B2006A9591 /* CAStreamBasicDescription.h */ = {isa = PBXFileReference; fileEncoding = 30; lastKnownFileType = sourcecode.c.h; path = CAStreamBasicDescription.h; sourceTree = "<group>"; };
		4932F4BC068010BE006A9591 /* CAAudioChannelLayout.cpp */ = {isa = PBXFileReference; fileEncoding = 30; lastKnownFileType = sourcecode.cpp.cpp; path = CAAudioChannelLayout.cpp; sourceTree = "<group>"; };
		4932F4BD068010BE006A9591 /* CAAudioChannelLayout.h */ = {isa = PBXFileReference; fileEncoding = 30; lastKnownFileType = sourcecode.c.h; path = CAAudioChannelLayout.h; sourceTree = "<group>"; };
		4932F4C0068010CA006A9591 /* CAAUParameter.cpp */ = {isa = PBXFileReference; fileEncoding = 30; lastKnownFileType = sourcecode.cpp.cpp; path = CAAUParameter.cpp; sourceTree = "<group>"; };
		4932F4C1068010CA006A9591 /* CAAUParameter.h */ = {isa = PBXFileReference; fileEncoding = 30; lastKnownFileType = sourcecode.c.h; path = CAAUParameter.h; sourceTree = "<group>"; };
		4932F4CA06801180006A9591 /* dfx-au-utilities.c */ = {isa = PBXFileReference; fileEncoding = 30; lastKnownFileType = sourcecode.c.c; path = "dfx-au-utilities.c"; sourceTree = "<group>"; };
		4932F4CB06801180006A9591 /* dfx-au-utilities.h */ = {isa = PBXFileReference; fileEncoding = 30; lastKnownFileType = sourcecode.c.h; path = "dfx-au-utilities.h"; sourceTree = "<group>"; };
		4932F4CC06801180006A9591 /* dfxdefines.h */ = {isa = PBXFileReference; fileEncoding = 30; lastKnownFileType = sourcecode.c.h; path = dfxdefines.h; sourceTree = "<group>"; };
		4932F4CD06801180006A9591 /* dfxmath.h */ = {isa = PBXFileReference; fileEncoding = 30; lastKnownFileType = sourcecode.c.h; path = dfxmath.h; sourceTree = "<group>"; };
		4932F4CE06801180006A9591 /* dfxparameter.cpp */ = {isa = PBXFileReference; fileEncoding = 30; lastKnownFileType = sourcecode.cpp.cpp; path = dfxparameter.cpp; sourceTree = "<group>"; };
		4932F4CF06801180006A9591 /* dfxparameter.h */ = {isa = PBXFileReference; fileEncoding = 30; lastKnownFileType = sourcecode.c.h; path = dfxparameter.h; sourceTree = "<group>"; };
		4932F4D006801180006A9591 /* dfxplugin-audiounit.cpp */ = {isa = PBXFileReference; fileEncoding = 30; lastKnownFileType = sourcecode.cpp.cpp; path = "dfxplugin-audiounit.cpp"; sourceTree = "<group>"; };
		4932F4D106801180006A9591 /* dfxplugin.cpp */ = {isa = PBXFileReference; fileEncoding = 30; lastKnownFileType = sourcecode.cpp.cpp; path = dfxplugin.cpp; sourceTree = "<group>"; };
		4932F4D206801180006A9591 /* dfxplugin.h */ = {isa = PBXFileReference; fileEncoding = 30; lastKnownFileType = sourcecode.c.h; path = dfxplugin.h; sourceTree = "<group>"; };
		4932F4D406801180006A9591 /* dfxpluginproperties.h */ = {isa = PBXFileReference; fileEncoding = 30; lastKnownFileType = sourcecode.c.h; path = dfxpluginproperties.h; sourceTree = "<group>"; };
		4932F4E0068011C9006A9591 /* dfxguieditor.cpp */ = {isa = PBXFileReference; fileEncoding = 30; lastKnownFileType = sourcecode.cpp.cpp; path = dfxguieditor.cpp; sourceTree = "<group>"; };
		4932F4E1068011C9006A9591 /* dfxguieditor.h */ = {isa = PBXFileReference; fileEncoding = 30; lastKnownFileType = sourcecode.c.h; path = dfxguieditor.h; sourceTree = "<group>"; };
		4932F4E2068011C9006A9591 /* dfxguibutton.cpp */ = {isa = PBXFileReference; fileEncoding = 30; lastKnownFileType = sourcecode.cpp.cpp; path = dfxguibutton.cpp; sourceTree = "<group>"; };
		4932F4E3068011C9006A9591 /* dfxguibutton.h */ = {isa = PBXFileReference; fileEncoding = 30; lastKnownFileType = sourcecode.c.h; path = dfxguibutton.h; sourceTree = "<group>"; };
		4932F4E4068011C9006A9591 /* dfxguicontrol.cpp */ = {isa = PBXFileReference; fileEncoding = 30; lastKnownFileType = sourcecode.cpp.cpp; path = dfxguicontrol.cpp; sourceTree = "<group>"; };
		4932F4E5068011C9006A9591 /* dfxguicontrol.h */ = {isa = PBXFileReference; fileEncoding = 30; lastKnownFileType = sourcecode.c.h; path = dfxguicontrol.h; sourceTree = "<group>"; };
		4932F4E6068011C9006A9591 /* dfxguitextdisplay.cpp */ = {isa = PBXFileReference; fileEncoding = 30; lastKnownFileType = sourcecode.cpp.cpp; path = dfxguitextdisplay.cpp; sourceTree = "<group>"; };
		4932F4E7068011C9006A9591 /* dfxguitextdisplay.h */ = {isa = PBXFileReference; fileEncoding = 30; lastKnownFileType = sourcecode.c.h; path = dfxguitextdisplay.h; sourceTree = "<group>"; };
		4932F4E8068011C9006A9591 /* dfxguislider.cpp */ = {isa = PBXFileReference; fileEncoding = 30; lastKnownFileType = sourcecode.cpp.cpp; path = dfxguislider.cpp; sourceTree = "<group>"; };
		4932F4E9068011C9006A9591 /* dfxguislider.h */ = {isa = PBXFileReference; fileEncoding = 30; lastKnownFileType = sourcecode.c.h; path = dfxguislider.h; sourceTree = "<group>"; };
		4932F4EA068011C9006A9591 /* dfxguimisc.cpp */ = {isa = PBXFileReference; fileEncoding = 30; lastKnownFileType = sourcecode.cpp.cpp; path = dfxguimisc.cpp; sourceTree = "<group>"; };
		4932F4EB068011C9006A9591 /* dfxguimisc.h */ = {isa = PBXFileReference; fileEncoding = 30; lastKnownFileType = sourcecode.c.h; path = dfxguimisc.h; sourceTree = "<group>"; };
		4932F7990680E859006A9591 /* dfxmidi.cpp */ = {isa = PBXFileReference; fileEncoding = 30; lastKnownFileType = sourcecode.cpp.cpp; path = dfxmidi.cpp; sourceTree = "<group>"; };
		4932F79A0680E859006A9591 /* dfxmidi.h */ = {isa = PBXFileReference; fileEncoding = 30; lastKnownFileType = sourcecode.c.h; path = dfxmidi.h; sourceTree = "<group>"; };
		4998C23C07E52491008EBD90 /* geometer.cpp */ = {isa = PBXFileReference; fileEncoding = 30; indentWidth = 2; lastKnownFileType = sourcecode.cpp.cpp; path = geometer.cpp; sourceTree = "<group>"; usesTabs = 0; };
		4998C23D07E52491008EBD90 /* geometer.h */ = {isa = PBXFileReference; fileEncoding = 30; indentWidth = 2; lastKnownFileType = sourcecode.c.h; path = geometer.h; sourceTree = "<group>"; tabWidth = 4; usesTabs = 0; };
		4998C23E07E52491008EBD90 /* geometerdef.h */ = {isa = PBXFileReference; fileEncoding = 30; lastKnownFileType = sourcecode.c.h; path = geometerdef.h; sourceTree = "<group>"; };
		4998C24207E524B5008EBD90 /* geometereditor.cpp */ = {isa = PBXFileReference; fileEncoding = 30; indentWidth = 2; lastKnownFileType = sourcecode.cpp.cpp; name = geometereditor.cpp; path = gui/geometereditor.cpp; sourceTree = "<group>"; usesTabs = 0; };
		4998C24307E524B5008EBD90 /* geometereditor.h */ = {isa = PBXFileReference; fileEncoding = 30; indentWidth = 2; lastKnownFileType = sourcecode.c.h; name = geometereditor.h; path = gui/geometereditor.h; sourceTree = "<group>"; usesTabs = 0; };
		4998C24407E524B5008EBD90 /* geometerhelp.h */ = {isa = PBXFileReference; fileEncoding = 30; lastKnownFileType = sourcecode.c.h; name = geometerhelp.h; path = gui/geometerhelp.h; sourceTree = "<group>"; };
		4998C24807E524CC008EBD90 /* geometer.exp */ = {isa = PBXFileReference; fileEncoding = 30; lastKnownFileType = sourcecode.exports; name = geometer.exp; path = mac/geometer.exp; sourceTree = "<group>"; };
		4998C24A07E524F4008EBD90 /* destroy-fx-link.png */ = {isa = PBXFileReference; lastKnownFileType = image.png; path = "destroy-fx-link.png"; sourceTree = "<group>"; };
		4998C24B07E524F4008EBD90 /* fine-tune-down-button.png */ = {isa = PBXFileReference; lastKnownFileType = image.png; path = "fine-tune-down-button.png"; sourceTree = "<group>"; };
		4998C24C07E524F4008EBD90 /* fine-tune-up-button.png */ = {isa = PBXFileReference; lastKnownFileType = image.png; path = "fine-tune-up-button.png"; sourceTree = "<group>"; };
		4998C24E07E524F4008EBD90 /* geometer-background.png */ = {isa = PBXFileReference; lastKnownFileType = image.png; path = "geometer-background.png"; sourceTree = "<group>"; };
		4998C24F07E524F4008EBD90 /* help-background.png */ = {isa = PBXFileReference; lastKnownFileType = image.png; path = "help-background.png"; sourceTree = "<group>"; };
		4998C25007E524F4008EBD90 /* help-general.png */ = {isa = PBXFileReference; lastKnownFileType = image.png; path = "help-general.png"; sourceTree = "<group>"; };
		4998C25107E524F4008EBD90 /* help-landmarks.png */ = {isa = PBXFileReference; lastKnownFileType = image.png; path = "help-landmarks.png"; sourceTree = "<group>"; };
		4998C25207E524F4008EBD90 /* help-ops.png */ = {isa = PBXFileReference; lastKnownFileType = image.png; path = "help-ops.png"; sourceTree = "<group>"; };
		4998C25307E524F4008EBD90 /* help-recreate.png */ = {isa = PBXFileReference; lastKnownFileType = image.png; path = "help-recreate.png"; sourceTree = "<group>"; };
		4998C25407E524F4008EBD90 /* help-window-shape.png */ = {isa = PBXFileReference; lastKnownFileType = image.png; path = "help-window-shape.png"; sourceTree = "<group>"; };
		4998C25507E524F4008EBD90 /* landmarks-button.png */ = {isa = PBXFileReference; lastKnownFileType = image.png; path = "landmarks-button.png"; sourceTree = "<group>"; };
		4998C25607E524F4008EBD90 /* midi-learn-button.png */ = {isa = PBXFileReference; lastKnownFileType = image.png; path = "midi-learn-button.png"; sourceTree = "<group>"; };
		4998C25707E524F4008EBD90 /* midi-reset-button.png */ = {isa = PBXFileReference; lastKnownFileType = image.png; path = "midi-reset-button.png"; sourceTree = "<group>"; };
		4998C25907E524F4008EBD90 /* ops-button.png */ = {isa = PBXFileReference; lastKnownFileType = image.png; path = "ops-button.png"; sourceTree = "<group>"; };
		4998C25A07E524F4008EBD90 /* recreate-button.png */ = {isa = PBXFileReference; lastKnownFileType = image.png; path = "recreate-button.png"; sourceTree = "<group>"; };
		4998C25B07E524F4008EBD90 /* slider-background.png */ = {isa = PBXFileReference; lastKnownFileType = image.png; path = "slider-background.png"; sourceTree = "<group>"; };
		4998C25C07E524F4008EBD90 /* slider-handle-glowing.png */ = {isa = PBXFileReference; lastKnownFileType = image.png; path = "slider-handle-glowing.png"; sourceTree = "<group>"; };
		4998C25D07E524F4008EBD90 /* slider-handle.png */ = {isa = PBXFileReference; lastKnownFileType = image.png; path = "slider-handle.png"; sourceTree = "<group>"; };
		4998C25F07E524F4008EBD90 /* window-shape-button.png */ = {isa = PBXFileReference; lastKnownFileType = image.png; path = "window-shape-button.png"; sourceTree = "<group>"; };
		4998C26007E524F4008EBD90 /* window-size-button.png */ = {isa = PBXFileReference; lastKnownFileType = image.png; path = "window-size-button.png"; sourceTree = "<group>"; };
		8D01CCD20486CAD60068D4B7 /* dfx Geometer.component */ = {isa = PBXFileReference; explicitFileType = wrapper.cfbundle; includeInIndex = 0; path = "dfx Geometer.component"; sourceTree = BUILT_PRODUCTS_DIR; };
		B025B93B08AD2DB800A9CCAE /* CAVectorUnit.cpp */ = {isa = PBXFileReference; fileEncoding = 30; lastKnownFileType = sourcecode.cpp.cpp; path = CAVectorUnit.cpp; sourceTree = "<group>"; };
		B025B93C08AD2DB800A9CCAE /* CAVectorUnit.h */ = {isa = PBXFileReference; fileEncoding = 30; lastKnownFileType = sourcecode.c.h; path = CAVectorUnit.h; sourceTree = "<group>"; };
		B025B93D08AD2DB800A9CCAE /* CAVectorUnitTypes.h */ = {isa = PBXFileReference; fileEncoding = 30; lastKnownFileType = sourcecode.c.h; path = CAVectorUnitTypes.h; sourceTree = "<group>"; };
		B06E6104097ACA4200AC582C /* dfx-au-utilities-preset-files.c */ = {isa = PBXFileReference; fileEncoding = 30; lastKnownFileType = sourcecode.c.c; path = "dfx-au-utilities-preset-files.c"; sourceTree = "<group>"; };
		B06E6105097ACA4200AC582C /* dfx-au-utilities-private.h */ = {isa = PBXFileReference; fileEncoding = 30; lastKnownFileType = sourcecode.c.h; path = "dfx-au-utilities-private.h"; sourceTree = "<group>"; };
		B0D672BF0D0F31DF0079BD4E /* destroyfx.icns */ = {isa = PBXFileReference; lastKnownFileType = image.icns; name = destroyfx.icns; path = "../../dfx-library/destroyfx.icns"; sourceTree = "<group>"; };
		EC2F843B24A7C2F100F29321 /* dfxmisc.mm */ = {isa = PBXFileReference; fileEncoding = 4; lastKnownFileType = sourcecode.cpp.objcpp; path = dfxmisc.mm; sourceTree = "<group>"; };
		EC390FF020CCA99600A62FDE /* es */ = {isa = PBXFileReference; fileEncoding = 10; lastKnownFileType = text.plist.strings; name = es; path = "../../dfx-library/es.lproj/dfx-au-utilities.strings"; sourceTree = "<group>"; };
		EC5CC736210EE07F007CCD6B /* idfxguicontrol.h */ = {isa = PBXFileReference; fileEncoding = 4; lastKnownFileType = sourcecode.c.h; path = idfxguicontrol.h; sourceTree = "<group>"; };
		EC5CC737210EE080007CCD6B /* dfxguicontrol.hpp */ = {isa = PBXFileReference; fileEncoding = 4; lastKnownFileType = sourcecode.cpp.h; path = dfxguicontrol.hpp; sourceTree = "<group>"; };
		EC7432EC234C4BD3003B3D22 /* geometer-base.h */ = {isa = PBXFileReference; fileEncoding = 4; indentWidth = 2; lastKnownFileType = sourcecode.c.h; path = "geometer-base.h"; sourceTree = "<group>"; usesTabs = 0; };
		EC89B32A208D2A0800E15129 /* Accelerate.framework */ = {isa = PBXFileReference; lastKnownFileType = wrapper.framework; name = Accelerate.framework; path = System/Library/Frameworks/Accelerate.framework; sourceTree = SDKROOT; };
		EC89B32B208D2A0900E15129 /* OpenGL.framework */ = {isa = PBXFileReference; lastKnownFileType = wrapper.framework; name = OpenGL.framework; path = System/Library/Frameworks/OpenGL.framework; sourceTree = SDKROOT; };
		EC89B32C208D2A0900E15129 /* QuartzCore.framework */ = {isa = PBXFileReference; lastKnownFileType = wrapper.framework; name = QuartzCore.framework; path = System/Library/Frameworks/QuartzCore.framework; sourceTree = SDKROOT; };
		EC89B32D208D2A0900E15129 /* Cocoa.framework */ = {isa = PBXFileReference; lastKnownFileType = wrapper.framework; name = Cocoa.framework; path = System/Library/Frameworks/Cocoa.framework; sourceTree = SDKROOT; };
		EC89B32E208D2A0900E15129 /* AudioUnit.framework */ = {isa = PBXFileReference; lastKnownFileType = wrapper.framework; name = AudioUnit.framework; path = System/Library/Frameworks/AudioUnit.framework; sourceTree = SDKROOT; };
		EC89B32F208D2A0A00E15129 /* AudioToolbox.framework */ = {isa = PBXFileReference; lastKnownFileType = wrapper.framework; name = AudioToolbox.framework; path = System/Library/Frameworks/AudioToolbox.framework; sourceTree = SDKROOT; };
		EC89B330208D2A0A00E15129 /* Carbon.framework */ = {isa = PBXFileReference; lastKnownFileType = wrapper.framework; name = Carbon.framework; path = System/Library/Frameworks/Carbon.framework; sourceTree = SDKROOT; };
		EC89B366208D2E4600E15129 /* AUPlugInDispatch.h */ = {isa = PBXFileReference; fileEncoding = 4; lastKnownFileType = sourcecode.c.h; path = AUPlugInDispatch.h; sourceTree = "<group>"; };
		EC89B367208D2E4600E15129 /* AUPlugInDispatch.cpp */ = {isa = PBXFileReference; fileEncoding = 4; lastKnownFileType = sourcecode.cpp.cpp; path = AUPlugInDispatch.cpp; sourceTree = "<group>"; };
		EC89B458208D333F00E15129 /* dfxmisc.cpp */ = {isa = PBXFileReference; fileEncoding = 4; lastKnownFileType = sourcecode.cpp.cpp; path = dfxmisc.cpp; sourceTree = "<group>"; };
		EC89B459208D333F00E15129 /* dfxplugin-base.h */ = {isa = PBXFileReference; fileEncoding = 4; lastKnownFileType = sourcecode.c.h; path = "dfxplugin-base.h"; sourceTree = "<group>"; };
		EC89B45A208D333F00E15129 /* dfxmisc.h */ = {isa = PBXFileReference; fileEncoding = 4; lastKnownFileType = sourcecode.c.h; path = dfxmisc.h; sourceTree = "<group>"; };
		EC89B45B208D334000E15129 /* dfx-au-utilities-preset-files.m */ = {isa = PBXFileReference; fileEncoding = 4; lastKnownFileType = sourcecode.c.objc; path = "dfx-au-utilities-preset-files.m"; sourceTree = "<group>"; };
		EC89B45E208D335700E15129 /* dfxguidialog.cpp */ = {isa = PBXFileReference; fileEncoding = 4; lastKnownFileType = sourcecode.cpp.cpp; path = dfxguidialog.cpp; sourceTree = "<group>"; };
		EC89B45F208D335700E15129 /* dfxgui-base.h */ = {isa = PBXFileReference; fileEncoding = 4; lastKnownFileType = sourcecode.c.h; path = "dfxgui-base.h"; sourceTree = "<group>"; };
		EC89B460208D335800E15129 /* dfxguidialog.h */ = {isa = PBXFileReference; fileEncoding = 4; lastKnownFileType = sourcecode.c.h; path = dfxguidialog.h; sourceTree = "<group>"; };
		EC89B461208D335800E15129 /* dfxgui-auviewfactory.mm */ = {isa = PBXFileReference; fileEncoding = 4; lastKnownFileType = sourcecode.cpp.objcpp; path = "dfxgui-auviewfactory.mm"; sourceTree = "<group>"; };
		EC89B462208D335800E15129 /* dfxgui-auviewfactory.h */ = {isa = PBXFileReference; fileEncoding = 4; lastKnownFileType = sourcecode.c.h; path = "dfxgui-auviewfactory.h"; sourceTree = "<group>"; };
		EC89B463208D335900E15129 /* dfxgui.h */ = {isa = PBXFileReference; fileEncoding = 4; lastKnownFileType = sourcecode.c.h; path = dfxgui.h; sourceTree = "<group>"; };
		EC89B512208D373A00E15129 /* vstgui_mac.mm */ = {isa = PBXFileReference; fileEncoding = 4; lastKnownFileType = sourcecode.cpp.objcpp; path = vstgui_mac.mm; sourceTree = "<group>"; };
		EC89B519208D374700E15129 /* plugguieditor.h */ = {isa = PBXFileReference; fileEncoding = 4; lastKnownFileType = sourcecode.c.h; path = plugguieditor.h; sourceTree = "<group>"; };
		EC89B51B208D374700E15129 /* plugguieditor.cpp */ = {isa = PBXFileReference; fileEncoding = 4; lastKnownFileType = sourcecode.cpp.cpp; path = plugguieditor.cpp; sourceTree = "<group>"; };
		EC8AB24A24CDF61A000504F0 /* dfxgui-fontfactory.mm */ = {isa = PBXFileReference; fileEncoding = 4; lastKnownFileType = sourcecode.cpp.objcpp; path = "dfxgui-fontfactory.mm"; sourceTree = "<group>"; };
		EC8AB24B24CDF61B000504F0 /* dfxgui-fontfactory.h */ = {isa = PBXFileReference; fileEncoding = 4; indentWidth = 2; lastKnownFileType = sourcecode.c.h; path = "dfxgui-fontfactory.h"; sourceTree = "<group>"; usesTabs = 0; };
		EC8AB24C24CDF61B000504F0 /* dfxgui-fontfactory.cpp */ = {isa = PBXFileReference; fileEncoding = 4; indentWidth = 2; lastKnownFileType = sourcecode.cpp.cpp; path = "dfxgui-fontfactory.cpp"; sourceTree = "<group>"; usesTabs = 0; };
		EC98418D1030C49500FA3B2B /* dfxplugin-au-debug.xcconfig */ = {isa = PBXFileReference; fileEncoding = 4; lastKnownFileType = text.xcconfig; name = "dfxplugin-au-debug.xcconfig"; path = "xcode/dfxplugin-au-debug.xcconfig"; sourceTree = "<group>"; };
		EC98418E1030C49500FA3B2B /* dfxplugin-au-release.xcconfig */ = {isa = PBXFileReference; fileEncoding = 4; lastKnownFileType = text.xcconfig; name = "dfxplugin-au-release.xcconfig"; path = "xcode/dfxplugin-au-release.xcconfig"; sourceTree = "<group>"; };
		ECA1AA3B20DB1C8E00419783 /* dfxguimisc.mm */ = {isa = PBXFileReference; fileEncoding = 4; lastKnownFileType = sourcecode.cpp.objcpp; path = dfxguimisc.mm; sourceTree = "<group>"; };
		ECBA85D123E246970011C890 /* dfxmutex.cpp */ = {isa = PBXFileReference; fileEncoding = 4; lastKnownFileType = sourcecode.cpp.cpp; path = dfxmutex.cpp; sourceTree = "<group>"; };
		ECBA85D223E246970011C890 /* dfxmutex.h */ = {isa = PBXFileReference; fileEncoding = 4; lastKnownFileType = sourcecode.c.h; path = dfxmutex.h; sourceTree = "<group>"; };
		ECC430D6102F4A56000B05A1 /* en */ = {isa = PBXFileReference; fileEncoding = 10; lastKnownFileType = text.plist.strings; name = en; path = "../../dfx-library/en.lproj/dfx-au-utilities.strings"; sourceTree = "<group>"; };
		ECC430D8102F4A5E000B05A1 /* fr */ = {isa = PBXFileReference; fileEncoding = 10; lastKnownFileType = text.plist.strings; name = fr; path = "../../dfx-library/fr.lproj/dfx-au-utilities.strings"; sourceTree = "<group>"; };
		ECC430D9102F4A67000B05A1 /* nl */ = {isa = PBXFileReference; fileEncoding = 10; lastKnownFileType = text.plist.strings; name = nl; path = "../../dfx-library/nl.lproj/dfx-au-utilities.strings"; sourceTree = "<group>"; };
		ECD0B24E20CC2F2A006CD7D1 /* de */ = {isa = PBXFileReference; fileEncoding = 10; lastKnownFileType = text.plist.strings; name = de; path = "../../dfx-library/de.lproj/dfx-au-utilities.strings"; sourceTree = "<group>"; };
		ECDE78ED21EBABC900F27547 /* geometerview.cpp */ = {isa = PBXFileReference; fileEncoding = 4; indentWidth = 2; lastKnownFileType = sourcecode.cpp.cpp; name = geometerview.cpp; path = gui/geometerview.cpp; sourceTree = "<group>"; usesTabs = 0; };
		ECDE78EE21EBABC900F27547 /* geometerview.h */ = {isa = PBXFileReference; fileEncoding = 4; indentWidth = 2; lastKnownFileType = sourcecode.c.h; name = geometerview.h; path = gui/geometerview.h; sourceTree = "<group>"; usesTabs = 0; };
		ECFE6DBE20B119110026202C /* dfxenvelope.h */ = {isa = PBXFileReference; fileEncoding = 4; lastKnownFileType = sourcecode.c.h; path = dfxenvelope.h; sourceTree = "<group>"; };
		ECFE6DBF20B119110026202C /* dfxenvelope.cpp */ = {isa = PBXFileReference; fileEncoding = 4; lastKnownFileType = sourcecode.cpp.cpp; path = dfxenvelope.cpp; sourceTree = "<group>"; };
/* End PBXFileReference section */

/* Begin PBXFrameworksBuildPhase section */
		8D01CCCD0486CAD60068D4B7 /* Frameworks */ = {
			isa = PBXFrameworksBuildPhase;
			buildActionMask = 2147483647;
			files = (
				EC89B331208D2A0A00E15129 /* Accelerate.framework in Frameworks */,
				EC89B336208D2A0A00E15129 /* AudioToolbox.framework in Frameworks */,
				EC89B335208D2A0A00E15129 /* AudioUnit.framework in Frameworks */,
				EC89B337208D2A0A00E15129 /* Carbon.framework in Frameworks */,
				EC89B334208D2A0A00E15129 /* Cocoa.framework in Frameworks */,
				EC89B332208D2A0A00E15129 /* OpenGL.framework in Frameworks */,
				EC89B333208D2A0A00E15129 /* QuartzCore.framework in Frameworks */,
			);
			runOnlyForDeploymentPostprocessing = 0;
		};
/* End PBXFrameworksBuildPhase section */

/* Begin PBXGroup section */
		089C166AFE841209C02AAC07 /* turntablist */ = {
			isa = PBXGroup;
			children = (
				08FB77ADFE841716C02AAC07 /* Geometer */,
				4932F4C6068010F8006A9591 /* DFX Library */,
				4932F4C906801110006A9591 /* DFX GUI */,
				4932F45B06800F80006A9591 /* AUPublic */,
				4932F4B70680108C006A9591 /* PublicUtility */,
				EC89B4FE208D36F100E15129 /* VSTGUI */,
				089C167CFE841241C02AAC07 /* Resources */,
				089C1671FE841209C02AAC07 /* Frameworks */,
				19C28FB4FE9D528D11CA2CBB /* Products */,
			);
			name = turntablist;
			sourceTree = "<group>";
		};
		089C1671FE841209C02AAC07 /* Frameworks */ = {
			isa = PBXGroup;
			children = (
				EC89B32A208D2A0800E15129 /* Accelerate.framework */,
				EC89B32F208D2A0A00E15129 /* AudioToolbox.framework */,
				EC89B32E208D2A0900E15129 /* AudioUnit.framework */,
				EC89B330208D2A0A00E15129 /* Carbon.framework */,
				EC89B32D208D2A0900E15129 /* Cocoa.framework */,
				EC89B32B208D2A0900E15129 /* OpenGL.framework */,
				EC89B32C208D2A0900E15129 /* QuartzCore.framework */,
			);
			name = Frameworks;
			sourceTree = "<group>";
		};
		089C167CFE841241C02AAC07 /* Resources */ = {
			isa = PBXGroup;
			children = (
				4905A972067F716E00000F0C /* graphics */,
				490E76A607CAE29600688A1D /* px10.ttf */,
				B0D672BF0D0F31DF0079BD4E /* destroyfx.icns */,
				ECC430D5102F4A56000B05A1 /* dfx-au-utilities.strings */,
			);
			name = Resources;
			sourceTree = "<group>";
		};
		08FB77ADFE841716C02AAC07 /* Geometer */ = {
			isa = PBXGroup;
			children = (
				EC7432EC234C4BD3003B3D22 /* geometer-base.h */,
				4998C23D07E52491008EBD90 /* geometer.h */,
				4998C23C07E52491008EBD90 /* geometer.cpp */,
				4998C24307E524B5008EBD90 /* geometereditor.h */,
				4998C24207E524B5008EBD90 /* geometereditor.cpp */,
				4998C24407E524B5008EBD90 /* geometerhelp.h */,
				ECDE78EE21EBABC900F27547 /* geometerview.h */,
				ECDE78ED21EBABC900F27547 /* geometerview.cpp */,
				4998C23E07E52491008EBD90 /* geometerdef.h */,
				4998C24807E524CC008EBD90 /* geometer.exp */,
			);
			name = Geometer;
			path = ..;
			sourceTree = SOURCE_ROOT;
		};
		19C28FB4FE9D528D11CA2CBB /* Products */ = {
			isa = PBXGroup;
			children = (
				8D01CCD20486CAD60068D4B7 /* dfx Geometer.component */,
			);
			name = Products;
			sourceTree = "<group>";
		};
		4905A972067F716E00000F0C /* graphics */ = {
			isa = PBXGroup;
			children = (
				4998C24E07E524F4008EBD90 /* geometer-background.png */,
				4998C25B07E524F4008EBD90 /* slider-background.png */,
				4998C25D07E524F4008EBD90 /* slider-handle.png */,
				4998C25C07E524F4008EBD90 /* slider-handle-glowing.png */,
				4998C24B07E524F4008EBD90 /* fine-tune-down-button.png */,
				4998C24C07E524F4008EBD90 /* fine-tune-up-button.png */,
				4998C25F07E524F4008EBD90 /* window-shape-button.png */,
				4998C26007E524F4008EBD90 /* window-size-button.png */,
				4998C25507E524F4008EBD90 /* landmarks-button.png */,
				4998C25907E524F4008EBD90 /* ops-button.png */,
				4998C25A07E524F4008EBD90 /* recreate-button.png */,
				4998C24F07E524F4008EBD90 /* help-background.png */,
				4998C25007E524F4008EBD90 /* help-general.png */,
				4998C25407E524F4008EBD90 /* help-window-shape.png */,
				4998C25107E524F4008EBD90 /* help-landmarks.png */,
				4998C25207E524F4008EBD90 /* help-ops.png */,
				4998C25307E524F4008EBD90 /* help-recreate.png */,
				4998C25607E524F4008EBD90 /* midi-learn-button.png */,
				4998C25707E524F4008EBD90 /* midi-reset-button.png */,
				4998C24A07E524F4008EBD90 /* destroy-fx-link.png */,
			);
			name = graphics;
			path = ../gui/graphics;
			sourceTree = SOURCE_ROOT;
		};
		4932F45B06800F80006A9591 /* AUPublic */ = {
			isa = PBXGroup;
			children = (
				4932F45C06800FCD006A9591 /* AUBase */,
				4932F47606800FCD006A9591 /* OtherBases */,
				4932F48306800FCD006A9591 /* Utility */,
			);
			name = AUPublic;
			path = ../../CoreAudioUtilityClasses/CoreAudio/AudioUnits/AUPublic;
			sourceTree = "<group>";
		};
		4932F45C06800FCD006A9591 /* AUBase */ = {
			isa = PBXGroup;
			children = (
				4932F45E06800FCD006A9591 /* AUBase.h */,
				4932F45D06800FCD006A9591 /* AUBase.cpp */,
				4932F46206800FCD006A9591 /* AUInputElement.h */,
				4932F46106800FCD006A9591 /* AUInputElement.cpp */,
				4932F46406800FCD006A9591 /* AUOutputElement.h */,
				4932F46306800FCD006A9591 /* AUOutputElement.cpp */,
				EC89B366208D2E4600E15129 /* AUPlugInDispatch.h */,
				EC89B367208D2E4600E15129 /* AUPlugInDispatch.cpp */,
				4932F46706800FCD006A9591 /* AUScopeElement.h */,
				4932F46606800FCD006A9591 /* AUScopeElement.cpp */,
				4932F46906800FCD006A9591 /* ComponentBase.h */,
				4932F46806800FCD006A9591 /* ComponentBase.cpp */,
			);
			path = AUBase;
			sourceTree = "<group>";
		};
		4932F47606800FCD006A9591 /* OtherBases */ = {
			isa = PBXGroup;
			children = (
				490E76A107CAE24800688A1D /* AUEffectBase.h */,
				490E76A007CAE24800688A1D /* AUEffectBase.cpp */,
				4932F47C06800FCD006A9591 /* AUMIDIBase.h */,
				4932F47B06800FCD006A9591 /* AUMIDIBase.cpp */,
				490E7D0307CAE8F500688A1D /* AUMIDIEffectBase.h */,
				490E7D0207CAE8F500688A1D /* AUMIDIEffectBase.cpp */,
			);
			path = OtherBases;
			sourceTree = "<group>";
		};
		4932F48306800FCD006A9591 /* Utility */ = {
			isa = PBXGroup;
			children = (
				4932F48506800FCD006A9591 /* AUBuffer.h */,
				4932F48406800FCD006A9591 /* AUBuffer.cpp */,
				4932F48906800FCD006A9591 /* AUSilentTimeout.h */,
			);
			path = Utility;
			sourceTree = "<group>";
		};
		4932F4B70680108C006A9591 /* PublicUtility */ = {
			isa = PBXGroup;
			children = (
				4932F4B9068010B2006A9591 /* CAStreamBasicDescription.h */,
				4932F4B8068010B2006A9591 /* CAStreamBasicDescription.cpp */,
				4932F4BD068010BE006A9591 /* CAAudioChannelLayout.h */,
				4932F4BC068010BE006A9591 /* CAAudioChannelLayout.cpp */,
				4919537206C5398A00221230 /* CAMath.h */,
				4932F4C1068010CA006A9591 /* CAAUParameter.h */,
				4932F4C0068010CA006A9591 /* CAAUParameter.cpp */,
				B025B93D08AD2DB800A9CCAE /* CAVectorUnitTypes.h */,
				B025B93C08AD2DB800A9CCAE /* CAVectorUnit.h */,
				B025B93B08AD2DB800A9CCAE /* CAVectorUnit.cpp */,
			);
			name = PublicUtility;
			path = ../../CoreAudioUtilityClasses/CoreAudio/PublicUtility;
			sourceTree = "<group>";
		};
		4932F4C6068010F8006A9591 /* DFX Library */ = {
			isa = PBXGroup;
			children = (
				4932F4CC06801180006A9591 /* dfxdefines.h */,
				EC89B459208D333F00E15129 /* dfxplugin-base.h */,
				4932F4D206801180006A9591 /* dfxplugin.h */,
				4932F4D106801180006A9591 /* dfxplugin.cpp */,
				4932F4D406801180006A9591 /* dfxpluginproperties.h */,
				4932F4D006801180006A9591 /* dfxplugin-audiounit.cpp */,
				4932F4CF06801180006A9591 /* dfxparameter.h */,
				4932F4CE06801180006A9591 /* dfxparameter.cpp */,
				4932F4CD06801180006A9591 /* dfxmath.h */,
				EC89B45A208D333F00E15129 /* dfxmisc.h */,
				EC89B458208D333F00E15129 /* dfxmisc.cpp */,
				EC2F843B24A7C2F100F29321 /* dfxmisc.mm */,
				4932F4CB06801180006A9591 /* dfx-au-utilities.h */,
				4932F4CA06801180006A9591 /* dfx-au-utilities.c */,
				B06E6105097ACA4200AC582C /* dfx-au-utilities-private.h */,
				B06E6104097ACA4200AC582C /* dfx-au-utilities-preset-files.c */,
				EC89B45B208D334000E15129 /* dfx-au-utilities-preset-files.m */,
				4932F79A0680E859006A9591 /* dfxmidi.h */,
				4932F7990680E859006A9591 /* dfxmidi.cpp */,
				4918B60C0680FC9C0034CE15 /* dfxsettings.h */,
				4918B60B0680FC9C0034CE15 /* dfxsettings.cpp */,
				ECFE6DBE20B119110026202C /* dfxenvelope.h */,
				ECFE6DBF20B119110026202C /* dfxenvelope.cpp */,
				ECBA85D223E246970011C890 /* dfxmutex.h */,
				ECBA85D123E246970011C890 /* dfxmutex.cpp */,
				EC98418D1030C49500FA3B2B /* dfxplugin-au-debug.xcconfig */,
				EC98418E1030C49500FA3B2B /* dfxplugin-au-release.xcconfig */,
			);
			name = "DFX Library";
			path = "../../dfx-library";
			sourceTree = SOURCE_ROOT;
		};
		4932F4C906801110006A9591 /* DFX GUI */ = {
			isa = PBXGroup;
			children = (
				EC89B463208D335900E15129 /* dfxgui.h */,
				EC89B45F208D335700E15129 /* dfxgui-base.h */,
				4932F4E1068011C9006A9591 /* dfxguieditor.h */,
				4932F4E0068011C9006A9591 /* dfxguieditor.cpp */,
				EC5CC736210EE07F007CCD6B /* idfxguicontrol.h */,
				4932F4E5068011C9006A9591 /* dfxguicontrol.h */,
				EC5CC737210EE080007CCD6B /* dfxguicontrol.hpp */,
				4932F4E4068011C9006A9591 /* dfxguicontrol.cpp */,
				EC89B460208D335800E15129 /* dfxguidialog.h */,
				EC89B45E208D335700E15129 /* dfxguidialog.cpp */,
				4932F4EB068011C9006A9591 /* dfxguimisc.h */,
				4932F4EA068011C9006A9591 /* dfxguimisc.cpp */,
				ECA1AA3B20DB1C8E00419783 /* dfxguimisc.mm */,
				4932F4E9068011C9006A9591 /* dfxguislider.h */,
				4932F4E8068011C9006A9591 /* dfxguislider.cpp */,
				4932F4E7068011C9006A9591 /* dfxguitextdisplay.h */,
				4932F4E6068011C9006A9591 /* dfxguitextdisplay.cpp */,
				4932F4E3068011C9006A9591 /* dfxguibutton.h */,
				4932F4E2068011C9006A9591 /* dfxguibutton.cpp */,
				EC8AB24B24CDF61B000504F0 /* dfxgui-fontfactory.h */,
				EC8AB24C24CDF61B000504F0 /* dfxgui-fontfactory.cpp */,
				EC8AB24A24CDF61A000504F0 /* dfxgui-fontfactory.mm */,
				EC89B462208D335800E15129 /* dfxgui-auviewfactory.h */,
				EC89B461208D335800E15129 /* dfxgui-auviewfactory.mm */,
			);
			name = "DFX GUI";
			path = ../../dfxgui;
			sourceTree = SOURCE_ROOT;
		};
		EC89B4FE208D36F100E15129 /* VSTGUI */ = {
			isa = PBXGroup;
			children = (
				EC89B514208D374700E15129 /* plugin-bindings */,
				EC89B512208D373A00E15129 /* vstgui_mac.mm */,
			);
			name = VSTGUI;
			path = ../../vstgui/vstgui;
			sourceTree = "<group>";
		};
		EC89B514208D374700E15129 /* plugin-bindings */ = {
			isa = PBXGroup;
			children = (
				EC89B519208D374700E15129 /* plugguieditor.h */,
				EC89B51B208D374700E15129 /* plugguieditor.cpp */,
			);
			path = "plugin-bindings";
			sourceTree = "<group>";
		};
/* End PBXGroup section */

/* Begin PBXNativeTarget section */
		8D01CCC60486CAD60068D4B7 /* Geometer */ = {
			isa = PBXNativeTarget;
			buildConfigurationList = B025B93308AD2D9B00A9CCAE /* Build configuration list for PBXNativeTarget "Geometer" */;
			buildPhases = (
				8D01CCC90486CAD60068D4B7 /* Resources */,
				8D01CCCB0486CAD60068D4B7 /* Sources */,
				8D01CCCD0486CAD60068D4B7 /* Frameworks */,
				8D01CCCF0486CAD60068D4B7 /* Rez */,
				EC89B356208D2BB400E15129 /* ShellScript */,
			);
			buildRules = (
			);
			dependencies = (
			);
			name = Geometer;
			productInstallPath = "$(HOME)/Library/Bundles";
			productName = turntablist;
			productReference = 8D01CCD20486CAD60068D4B7 /* dfx Geometer.component */;
			productType = "com.apple.product-type.bundle";
		};
/* End PBXNativeTarget section */

/* Begin PBXProject section */
		089C1669FE841209C02AAC07 /* Project object */ = {
			isa = PBXProject;
			attributes = {
			};
			buildConfigurationList = B025B93708AD2D9B00A9CCAE /* Build configuration list for PBXProject "geometer" */;
			compatibilityVersion = "Xcode 2.4";
			developmentRegion = en;
			hasScannedForEncodings = 1;
			knownRegions = (
				en,
				fr,
				nl,
				de,
				es,
				Base,
			);
			mainGroup = 089C166AFE841209C02AAC07 /* turntablist */;
			projectDirPath = "";
			projectRoot = "";
			targets = (
				8D01CCC60486CAD60068D4B7 /* Geometer */,
			);
		};
/* End PBXProject section */

/* Begin PBXResourcesBuildPhase section */
		8D01CCC90486CAD60068D4B7 /* Resources */ = {
			isa = PBXResourcesBuildPhase;
			buildActionMask = 2147483647;
			files = (
				490E76A707CAE29600688A1D /* px10.ttf in Resources */,
				4998C26107E524F4008EBD90 /* destroy-fx-link.png in Resources */,
				4998C26207E524F4008EBD90 /* fine-tune-down-button.png in Resources */,
				4998C26307E524F4008EBD90 /* fine-tune-up-button.png in Resources */,
				4998C26607E524F4008EBD90 /* help-background.png in Resources */,
				4998C26707E524F4008EBD90 /* help-general.png in Resources */,
				4998C26807E524F4008EBD90 /* help-landmarks.png in Resources */,
				4998C26907E524F4008EBD90 /* help-ops.png in Resources */,
				4998C26A07E524F4008EBD90 /* help-recreate.png in Resources */,
				4998C26B07E524F4008EBD90 /* help-window-shape.png in Resources */,
				4998C26C07E524F4008EBD90 /* landmarks-button.png in Resources */,
				ECBE1AA220B2067000B45853 /* geometer-background.png in Resources */,
				4998C26D07E524F4008EBD90 /* midi-learn-button.png in Resources */,
				4998C26E07E524F4008EBD90 /* midi-reset-button.png in Resources */,
				4998C27007E524F4008EBD90 /* ops-button.png in Resources */,
				4998C27107E524F4008EBD90 /* recreate-button.png in Resources */,
				4998C27207E524F4008EBD90 /* slider-background.png in Resources */,
				4998C27407E524F4008EBD90 /* slider-handle.png in Resources */,
				ECDB2A6921B9F91900938F5C /* slider-handle-glowing.png in Resources */,
				4998C27607E524F4008EBD90 /* window-shape-button.png in Resources */,
				4998C27707E524F4008EBD90 /* window-size-button.png in Resources */,
				B0D672C00D0F31DF0079BD4E /* destroyfx.icns in Resources */,
				ECC430D7102F4A56000B05A1 /* dfx-au-utilities.strings in Resources */,
			);
			runOnlyForDeploymentPostprocessing = 0;
		};
/* End PBXResourcesBuildPhase section */

/* Begin PBXRezBuildPhase section */
		8D01CCCF0486CAD60068D4B7 /* Rez */ = {
			isa = PBXRezBuildPhase;
			buildActionMask = 2147483647;
			files = (
			);
			runOnlyForDeploymentPostprocessing = 0;
		};
/* End PBXRezBuildPhase section */

/* Begin PBXShellScriptBuildPhase section */
		EC89B356208D2BB400E15129 /* ShellScript */ = {
			isa = PBXShellScriptBuildPhase;
			buildActionMask = 2147483647;
			files = (
			);
			inputPaths = (
				"$(INSTALL_PATH)/$(INFOPLIST_PATH)",
			);
			outputPaths = (
			);
			runOnlyForDeploymentPostprocessing = 0;
			shellPath = /bin/sh;
			shellScript = "\"${DFX_ROOT_SOURCE_PATH}\"/dfx-library/xcode/dfxplugin-au-postbuild.sh\n";
		};
/* End PBXShellScriptBuildPhase section */

/* Begin PBXSourcesBuildPhase section */
		8D01CCCB0486CAD60068D4B7 /* Sources */ = {
			isa = PBXSourcesBuildPhase;
			buildActionMask = 2147483647;
			files = (
				4932F48B06800FCD006A9591 /* AUBase.cpp in Sources */,
				EC89B368208D2E4700E15129 /* AUPlugInDispatch.cpp in Sources */,
				4932F48F06800FCD006A9591 /* AUInputElement.cpp in Sources */,
				4932F49106800FCD006A9591 /* AUOutputElement.cpp in Sources */,
				EC89B513208D373A00E15129 /* vstgui_mac.mm in Sources */,
				4932F49406800FCD006A9591 /* AUScopeElement.cpp in Sources */,
				4932F49606800FCD006A9591 /* ComponentBase.cpp in Sources */,
				ECFE6DC020B119110026202C /* dfxenvelope.cpp in Sources */,
				EC89B464208D335900E15129 /* dfxguidialog.cpp in Sources */,
				4932F4A606800FCD006A9591 /* AUMIDIBase.cpp in Sources */,
				EC8AB24D24CDF61B000504F0 /* dfxgui-fontfactory.mm in Sources */,
				EC89B522208D374800E15129 /* plugguieditor.cpp in Sources */,
				ECA1AA3C20DB1C8E00419783 /* dfxguimisc.mm in Sources */,
				EC89B45D208D334000E15129 /* dfx-au-utilities-preset-files.m in Sources */,
				4932F4AE06800FCD006A9591 /* AUBuffer.cpp in Sources */,
				4932F4BA068010B2006A9591 /* CAStreamBasicDescription.cpp in Sources */,
				4932F4BE068010BE006A9591 /* CAAudioChannelLayout.cpp in Sources */,
				4932F4C2068010CA006A9591 /* CAAUParameter.cpp in Sources */,
				4932F4D506801180006A9591 /* dfx-au-utilities.c in Sources */,
				EC89B465208D335900E15129 /* dfxgui-auviewfactory.mm in Sources */,
				EC2F843C24A7C2F100F29321 /* dfxmisc.mm in Sources */,
				4932F4D906801180006A9591 /* dfxparameter.cpp in Sources */,
				4932F4DB06801180006A9591 /* dfxplugin-audiounit.cpp in Sources */,
				4932F4DC06801180006A9591 /* dfxplugin.cpp in Sources */,
				4932F4EC068011C9006A9591 /* dfxguieditor.cpp in Sources */,
				4932F4EE068011C9006A9591 /* dfxguibutton.cpp in Sources */,
				4932F4F0068011C9006A9591 /* dfxguicontrol.cpp in Sources */,
				4932F4F2068011C9006A9591 /* dfxguitextdisplay.cpp in Sources */,
				4932F4F4068011C9006A9591 /* dfxguislider.cpp in Sources */,
				4932F79B0680E859006A9591 /* dfxmidi.cpp in Sources */,
				ECBA85D323E246970011C890 /* dfxmutex.cpp in Sources */,
				4918B60D0680FC9C0034CE15 /* dfxsettings.cpp in Sources */,
				490E76A207CAE24800688A1D /* AUEffectBase.cpp in Sources */,
				490E7D0407CAE8F500688A1D /* AUMIDIEffectBase.cpp in Sources */,
				4998C23F07E52491008EBD90 /* geometer.cpp in Sources */,
				4998C24507E524B5008EBD90 /* geometereditor.cpp in Sources */,
				ECDE78EF21EBABC900F27547 /* geometerview.cpp in Sources */,
				B025B93E08AD2DB800A9CCAE /* CAVectorUnit.cpp in Sources */,
			);
			runOnlyForDeploymentPostprocessing = 0;
		};
/* End PBXSourcesBuildPhase section */

/* Begin PBXVariantGroup section */
		ECC430D5102F4A56000B05A1 /* dfx-au-utilities.strings */ = {
			isa = PBXVariantGroup;
			children = (
				ECC430D6102F4A56000B05A1 /* en */,
				ECC430D8102F4A5E000B05A1 /* fr */,
				ECC430D9102F4A67000B05A1 /* nl */,
				ECD0B24E20CC2F2A006CD7D1 /* de */,
				EC390FF020CCA99600A62FDE /* es */,
			);
			name = "dfx-au-utilities.strings";
			sourceTree = "<group>";
		};
/* End PBXVariantGroup section */

/* Begin XCBuildConfiguration section */
		B025B93408AD2D9B00A9CCAE /* Development */ = {
			isa = XCBuildConfiguration;
			baseConfigurationReference = EC98418D1030C49500FA3B2B /* dfxplugin-au-debug.xcconfig */;
			buildSettings = {
				DFX_PLUGIN_AUDIOUNIT_TYPE_ID = aumf;
				DFX_PLUGIN_COPYRIGHT_NAME = "Tom Murphy 7 & Sophia Poirier [$(DFX_PLUGIN_CREATOR_NAME)]";
				DFX_PLUGIN_COPYRIGHT_PREFIX = "2002-";
				PRODUCT_BUNDLE_IDENTIFIER = "$(DFX_PLUGIN_BUNDLE_IDENTIFIER)";
			};
			name = Development;
		};
		B025B93508AD2D9B00A9CCAE /* Deployment */ = {
			isa = XCBuildConfiguration;
			baseConfigurationReference = EC98418E1030C49500FA3B2B /* dfxplugin-au-release.xcconfig */;
			buildSettings = {
				DFX_PLUGIN_AUDIOUNIT_TYPE_ID = aumf;
				DFX_PLUGIN_COPYRIGHT_NAME = "Tom Murphy 7 & Sophia Poirier [$(DFX_PLUGIN_CREATOR_NAME)]";
				DFX_PLUGIN_COPYRIGHT_PREFIX = "2002-";
				PRODUCT_BUNDLE_IDENTIFIER = "$(DFX_PLUGIN_BUNDLE_IDENTIFIER)";
			};
			name = Deployment;
		};
		B025B93808AD2D9B00A9CCAE /* Development */ = {
			isa = XCBuildConfiguration;
			buildSettings = {
				DFX_PLUGIN_FULL_NAME = Geometer;
				DFX_PLUGIN_ID = DFgr;
				DFX_PLUGIN_SHORT_NAME = geometer;
				DFX_PLUGIN_VERSION_STRING = 1.2.0;
			};
			name = Development;
		};
		B025B93908AD2D9B00A9CCAE /* Deployment */ = {
			isa = XCBuildConfiguration;
			buildSettings = {
				DFX_PLUGIN_FULL_NAME = Geometer;
				DFX_PLUGIN_ID = DFgr;
				DFX_PLUGIN_SHORT_NAME = geometer;
				DFX_PLUGIN_VERSION_STRING = 1.2.0;
			};
			name = Deployment;
		};
/* End XCBuildConfiguration section */

/* Begin XCConfigurationList section */
		B025B93308AD2D9B00A9CCAE /* Build configuration list for PBXNativeTarget "Geometer" */ = {
			isa = XCConfigurationList;
			buildConfigurations = (
				B025B93408AD2D9B00A9CCAE /* Development */,
				B025B93508AD2D9B00A9CCAE /* Deployment */,
			);
			defaultConfigurationIsVisible = 0;
			defaultConfigurationName = Development;
		};
		B025B93708AD2D9B00A9CCAE /* Build configuration list for PBXProject "geometer" */ = {
			isa = XCConfigurationList;
			buildConfigurations = (
				B025B93808AD2D9B00A9CCAE /* Development */,
				B025B93908AD2D9B00A9CCAE /* Deployment */,
			);
			defaultConfigurationIsVisible = 0;
			defaultConfigurationName = Development;
		};
/* End XCConfigurationList section */
	};
	rootObject = 089C1669FE841209C02AAC07 /* Project object */;
}
