// !$*UTF8*$!
{
	archiveVersion = 1;
	classes = {
	};
	objectVersion = 42;
	objects = {

/* Begin PBXBuildFile section */
		490E769E07CAE20500688A1D /* temporatetable.cpp in Sources */ = {isa = PBXBuildFile; fileRef = 490E769C07CAE20500688A1D /* temporatetable.cpp */; };
		490E76A207CAE24800688A1D /* AUEffectBase.cpp in Sources */ = {isa = PBXBuildFile; fileRef = 490E76A007CAE24800688A1D /* AUEffectBase.cpp */; };
		4932F48B06800FCD006A9591 /* AUBase.cpp in Sources */ = {isa = PBXBuildFile; fileRef = 4932F45D06800FCD006A9591 /* AUBase.cpp */; };
		4932F48D06800FCD006A9591 /* AUDispatch.cpp in Sources */ = {isa = PBXBuildFile; fileRef = 4932F45F06800FCD006A9591 /* AUDispatch.cpp */; };
		4932F48F06800FCD006A9591 /* AUInputElement.cpp in Sources */ = {isa = PBXBuildFile; fileRef = 4932F46106800FCD006A9591 /* AUInputElement.cpp */; };
		4932F49106800FCD006A9591 /* AUOutputElement.cpp in Sources */ = {isa = PBXBuildFile; fileRef = 4932F46306800FCD006A9591 /* AUOutputElement.cpp */; };
		4932F49406800FCD006A9591 /* AUScopeElement.cpp in Sources */ = {isa = PBXBuildFile; fileRef = 4932F46606800FCD006A9591 /* AUScopeElement.cpp */; };
		4932F49606800FCD006A9591 /* ComponentBase.cpp in Sources */ = {isa = PBXBuildFile; fileRef = 4932F46806800FCD006A9591 /* ComponentBase.cpp */; };
		4932F49806800FCD006A9591 /* AUCarbonViewBase.cpp in Sources */ = {isa = PBXBuildFile; fileRef = 4932F46B06800FCD006A9591 /* AUCarbonViewBase.cpp */; };
		4932F49A06800FCD006A9591 /* AUCarbonViewControl.cpp in Sources */ = {isa = PBXBuildFile; fileRef = 4932F46D06800FCD006A9591 /* AUCarbonViewControl.cpp */; settings = {COMPILER_FLAGS = "$(inherited) -Wno-shadow"; }; };
		4932F49C06800FCD006A9591 /* AUCarbonViewDispatch.cpp in Sources */ = {isa = PBXBuildFile; fileRef = 4932F46F06800FCD006A9591 /* AUCarbonViewDispatch.cpp */; };
		4932F49F06800FCD006A9591 /* CarbonEventHandler.cpp in Sources */ = {isa = PBXBuildFile; fileRef = 4932F47206800FCD006A9591 /* CarbonEventHandler.cpp */; };
		4932F4AE06800FCD006A9591 /* AUBuffer.cpp in Sources */ = {isa = PBXBuildFile; fileRef = 4932F48406800FCD006A9591 /* AUBuffer.cpp */; };
		4932F4BA068010B2006A9591 /* CAStreamBasicDescription.cpp in Sources */ = {isa = PBXBuildFile; fileRef = 4932F4B8068010B2006A9591 /* CAStreamBasicDescription.cpp */; };
		4932F4BE068010BE006A9591 /* CAAudioChannelLayout.cpp in Sources */ = {isa = PBXBuildFile; fileRef = 4932F4BC068010BE006A9591 /* CAAudioChannelLayout.cpp */; };
		4932F4C2068010CA006A9591 /* CAAUParameter.cpp in Sources */ = {isa = PBXBuildFile; fileRef = 4932F4C0068010CA006A9591 /* CAAUParameter.cpp */; };
		4932F4D506801180006A9591 /* dfx-au-utilities.c in Sources */ = {isa = PBXBuildFile; fileRef = 4932F4CA06801180006A9591 /* dfx-au-utilities.c */; };
		4932F4D906801180006A9591 /* dfxparameter.cpp in Sources */ = {isa = PBXBuildFile; fileRef = 4932F4CE06801180006A9591 /* dfxparameter.cpp */; };
		4932F4DB06801180006A9591 /* dfxplugin-audiounit.cpp in Sources */ = {isa = PBXBuildFile; fileRef = 4932F4D006801180006A9591 /* dfxplugin-audiounit.cpp */; };
		4932F4DC06801180006A9591 /* dfxplugin.cpp in Sources */ = {isa = PBXBuildFile; fileRef = 4932F4D106801180006A9591 /* dfxplugin.cpp */; };
		4932F4EC068011C9006A9591 /* dfxguieditor.cpp in Sources */ = {isa = PBXBuildFile; fileRef = 4932F4E0068011C9006A9591 /* dfxguieditor.cpp */; };
		4932F4EE068011C9006A9591 /* dfxguibutton.cpp in Sources */ = {isa = PBXBuildFile; fileRef = 4932F4E2068011C9006A9591 /* dfxguibutton.cpp */; };
		4932F4F0068011C9006A9591 /* dfxguicontrol.cpp in Sources */ = {isa = PBXBuildFile; fileRef = 4932F4E4068011C9006A9591 /* dfxguicontrol.cpp */; };
		4932F4F2068011C9006A9591 /* dfxguitextdisplay.cpp in Sources */ = {isa = PBXBuildFile; fileRef = 4932F4E6068011C9006A9591 /* dfxguitextdisplay.cpp */; };
		4932F4F4068011C9006A9591 /* dfxguislider.cpp in Sources */ = {isa = PBXBuildFile; fileRef = 4932F4E8068011C9006A9591 /* dfxguislider.cpp */; };
		4998C16907E50BC0008EBD90 /* destroy-fx-link-tab-panther.png in Resources */ = {isa = PBXBuildFile; fileRef = 4998C15807E50BC0008EBD90 /* destroy-fx-link-tab-panther.png */; };
		4998C16A07E50BC0008EBD90 /* destroy-fx-link-tab.png in Resources */ = {isa = PBXBuildFile; fileRef = 4998C15907E50BC0008EBD90 /* destroy-fx-link-tab.png */; };
		4998C16B07E50BC0008EBD90 /* eq-sync-background-panther.png in Resources */ = {isa = PBXBuildFile; fileRef = 4998C15A07E50BC0008EBD90 /* eq-sync-background-panther.png */; };
		4998C16C07E50BC0008EBD90 /* eq-sync-background.png in Resources */ = {isa = PBXBuildFile; fileRef = 4998C15B07E50BC0008EBD90 /* eq-sync-background.png */; };
		4998C16D07E50BC0008EBD90 /* help-button.png in Resources */ = {isa = PBXBuildFile; fileRef = 4998C15C07E50BC0008EBD90 /* help-button.png */; };
		4998C16E07E50BC0008EBD90 /* horizontal-slider-background-panther.png in Resources */ = {isa = PBXBuildFile; fileRef = 4998C15D07E50BC0008EBD90 /* horizontal-slider-background-panther.png */; };
		4998C16F07E50BC0008EBD90 /* horizontal-slider-background.png in Resources */ = {isa = PBXBuildFile; fileRef = 4998C15E07E50BC0008EBD90 /* horizontal-slider-background.png */; };
		4998C17107E50BC0008EBD90 /* host-sync-button-panther.png in Resources */ = {isa = PBXBuildFile; fileRef = 4998C16007E50BC0008EBD90 /* host-sync-button-panther.png */; };
		4998C17207E50BC0008EBD90 /* slider-handle-clicked-panther.png in Resources */ = {isa = PBXBuildFile; fileRef = 4998C16107E50BC0008EBD90 /* slider-handle-clicked-panther.png */; };
		4998C17307E50BC0008EBD90 /* slider-handle-clicked.png in Resources */ = {isa = PBXBuildFile; fileRef = 4998C16207E50BC0008EBD90 /* slider-handle-clicked.png */; };
		4998C17407E50BC0008EBD90 /* slider-handle-panther.png in Resources */ = {isa = PBXBuildFile; fileRef = 4998C16307E50BC0008EBD90 /* slider-handle-panther.png */; };
		4998C17507E50BC0008EBD90 /* slider-handle.png in Resources */ = {isa = PBXBuildFile; fileRef = 4998C16407E50BC0008EBD90 /* slider-handle.png */; };
		4998C17707E50BC0008EBD90 /* vertical-slider-background-panther.png in Resources */ = {isa = PBXBuildFile; fileRef = 4998C16607E50BC0008EBD90 /* vertical-slider-background-panther.png */; };
		4998C17807E50BC0008EBD90 /* vertical-slider-background.png in Resources */ = {isa = PBXBuildFile; fileRef = 4998C16707E50BC0008EBD90 /* vertical-slider-background.png */; };
		4998C19107E50D4E008EBD90 /* eqsync.cpp in Sources */ = {isa = PBXBuildFile; fileRef = 4998C18E07E50D4E008EBD90 /* eqsync.cpp */; };
		4998C19607E50D65008EBD90 /* eqsynceditor.cpp in Sources */ = {isa = PBXBuildFile; fileRef = 4998C19407E50D65008EBD90 /* eqsynceditor.cpp */; };
		B025B92308AD2D3400A9CCAE /* CAVectorUnit.cpp in Sources */ = {isa = PBXBuildFile; fileRef = B025B92008AD2D3400A9CCAE /* CAVectorUnit.cpp */; };
		B0AD80E20D0F316F00766C78 /* destroyfx.icns in Resources */ = {isa = PBXBuildFile; fileRef = B0AD80E10D0F316F00766C78 /* destroyfx.icns */; };
		EC40EDB620DB4BD500F5C0A7 /* dfxguimisc.mm in Sources */ = {isa = PBXBuildFile; fileRef = EC40EDB520DB4BD500F5C0A7 /* dfxguimisc.mm */; };
		EC89B2F9208D28E800E15129 /* Accelerate.framework in Frameworks */ = {isa = PBXBuildFile; fileRef = EC89B2F2208D28E600E15129 /* Accelerate.framework */; };
		EC89B2FA208D28E800E15129 /* OpenGL.framework in Frameworks */ = {isa = PBXBuildFile; fileRef = EC89B2F3208D28E600E15129 /* OpenGL.framework */; };
		EC89B2FB208D28E800E15129 /* QuartzCore.framework in Frameworks */ = {isa = PBXBuildFile; fileRef = EC89B2F4208D28E600E15129 /* QuartzCore.framework */; };
		EC89B2FC208D28E800E15129 /* Cocoa.framework in Frameworks */ = {isa = PBXBuildFile; fileRef = EC89B2F5208D28E700E15129 /* Cocoa.framework */; };
		EC89B2FD208D28E800E15129 /* AudioUnit.framework in Frameworks */ = {isa = PBXBuildFile; fileRef = EC89B2F6208D28E700E15129 /* AudioUnit.framework */; };
		EC89B2FE208D28E800E15129 /* AudioToolbox.framework in Frameworks */ = {isa = PBXBuildFile; fileRef = EC89B2F7208D28E700E15129 /* AudioToolbox.framework */; };
		EC89B2FF208D28E800E15129 /* Carbon.framework in Frameworks */ = {isa = PBXBuildFile; fileRef = EC89B2F8208D28E700E15129 /* Carbon.framework */; };
		EC89B418208D2F7F00E15129 /* AUPlugInDispatch.cpp in Sources */ = {isa = PBXBuildFile; fileRef = EC89B417208D2F7E00E15129 /* AUPlugInDispatch.cpp */; };
		EC89B478208D33BF00E15129 /* dfxmisc.cpp in Sources */ = {isa = PBXBuildFile; fileRef = EC89B474208D33BE00E15129 /* dfxmisc.cpp */; };
		EC89B479208D33BF00E15129 /* dfx-au-utilities-preset-files.m in Sources */ = {isa = PBXBuildFile; fileRef = EC89B477208D33BF00E15129 /* dfx-au-utilities-preset-files.m */; };
		EC89B480208D33D700E15129 /* dfxguidialog.cpp in Sources */ = {isa = PBXBuildFile; fileRef = EC89B47A208D33D400E15129 /* dfxguidialog.cpp */; };
		EC89B481208D33D700E15129 /* dfxgui-auviewfactory.mm in Sources */ = {isa = PBXBuildFile; fileRef = EC89B47D208D33D500E15129 /* dfxgui-auviewfactory.mm */; };
		EC89B488208D34AE00E15129 /* vstgui_mac.mm in Sources */ = {isa = PBXBuildFile; fileRef = EC89B487208D34AD00E15129 /* vstgui_mac.mm */; settings = {COMPILER_FLAGS = "$(inherited) -Wno-non-virtual-dtor -Wno-shadow -Wno-sign-compare -Wno-exit-time-destructors"; }; };
		EC89B497208D34B600E15129 /* plugguieditor.cpp in Sources */ = {isa = PBXBuildFile; fileRef = EC89B490208D34B500E15129 /* plugguieditor.cpp */; settings = {COMPILER_FLAGS = "$(inherited) -Wno-non-virtual-dtor"; }; };
		EC983FFD1030846300FA3B2B /* dfxplugin-audiounit.r in Rez */ = {isa = PBXBuildFile; fileRef = 4932F4D306801180006A9591 /* dfxplugin-audiounit.r */; };
		ECC4311A102F5111000B05A1 /* dfx-au-utilities.strings in Resources */ = {isa = PBXBuildFile; fileRef = ECC43118102F5111000B05A1 /* dfx-au-utilities.strings */; };
/* End PBXBuildFile section */

/* Begin PBXFileReference section */
		490E769C07CAE20500688A1D /* temporatetable.cpp */ = {isa = PBXFileReference; fileEncoding = 30; lastKnownFileType = sourcecode.cpp.cpp; path = temporatetable.cpp; sourceTree = "<group>"; };
		490E769D07CAE20500688A1D /* temporatetable.h */ = {isa = PBXFileReference; fileEncoding = 30; lastKnownFileType = sourcecode.c.h; path = temporatetable.h; sourceTree = "<group>"; };
		490E76A007CAE24800688A1D /* AUEffectBase.cpp */ = {isa = PBXFileReference; fileEncoding = 30; lastKnownFileType = sourcecode.cpp.cpp; path = AUEffectBase.cpp; sourceTree = "<group>"; };
		490E76A107CAE24800688A1D /* AUEffectBase.h */ = {isa = PBXFileReference; fileEncoding = 30; lastKnownFileType = sourcecode.c.h; path = AUEffectBase.h; sourceTree = "<group>"; };
		4919537206C5398A00221230 /* CAMath.h */ = {isa = PBXFileReference; fileEncoding = 30; lastKnownFileType = sourcecode.c.h; path = CAMath.h; sourceTree = "<group>"; };
		4932F45D06800FCD006A9591 /* AUBase.cpp */ = {isa = PBXFileReference; fileEncoding = 30; lastKnownFileType = sourcecode.cpp.cpp; path = AUBase.cpp; sourceTree = "<group>"; };
		4932F45E06800FCD006A9591 /* AUBase.h */ = {isa = PBXFileReference; fileEncoding = 30; lastKnownFileType = sourcecode.c.h; path = AUBase.h; sourceTree = "<group>"; };
		4932F45F06800FCD006A9591 /* AUDispatch.cpp */ = {isa = PBXFileReference; fileEncoding = 30; lastKnownFileType = sourcecode.cpp.cpp; path = AUDispatch.cpp; sourceTree = "<group>"; };
		4932F46006800FCD006A9591 /* AUDispatch.h */ = {isa = PBXFileReference; fileEncoding = 30; lastKnownFileType = sourcecode.c.h; path = AUDispatch.h; sourceTree = "<group>"; };
		4932F46106800FCD006A9591 /* AUInputElement.cpp */ = {isa = PBXFileReference; fileEncoding = 30; lastKnownFileType = sourcecode.cpp.cpp; path = AUInputElement.cpp; sourceTree = "<group>"; };
		4932F46206800FCD006A9591 /* AUInputElement.h */ = {isa = PBXFileReference; fileEncoding = 30; lastKnownFileType = sourcecode.c.h; path = AUInputElement.h; sourceTree = "<group>"; };
		4932F46306800FCD006A9591 /* AUOutputElement.cpp */ = {isa = PBXFileReference; fileEncoding = 30; lastKnownFileType = sourcecode.cpp.cpp; path = AUOutputElement.cpp; sourceTree = "<group>"; };
		4932F46406800FCD006A9591 /* AUOutputElement.h */ = {isa = PBXFileReference; fileEncoding = 30; lastKnownFileType = sourcecode.c.h; path = AUOutputElement.h; sourceTree = "<group>"; };
		4932F46506800FCD006A9591 /* AUResources.r */ = {isa = PBXFileReference; fileEncoding = 30; lastKnownFileType = sourcecode.rez; path = AUResources.r; sourceTree = "<group>"; };
		4932F46606800FCD006A9591 /* AUScopeElement.cpp */ = {isa = PBXFileReference; fileEncoding = 30; lastKnownFileType = sourcecode.cpp.cpp; path = AUScopeElement.cpp; sourceTree = "<group>"; };
		4932F46706800FCD006A9591 /* AUScopeElement.h */ = {isa = PBXFileReference; fileEncoding = 30; lastKnownFileType = sourcecode.c.h; path = AUScopeElement.h; sourceTree = "<group>"; };
		4932F46806800FCD006A9591 /* ComponentBase.cpp */ = {isa = PBXFileReference; fileEncoding = 30; lastKnownFileType = sourcecode.cpp.cpp; path = ComponentBase.cpp; sourceTree = "<group>"; };
		4932F46906800FCD006A9591 /* ComponentBase.h */ = {isa = PBXFileReference; fileEncoding = 30; lastKnownFileType = sourcecode.c.h; path = ComponentBase.h; sourceTree = "<group>"; };
		4932F46B06800FCD006A9591 /* AUCarbonViewBase.cpp */ = {isa = PBXFileReference; fileEncoding = 30; lastKnownFileType = sourcecode.cpp.cpp; path = AUCarbonViewBase.cpp; sourceTree = "<group>"; };
		4932F46C06800FCD006A9591 /* AUCarbonViewBase.h */ = {isa = PBXFileReference; fileEncoding = 30; lastKnownFileType = sourcecode.c.h; path = AUCarbonViewBase.h; sourceTree = "<group>"; };
		4932F46D06800FCD006A9591 /* AUCarbonViewControl.cpp */ = {isa = PBXFileReference; fileEncoding = 30; lastKnownFileType = sourcecode.cpp.cpp; path = AUCarbonViewControl.cpp; sourceTree = "<group>"; };
		4932F46E06800FCD006A9591 /* AUCarbonViewControl.h */ = {isa = PBXFileReference; fileEncoding = 30; lastKnownFileType = sourcecode.c.h; path = AUCarbonViewControl.h; sourceTree = "<group>"; };
		4932F46F06800FCD006A9591 /* AUCarbonViewDispatch.cpp */ = {isa = PBXFileReference; fileEncoding = 30; lastKnownFileType = sourcecode.cpp.cpp; path = AUCarbonViewDispatch.cpp; sourceTree = "<group>"; };
		4932F47206800FCD006A9591 /* CarbonEventHandler.cpp */ = {isa = PBXFileReference; fileEncoding = 30; lastKnownFileType = sourcecode.cpp.cpp; path = CarbonEventHandler.cpp; sourceTree = "<group>"; };
		4932F47306800FCD006A9591 /* CarbonEventHandler.h */ = {isa = PBXFileReference; fileEncoding = 30; lastKnownFileType = sourcecode.c.h; path = CarbonEventHandler.h; sourceTree = "<group>"; };
		4932F47506800FCD006A9591 /* AUViewLocalizedStringKeys.h */ = {isa = PBXFileReference; fileEncoding = 30; lastKnownFileType = sourcecode.c.h; path = AUViewLocalizedStringKeys.h; sourceTree = "<group>"; };
		4932F48406800FCD006A9591 /* AUBuffer.cpp */ = {isa = PBXFileReference; fileEncoding = 30; lastKnownFileType = sourcecode.cpp.cpp; path = AUBuffer.cpp; sourceTree = "<group>"; };
		4932F48506800FCD006A9591 /* AUBuffer.h */ = {isa = PBXFileReference; fileEncoding = 30; lastKnownFileType = sourcecode.c.h; path = AUBuffer.h; sourceTree = "<group>"; };
		4932F48906800FCD006A9591 /* AUSilentTimeout.h */ = {isa = PBXFileReference; fileEncoding = 30; lastKnownFileType = sourcecode.c.h; path = AUSilentTimeout.h; sourceTree = "<group>"; };
		4932F4B8068010B2006A9591 /* CAStreamBasicDescription.cpp */ = {isa = PBXFileReference; fileEncoding = 30; lastKnownFileType = sourcecode.cpp.cpp; path = CAStreamBasicDescription.cpp; sourceTree = "<group>"; };
		4932F4B9068010B2006A9591 /* CAStreamBasicDescription.h */ = {isa = PBXFileReference; fileEncoding = 30; lastKnownFileType = sourcecode.c.h; path = CAStreamBasicDescription.h; sourceTree = "<group>"; };
		4932F4BC068010BE006A9591 /* CAAudioChannelLayout.cpp */ = {isa = PBXFileReference; fileEncoding = 30; lastKnownFileType = sourcecode.cpp.cpp; path = CAAudioChannelLayout.cpp; sourceTree = "<group>"; };
		4932F4BD068010BE006A9591 /* CAAudioChannelLayout.h */ = {isa = PBXFileReference; fileEncoding = 30; lastKnownFileType = sourcecode.c.h; path = CAAudioChannelLayout.h; sourceTree = "<group>"; };
		4932F4C0068010CA006A9591 /* CAAUParameter.cpp */ = {isa = PBXFileReference; fileEncoding = 30; lastKnownFileType = sourcecode.cpp.cpp; path = CAAUParameter.cpp; sourceTree = "<group>"; };
		4932F4C1068010CA006A9591 /* CAAUParameter.h */ = {isa = PBXFileReference; fileEncoding = 30; lastKnownFileType = sourcecode.c.h; path = CAAUParameter.h; sourceTree = "<group>"; };
		4932F4CA06801180006A9591 /* dfx-au-utilities.c */ = {isa = PBXFileReference; fileEncoding = 30; lastKnownFileType = sourcecode.c.c; path = "dfx-au-utilities.c"; sourceTree = "<group>"; };
		4932F4CB06801180006A9591 /* dfx-au-utilities.h */ = {isa = PBXFileReference; fileEncoding = 30; lastKnownFileType = sourcecode.c.h; path = "dfx-au-utilities.h"; sourceTree = "<group>"; };
		4932F4CC06801180006A9591 /* dfxdefines.h */ = {isa = PBXFileReference; fileEncoding = 30; lastKnownFileType = sourcecode.c.h; path = dfxdefines.h; sourceTree = "<group>"; };
		4932F4CD06801180006A9591 /* dfxmath.h */ = {isa = PBXFileReference; fileEncoding = 30; lastKnownFileType = sourcecode.c.h; path = dfxmath.h; sourceTree = "<group>"; };
		4932F4CE06801180006A9591 /* dfxparameter.cpp */ = {isa = PBXFileReference; fileEncoding = 30; lastKnownFileType = sourcecode.cpp.cpp; path = dfxparameter.cpp; sourceTree = "<group>"; };
		4932F4CF06801180006A9591 /* dfxparameter.h */ = {isa = PBXFileReference; fileEncoding = 30; lastKnownFileType = sourcecode.c.h; path = dfxparameter.h; sourceTree = "<group>"; };
		4932F4D006801180006A9591 /* dfxplugin-audiounit.cpp */ = {isa = PBXFileReference; fileEncoding = 30; lastKnownFileType = sourcecode.cpp.cpp; path = "dfxplugin-audiounit.cpp"; sourceTree = "<group>"; };
		4932F4D106801180006A9591 /* dfxplugin.cpp */ = {isa = PBXFileReference; fileEncoding = 30; lastKnownFileType = sourcecode.cpp.cpp; path = dfxplugin.cpp; sourceTree = "<group>"; };
		4932F4D206801180006A9591 /* dfxplugin.h */ = {isa = PBXFileReference; fileEncoding = 30; lastKnownFileType = sourcecode.c.h; path = dfxplugin.h; sourceTree = "<group>"; };
		4932F4D306801180006A9591 /* dfxplugin-audiounit.r */ = {isa = PBXFileReference; fileEncoding = 30; lastKnownFileType = sourcecode.rez; path = "dfxplugin-audiounit.r"; sourceTree = "<group>"; };
		4932F4D406801180006A9591 /* dfxpluginproperties.h */ = {isa = PBXFileReference; fileEncoding = 30; lastKnownFileType = sourcecode.c.h; path = dfxpluginproperties.h; sourceTree = "<group>"; };
		4932F4E0068011C9006A9591 /* dfxguieditor.cpp */ = {isa = PBXFileReference; fileEncoding = 30; lastKnownFileType = sourcecode.cpp.cpp; path = dfxguieditor.cpp; sourceTree = "<group>"; };
		4932F4E1068011C9006A9591 /* dfxguieditor.h */ = {isa = PBXFileReference; fileEncoding = 30; lastKnownFileType = sourcecode.c.h; path = dfxguieditor.h; sourceTree = "<group>"; };
		4932F4E2068011C9006A9591 /* dfxguibutton.cpp */ = {isa = PBXFileReference; fileEncoding = 30; lastKnownFileType = sourcecode.cpp.cpp; path = dfxguibutton.cpp; sourceTree = "<group>"; };
		4932F4E3068011C9006A9591 /* dfxguibutton.h */ = {isa = PBXFileReference; fileEncoding = 30; lastKnownFileType = sourcecode.c.h; path = dfxguibutton.h; sourceTree = "<group>"; };
		4932F4E4068011C9006A9591 /* dfxguicontrol.cpp */ = {isa = PBXFileReference; fileEncoding = 30; lastKnownFileType = sourcecode.cpp.cpp; path = dfxguicontrol.cpp; sourceTree = "<group>"; };
		4932F4E5068011C9006A9591 /* dfxguicontrol.h */ = {isa = PBXFileReference; fileEncoding = 30; lastKnownFileType = sourcecode.c.h; path = dfxguicontrol.h; sourceTree = "<group>"; };
		4932F4E6068011C9006A9591 /* dfxguitextdisplay.cpp */ = {isa = PBXFileReference; fileEncoding = 30; lastKnownFileType = sourcecode.cpp.cpp; path = dfxguitextdisplay.cpp; sourceTree = "<group>"; };
		4932F4E7068011C9006A9591 /* dfxguitextdisplay.h */ = {isa = PBXFileReference; fileEncoding = 30; lastKnownFileType = sourcecode.c.h; path = dfxguitextdisplay.h; sourceTree = "<group>"; };
		4932F4E8068011C9006A9591 /* dfxguislider.cpp */ = {isa = PBXFileReference; fileEncoding = 30; lastKnownFileType = sourcecode.cpp.cpp; path = dfxguislider.cpp; sourceTree = "<group>"; };
		4932F4E9068011C9006A9591 /* dfxguislider.h */ = {isa = PBXFileReference; fileEncoding = 30; lastKnownFileType = sourcecode.c.h; path = dfxguislider.h; sourceTree = "<group>"; };
		4932F4EA068011C9006A9591 /* dfxguimisc.cpp */ = {isa = PBXFileReference; fileEncoding = 30; lastKnownFileType = sourcecode.cpp.cpp; path = dfxguimisc.cpp; sourceTree = "<group>"; };
		4932F4EB068011C9006A9591 /* dfxguimisc.h */ = {isa = PBXFileReference; fileEncoding = 30; lastKnownFileType = sourcecode.c.h; path = dfxguimisc.h; sourceTree = "<group>"; };
		4998C15807E50BC0008EBD90 /* destroy-fx-link-tab-panther.png */ = {isa = PBXFileReference; lastKnownFileType = image.png; path = "destroy-fx-link-tab-panther.png"; sourceTree = "<group>"; };
		4998C15907E50BC0008EBD90 /* destroy-fx-link-tab.png */ = {isa = PBXFileReference; lastKnownFileType = image.png; path = "destroy-fx-link-tab.png"; sourceTree = "<group>"; };
		4998C15A07E50BC0008EBD90 /* eq-sync-background-panther.png */ = {isa = PBXFileReference; lastKnownFileType = image.png; path = "eq-sync-background-panther.png"; sourceTree = "<group>"; };
		4998C15B07E50BC0008EBD90 /* eq-sync-background.png */ = {isa = PBXFileReference; lastKnownFileType = image.png; path = "eq-sync-background.png"; sourceTree = "<group>"; };
		4998C15C07E50BC0008EBD90 /* help-button.png */ = {isa = PBXFileReference; lastKnownFileType = image.png; path = "help-button.png"; sourceTree = "<group>"; };
		4998C15D07E50BC0008EBD90 /* horizontal-slider-background-panther.png */ = {isa = PBXFileReference; lastKnownFileType = image.png; path = "horizontal-slider-background-panther.png"; sourceTree = "<group>"; };
		4998C15E07E50BC0008EBD90 /* horizontal-slider-background.png */ = {isa = PBXFileReference; lastKnownFileType = image.png; path = "horizontal-slider-background.png"; sourceTree = "<group>"; };
		4998C16007E50BC0008EBD90 /* host-sync-button-panther.png */ = {isa = PBXFileReference; lastKnownFileType = image.png; path = "host-sync-button-panther.png"; sourceTree = "<group>"; };
		4998C16107E50BC0008EBD90 /* slider-handle-clicked-panther.png */ = {isa = PBXFileReference; lastKnownFileType = image.png; path = "slider-handle-clicked-panther.png"; sourceTree = "<group>"; };
		4998C16207E50BC0008EBD90 /* slider-handle-clicked.png */ = {isa = PBXFileReference; lastKnownFileType = image.png; path = "slider-handle-clicked.png"; sourceTree = "<group>"; };
		4998C16307E50BC0008EBD90 /* slider-handle-panther.png */ = {isa = PBXFileReference; lastKnownFileType = image.png; path = "slider-handle-panther.png"; sourceTree = "<group>"; };
		4998C16407E50BC0008EBD90 /* slider-handle.png */ = {isa = PBXFileReference; lastKnownFileType = image.png; path = "slider-handle.png"; sourceTree = "<group>"; };
		4998C16607E50BC0008EBD90 /* vertical-slider-background-panther.png */ = {isa = PBXFileReference; lastKnownFileType = image.png; path = "vertical-slider-background-panther.png"; sourceTree = "<group>"; };
		4998C16707E50BC0008EBD90 /* vertical-slider-background.png */ = {isa = PBXFileReference; lastKnownFileType = image.png; path = "vertical-slider-background.png"; sourceTree = "<group>"; };
		4998C18E07E50D4E008EBD90 /* eqsync.cpp */ = {isa = PBXFileReference; fileEncoding = 30; lastKnownFileType = sourcecode.cpp.cpp; path = eqsync.cpp; sourceTree = "<group>"; };
		4998C18F07E50D4E008EBD90 /* eqsync.h */ = {isa = PBXFileReference; fileEncoding = 30; lastKnownFileType = sourcecode.c.h; path = eqsync.h; sourceTree = "<group>"; };
		4998C19007E50D4E008EBD90 /* eqsyncdef.h */ = {isa = PBXFileReference; fileEncoding = 30; lastKnownFileType = sourcecode.c.h; path = eqsyncdef.h; sourceTree = "<group>"; };
		4998C19407E50D65008EBD90 /* eqsynceditor.cpp */ = {isa = PBXFileReference; fileEncoding = 30; lastKnownFileType = sourcecode.cpp.cpp; name = eqsynceditor.cpp; path = gui/eqsynceditor.cpp; sourceTree = "<group>"; };
		4998C19507E50D65008EBD90 /* eqsynceditor.h */ = {isa = PBXFileReference; fileEncoding = 30; lastKnownFileType = sourcecode.c.h; name = eqsynceditor.h; path = gui/eqsynceditor.h; sourceTree = "<group>"; };
		4998C19807E50D7E008EBD90 /* eqsync.exp */ = {isa = PBXFileReference; fileEncoding = 30; lastKnownFileType = sourcecode.exports; name = eqsync.exp; path = mac/eqsync.exp; sourceTree = "<group>"; };
		8D01CCD20486CAD60068D4B7 /* dfx EQ Sync.component */ = {isa = PBXFileReference; explicitFileType = wrapper.cfbundle; includeInIndex = 0; path = "dfx EQ Sync.component"; sourceTree = BUILT_PRODUCTS_DIR; };
		B025B92008AD2D3400A9CCAE /* CAVectorUnit.cpp */ = {isa = PBXFileReference; fileEncoding = 30; lastKnownFileType = sourcecode.cpp.cpp; path = CAVectorUnit.cpp; sourceTree = "<group>"; };
		B025B92108AD2D3400A9CCAE /* CAVectorUnit.h */ = {isa = PBXFileReference; fileEncoding = 30; lastKnownFileType = sourcecode.c.h; path = CAVectorUnit.h; sourceTree = "<group>"; };
		B025B92208AD2D3400A9CCAE /* CAVectorUnitTypes.h */ = {isa = PBXFileReference; fileEncoding = 30; lastKnownFileType = sourcecode.c.h; path = CAVectorUnitTypes.h; sourceTree = "<group>"; };
		B06E60F1097ACA0200AC582C /* dfx-au-utilities-preset-files.c */ = {isa = PBXFileReference; fileEncoding = 30; lastKnownFileType = sourcecode.c.c; path = "dfx-au-utilities-preset-files.c"; sourceTree = "<group>"; };
		B06E60F2097ACA0200AC582C /* dfx-au-utilities-private.h */ = {isa = PBXFileReference; fileEncoding = 30; lastKnownFileType = sourcecode.c.h; path = "dfx-au-utilities-private.h"; sourceTree = "<group>"; };
		B0AD80E10D0F316F00766C78 /* destroyfx.icns */ = {isa = PBXFileReference; lastKnownFileType = image.icns; name = destroyfx.icns; path = "../../dfx-library/destroyfx.icns"; sourceTree = "<group>"; };
		EC390FF620CCAAFB00A62FDE /* es */ = {isa = PBXFileReference; fileEncoding = 10; lastKnownFileType = text.plist.strings; name = es; path = "../../dfx-library/es.lproj/dfx-au-utilities.strings"; sourceTree = "<group>"; };
		EC40EDB520DB4BD500F5C0A7 /* dfxguimisc.mm */ = {isa = PBXFileReference; fileEncoding = 4; lastKnownFileType = sourcecode.cpp.objcpp; path = dfxguimisc.mm; sourceTree = "<group>"; };
		EC63C983210EE62D006279D2 /* idfxguicontrol.h */ = {isa = PBXFileReference; fileEncoding = 4; lastKnownFileType = sourcecode.c.h; path = idfxguicontrol.h; sourceTree = "<group>"; };
		EC63C984210EE62D006279D2 /* dfxguicontrol.hpp */ = {isa = PBXFileReference; fileEncoding = 4; lastKnownFileType = sourcecode.cpp.h; path = dfxguicontrol.hpp; sourceTree = "<group>"; };
		EC89B2F2208D28E600E15129 /* Accelerate.framework */ = {isa = PBXFileReference; lastKnownFileType = wrapper.framework; name = Accelerate.framework; path = System/Library/Frameworks/Accelerate.framework; sourceTree = SDKROOT; };
		EC89B2F3208D28E600E15129 /* OpenGL.framework */ = {isa = PBXFileReference; lastKnownFileType = wrapper.framework; name = OpenGL.framework; path = System/Library/Frameworks/OpenGL.framework; sourceTree = SDKROOT; };
		EC89B2F4208D28E600E15129 /* QuartzCore.framework */ = {isa = PBXFileReference; lastKnownFileType = wrapper.framework; name = QuartzCore.framework; path = System/Library/Frameworks/QuartzCore.framework; sourceTree = SDKROOT; };
		EC89B2F5208D28E700E15129 /* Cocoa.framework */ = {isa = PBXFileReference; lastKnownFileType = wrapper.framework; name = Cocoa.framework; path = System/Library/Frameworks/Cocoa.framework; sourceTree = SDKROOT; };
		EC89B2F6208D28E700E15129 /* AudioUnit.framework */ = {isa = PBXFileReference; lastKnownFileType = wrapper.framework; name = AudioUnit.framework; path = System/Library/Frameworks/AudioUnit.framework; sourceTree = SDKROOT; };
		EC89B2F7208D28E700E15129 /* AudioToolbox.framework */ = {isa = PBXFileReference; lastKnownFileType = wrapper.framework; name = AudioToolbox.framework; path = System/Library/Frameworks/AudioToolbox.framework; sourceTree = SDKROOT; };
		EC89B2F8208D28E700E15129 /* Carbon.framework */ = {isa = PBXFileReference; lastKnownFileType = wrapper.framework; name = Carbon.framework; path = System/Library/Frameworks/Carbon.framework; sourceTree = SDKROOT; };
		EC89B416208D2F7E00E15129 /* AUPlugInDispatch.h */ = {isa = PBXFileReference; fileEncoding = 4; lastKnownFileType = sourcecode.c.h; path = AUPlugInDispatch.h; sourceTree = "<group>"; };
		EC89B417208D2F7E00E15129 /* AUPlugInDispatch.cpp */ = {isa = PBXFileReference; fileEncoding = 4; lastKnownFileType = sourcecode.cpp.cpp; path = AUPlugInDispatch.cpp; sourceTree = "<group>"; };
		EC89B474208D33BE00E15129 /* dfxmisc.cpp */ = {isa = PBXFileReference; fileEncoding = 4; lastKnownFileType = sourcecode.cpp.cpp; path = dfxmisc.cpp; sourceTree = "<group>"; };
		EC89B475208D33BE00E15129 /* dfxplugin-base.h */ = {isa = PBXFileReference; fileEncoding = 4; lastKnownFileType = sourcecode.c.h; path = "dfxplugin-base.h"; sourceTree = "<group>"; };
		EC89B476208D33BE00E15129 /* dfxmisc.h */ = {isa = PBXFileReference; fileEncoding = 4; lastKnownFileType = sourcecode.c.h; path = dfxmisc.h; sourceTree = "<group>"; };
		EC89B477208D33BF00E15129 /* dfx-au-utilities-preset-files.m */ = {isa = PBXFileReference; fileEncoding = 4; lastKnownFileType = sourcecode.c.objc; path = "dfx-au-utilities-preset-files.m"; sourceTree = "<group>"; };
		EC89B47A208D33D400E15129 /* dfxguidialog.cpp */ = {isa = PBXFileReference; fileEncoding = 4; lastKnownFileType = sourcecode.cpp.cpp; path = dfxguidialog.cpp; sourceTree = "<group>"; };
		EC89B47B208D33D500E15129 /* dfxgui-base.h */ = {isa = PBXFileReference; fileEncoding = 4; lastKnownFileType = sourcecode.c.h; path = "dfxgui-base.h"; sourceTree = "<group>"; };
		EC89B47C208D33D500E15129 /* dfxguidialog.h */ = {isa = PBXFileReference; fileEncoding = 4; lastKnownFileType = sourcecode.c.h; path = dfxguidialog.h; sourceTree = "<group>"; };
		EC89B47D208D33D500E15129 /* dfxgui-auviewfactory.mm */ = {isa = PBXFileReference; fileEncoding = 4; lastKnownFileType = sourcecode.cpp.objcpp; path = "dfxgui-auviewfactory.mm"; sourceTree = "<group>"; };
		EC89B47E208D33D600E15129 /* dfxgui-auviewfactory.h */ = {isa = PBXFileReference; fileEncoding = 4; lastKnownFileType = sourcecode.c.h; path = "dfxgui-auviewfactory.h"; sourceTree = "<group>"; };
		EC89B47F208D33D600E15129 /* dfxgui.h */ = {isa = PBXFileReference; fileEncoding = 4; lastKnownFileType = sourcecode.c.h; path = dfxgui.h; sourceTree = "<group>"; };
		EC89B487208D34AD00E15129 /* vstgui_mac.mm */ = {isa = PBXFileReference; fileEncoding = 4; lastKnownFileType = sourcecode.cpp.objcpp; path = vstgui_mac.mm; sourceTree = "<group>"; };
		EC89B48E208D34B500E15129 /* plugguieditor.h */ = {isa = PBXFileReference; fileEncoding = 4; lastKnownFileType = sourcecode.c.h; path = plugguieditor.h; sourceTree = "<group>"; };
		EC89B490208D34B500E15129 /* plugguieditor.cpp */ = {isa = PBXFileReference; fileEncoding = 4; lastKnownFileType = sourcecode.cpp.cpp; path = plugguieditor.cpp; sourceTree = "<group>"; };
		EC9841971030C50000FA3B2B /* dfxplugin-au-debug.xcconfig */ = {isa = PBXFileReference; fileEncoding = 4; lastKnownFileType = text.xcconfig; name = "dfxplugin-au-debug.xcconfig"; path = "xcode/dfxplugin-au-debug.xcconfig"; sourceTree = "<group>"; };
		EC9841981030C50000FA3B2B /* dfxplugin-au-release.xcconfig */ = {isa = PBXFileReference; fileEncoding = 4; lastKnownFileType = text.xcconfig; name = "dfxplugin-au-release.xcconfig"; path = "xcode/dfxplugin-au-release.xcconfig"; sourceTree = "<group>"; };
		ECC43119102F5111000B05A1 /* en */ = {isa = PBXFileReference; fileEncoding = 10; lastKnownFileType = text.plist.strings; name = en; path = "../../dfx-library/en.lproj/dfx-au-utilities.strings"; sourceTree = "<group>"; };
		ECC4311B102F5119000B05A1 /* fr */ = {isa = PBXFileReference; fileEncoding = 10; lastKnownFileType = text.plist.strings; name = fr; path = "../../dfx-library/fr.lproj/dfx-au-utilities.strings"; sourceTree = "<group>"; };
		ECC4311C102F5121000B05A1 /* nl */ = {isa = PBXFileReference; fileEncoding = 10; lastKnownFileType = text.plist.strings; name = nl; path = "../../dfx-library/nl.lproj/dfx-au-utilities.strings"; sourceTree = "<group>"; };
		ECD0B24D20CC2E88006CD7D1 /* de */ = {isa = PBXFileReference; fileEncoding = 10; lastKnownFileType = text.plist.strings; name = de; path = "../../dfx-library/de.lproj/dfx-au-utilities.strings"; sourceTree = "<group>"; };
/* End PBXFileReference section */

/* Begin PBXFrameworksBuildPhase section */
		8D01CCCD0486CAD60068D4B7 /* Frameworks */ = {
			isa = PBXFrameworksBuildPhase;
			buildActionMask = 2147483647;
			files = (
				EC89B2F9208D28E800E15129 /* Accelerate.framework in Frameworks */,
				EC89B2FE208D28E800E15129 /* AudioToolbox.framework in Frameworks */,
				EC89B2FD208D28E800E15129 /* AudioUnit.framework in Frameworks */,
				EC89B2FF208D28E800E15129 /* Carbon.framework in Frameworks */,
				EC89B2FC208D28E800E15129 /* Cocoa.framework in Frameworks */,
				EC89B2FA208D28E800E15129 /* OpenGL.framework in Frameworks */,
				EC89B2FB208D28E800E15129 /* QuartzCore.framework in Frameworks */,
			);
			runOnlyForDeploymentPostprocessing = 0;
		};
/* End PBXFrameworksBuildPhase section */

/* Begin PBXGroup section */
		089C166AFE841209C02AAC07 /* turntablist */ = {
			isa = PBXGroup;
			children = (
				08FB77ADFE841716C02AAC07 /* EQ Sync */,
				4932F4C6068010F8006A9591 /* DFX Library */,
				4932F4C906801110006A9591 /* DFX GUI */,
				4932F45B06800F80006A9591 /* AUPublic */,
				4932F4B70680108C006A9591 /* PublicUtility */,
				EC89B486208D346400E15129 /* VSTGUI */,
				089C167CFE841241C02AAC07 /* Resources */,
				089C1671FE841209C02AAC07 /* Frameworks */,
				19C28FB4FE9D528D11CA2CBB /* Products */,
			);
			name = turntablist;
			sourceTree = "<group>";
		};
		089C1671FE841209C02AAC07 /* Frameworks */ = {
			isa = PBXGroup;
			children = (
				EC89B2F2208D28E600E15129 /* Accelerate.framework */,
				EC89B2F7208D28E700E15129 /* AudioToolbox.framework */,
				EC89B2F6208D28E700E15129 /* AudioUnit.framework */,
				EC89B2F8208D28E700E15129 /* Carbon.framework */,
				EC89B2F5208D28E700E15129 /* Cocoa.framework */,
				EC89B2F3208D28E600E15129 /* OpenGL.framework */,
				EC89B2F4208D28E600E15129 /* QuartzCore.framework */,
			);
			name = Frameworks;
			sourceTree = "<group>";
		};
		089C167CFE841241C02AAC07 /* Resources */ = {
			isa = PBXGroup;
			children = (
				4905A972067F716E00000F0C /* graphics */,
				B0AD80E10D0F316F00766C78 /* destroyfx.icns */,
				ECC43118102F5111000B05A1 /* dfx-au-utilities.strings */,
			);
			name = Resources;
			sourceTree = "<group>";
		};
		08FB77ADFE841716C02AAC07 /* EQ Sync */ = {
			isa = PBXGroup;
			children = (
				4998C18F07E50D4E008EBD90 /* eqsync.h */,
				4998C18E07E50D4E008EBD90 /* eqsync.cpp */,
				4998C19507E50D65008EBD90 /* eqsynceditor.h */,
				4998C19407E50D65008EBD90 /* eqsynceditor.cpp */,
				4998C19007E50D4E008EBD90 /* eqsyncdef.h */,
				4998C19807E50D7E008EBD90 /* eqsync.exp */,
			);
			name = "EQ Sync";
			path = ..;
			sourceTree = SOURCE_ROOT;
		};
		19C28FB4FE9D528D11CA2CBB /* Products */ = {
			isa = PBXGroup;
			children = (
				8D01CCD20486CAD60068D4B7 /* dfx EQ Sync.component */,
			);
			name = Products;
			sourceTree = "<group>";
		};
		4905A972067F716E00000F0C /* graphics */ = {
			isa = PBXGroup;
			children = (
				4998C15B07E50BC0008EBD90 /* eq-sync-background.png */,
				4998C15E07E50BC0008EBD90 /* horizontal-slider-background.png */,
				4998C16707E50BC0008EBD90 /* vertical-slider-background.png */,
				4998C16407E50BC0008EBD90 /* slider-handle.png */,
				4998C16207E50BC0008EBD90 /* slider-handle-clicked.png */,
				4998C15907E50BC0008EBD90 /* destroy-fx-link-tab.png */,
				4998C15A07E50BC0008EBD90 /* eq-sync-background-panther.png */,
				4998C15D07E50BC0008EBD90 /* horizontal-slider-background-panther.png */,
				4998C16607E50BC0008EBD90 /* vertical-slider-background-panther.png */,
				4998C16307E50BC0008EBD90 /* slider-handle-panther.png */,
				4998C16107E50BC0008EBD90 /* slider-handle-clicked-panther.png */,
				4998C16007E50BC0008EBD90 /* host-sync-button-panther.png */,
				4998C15807E50BC0008EBD90 /* destroy-fx-link-tab-panther.png */,
				4998C15C07E50BC0008EBD90 /* help-button.png */,
			);
			name = graphics;
			path = ../gui/graphics;
			sourceTree = SOURCE_ROOT;
		};
		4932F45B06800F80006A9591 /* AUPublic */ = {
			isa = PBXGroup;
			children = (
				4932F45C06800FCD006A9591 /* AUBase */,
				4932F47606800FCD006A9591 /* OtherBases */,
				4932F48306800FCD006A9591 /* Utility */,
				4932F47406800FCD006A9591 /* AUViewBase */,
				4932F46A06800FCD006A9591 /* AUCarbonViewBase */,
			);
			name = AUPublic;
			path = "../../CoreAudioUtilityClasses-1.1/CoreAudio/AudioUnits/AUPublic";
			sourceTree = "<group>";
		};
		4932F45C06800FCD006A9591 /* AUBase */ = {
			isa = PBXGroup;
			children = (
				4932F45E06800FCD006A9591 /* AUBase.h */,
				4932F45D06800FCD006A9591 /* AUBase.cpp */,
				4932F46006800FCD006A9591 /* AUDispatch.h */,
				4932F45F06800FCD006A9591 /* AUDispatch.cpp */,
				4932F46206800FCD006A9591 /* AUInputElement.h */,
				4932F46106800FCD006A9591 /* AUInputElement.cpp */,
				4932F46406800FCD006A9591 /* AUOutputElement.h */,
				4932F46306800FCD006A9591 /* AUOutputElement.cpp */,
				EC89B416208D2F7E00E15129 /* AUPlugInDispatch.h */,
				EC89B417208D2F7E00E15129 /* AUPlugInDispatch.cpp */,
				4932F46706800FCD006A9591 /* AUScopeElement.h */,
				4932F46606800FCD006A9591 /* AUScopeElement.cpp */,
				4932F46906800FCD006A9591 /* ComponentBase.h */,
				4932F46806800FCD006A9591 /* ComponentBase.cpp */,
				4932F46506800FCD006A9591 /* AUResources.r */,
			);
			path = AUBase;
			sourceTree = "<group>";
		};
		4932F46A06800FCD006A9591 /* AUCarbonViewBase */ = {
			isa = PBXGroup;
			children = (
				4932F46C06800FCD006A9591 /* AUCarbonViewBase.h */,
				4932F46B06800FCD006A9591 /* AUCarbonViewBase.cpp */,
				4932F46F06800FCD006A9591 /* AUCarbonViewDispatch.cpp */,
				4932F46E06800FCD006A9591 /* AUCarbonViewControl.h */,
				4932F46D06800FCD006A9591 /* AUCarbonViewControl.cpp */,
				4932F47306800FCD006A9591 /* CarbonEventHandler.h */,
				4932F47206800FCD006A9591 /* CarbonEventHandler.cpp */,
			);
			path = AUCarbonViewBase;
			sourceTree = "<group>";
		};
		4932F47406800FCD006A9591 /* AUViewBase */ = {
			isa = PBXGroup;
			children = (
				4932F47506800FCD006A9591 /* AUViewLocalizedStringKeys.h */,
			);
			path = AUViewBase;
			sourceTree = "<group>";
		};
		4932F47606800FCD006A9591 /* OtherBases */ = {
			isa = PBXGroup;
			children = (
				490E76A107CAE24800688A1D /* AUEffectBase.h */,
				490E76A007CAE24800688A1D /* AUEffectBase.cpp */,
			);
			path = OtherBases;
			sourceTree = "<group>";
		};
		4932F48306800FCD006A9591 /* Utility */ = {
			isa = PBXGroup;
			children = (
				4932F48506800FCD006A9591 /* AUBuffer.h */,
				4932F48406800FCD006A9591 /* AUBuffer.cpp */,
				4932F48906800FCD006A9591 /* AUSilentTimeout.h */,
			);
			path = Utility;
			sourceTree = "<group>";
		};
		4932F4B70680108C006A9591 /* PublicUtility */ = {
			isa = PBXGroup;
			children = (
				4932F4B9068010B2006A9591 /* CAStreamBasicDescription.h */,
				4932F4B8068010B2006A9591 /* CAStreamBasicDescription.cpp */,
				4932F4BD068010BE006A9591 /* CAAudioChannelLayout.h */,
				4932F4BC068010BE006A9591 /* CAAudioChannelLayout.cpp */,
				4919537206C5398A00221230 /* CAMath.h */,
				4932F4C1068010CA006A9591 /* CAAUParameter.h */,
				4932F4C0068010CA006A9591 /* CAAUParameter.cpp */,
				B025B92208AD2D3400A9CCAE /* CAVectorUnitTypes.h */,
				B025B92108AD2D3400A9CCAE /* CAVectorUnit.h */,
				B025B92008AD2D3400A9CCAE /* CAVectorUnit.cpp */,
			);
			name = PublicUtility;
			path = "../../CoreAudioUtilityClasses-1.1/CoreAudio/PublicUtility";
			sourceTree = "<group>";
		};
		4932F4C6068010F8006A9591 /* DFX Library */ = {
			isa = PBXGroup;
			children = (
				4932F4CC06801180006A9591 /* dfxdefines.h */,
				EC89B475208D33BE00E15129 /* dfxplugin-base.h */,
				4932F4D206801180006A9591 /* dfxplugin.h */,
				4932F4D106801180006A9591 /* dfxplugin.cpp */,
				4932F4D406801180006A9591 /* dfxpluginproperties.h */,
				4932F4D006801180006A9591 /* dfxplugin-audiounit.cpp */,
				4932F4CF06801180006A9591 /* dfxparameter.h */,
				4932F4CE06801180006A9591 /* dfxparameter.cpp */,
				4932F4CD06801180006A9591 /* dfxmath.h */,
				EC89B476208D33BE00E15129 /* dfxmisc.h */,
				EC89B474208D33BE00E15129 /* dfxmisc.cpp */,
				4932F4CB06801180006A9591 /* dfx-au-utilities.h */,
				4932F4CA06801180006A9591 /* dfx-au-utilities.c */,
				B06E60F2097ACA0200AC582C /* dfx-au-utilities-private.h */,
				B06E60F1097ACA0200AC582C /* dfx-au-utilities-preset-files.c */,
				EC89B477208D33BF00E15129 /* dfx-au-utilities-preset-files.m */,
				490E769D07CAE20500688A1D /* temporatetable.h */,
				490E769C07CAE20500688A1D /* temporatetable.cpp */,
				4932F4D306801180006A9591 /* dfxplugin-audiounit.r */,
				EC9841971030C50000FA3B2B /* dfxplugin-au-debug.xcconfig */,
				EC9841981030C50000FA3B2B /* dfxplugin-au-release.xcconfig */,
			);
			name = "DFX Library";
			path = "../../dfx-library";
			sourceTree = SOURCE_ROOT;
		};
		4932F4C906801110006A9591 /* DFX GUI */ = {
			isa = PBXGroup;
			children = (
				EC89B47F208D33D600E15129 /* dfxgui.h */,
				EC89B47B208D33D500E15129 /* dfxgui-base.h */,
				4932F4E1068011C9006A9591 /* dfxguieditor.h */,
				4932F4E0068011C9006A9591 /* dfxguieditor.cpp */,
				EC63C983210EE62D006279D2 /* idfxguicontrol.h */,
				4932F4E5068011C9006A9591 /* dfxguicontrol.h */,
				EC63C984210EE62D006279D2 /* dfxguicontrol.hpp */,
				4932F4E4068011C9006A9591 /* dfxguicontrol.cpp */,
				EC89B47C208D33D500E15129 /* dfxguidialog.h */,
				EC89B47A208D33D400E15129 /* dfxguidialog.cpp */,
				4932F4EB068011C9006A9591 /* dfxguimisc.h */,
				4932F4EA068011C9006A9591 /* dfxguimisc.cpp */,
				EC40EDB520DB4BD500F5C0A7 /* dfxguimisc.mm */,
				4932F4E9068011C9006A9591 /* dfxguislider.h */,
				4932F4E8068011C9006A9591 /* dfxguislider.cpp */,
				4932F4E7068011C9006A9591 /* dfxguitextdisplay.h */,
				4932F4E6068011C9006A9591 /* dfxguitextdisplay.cpp */,
				4932F4E3068011C9006A9591 /* dfxguibutton.h */,
				4932F4E2068011C9006A9591 /* dfxguibutton.cpp */,
				EC89B47E208D33D600E15129 /* dfxgui-auviewfactory.h */,
				EC89B47D208D33D500E15129 /* dfxgui-auviewfactory.mm */,
			);
			name = "DFX GUI";
			path = ../../dfxgui;
			sourceTree = SOURCE_ROOT;
		};
		EC89B486208D346400E15129 /* VSTGUI */ = {
			isa = PBXGroup;
			children = (
				EC89B489208D34B400E15129 /* plugin-bindings */,
				EC89B487208D34AD00E15129 /* vstgui_mac.mm */,
			);
			name = VSTGUI;
			path = ../../vst3sdk/vstgui4/vstgui;
			sourceTree = "<group>";
		};
		EC89B489208D34B400E15129 /* plugin-bindings */ = {
			isa = PBXGroup;
			children = (
				EC89B48E208D34B500E15129 /* plugguieditor.h */,
				EC89B490208D34B500E15129 /* plugguieditor.cpp */,
			);
			path = "plugin-bindings";
			sourceTree = "<group>";
		};
/* End PBXGroup section */

/* Begin PBXNativeTarget section */
		8D01CCC60486CAD60068D4B7 /* EQ Sync */ = {
			isa = PBXNativeTarget;
			buildConfigurationList = B025B91708AD2D1600A9CCAE /* Build configuration list for PBXNativeTarget "EQ Sync" */;
			buildPhases = (
				8D01CCC90486CAD60068D4B7 /* Resources */,
				8D01CCCB0486CAD60068D4B7 /* Sources */,
				8D01CCCD0486CAD60068D4B7 /* Frameworks */,
				8D01CCCF0486CAD60068D4B7 /* Rez */,
				EC89B35A208D2BF500E15129 /* ShellScript */,
			);
			buildRules = (
			);
			dependencies = (
			);
			name = "EQ Sync";
			productInstallPath = "$(HOME)/Library/Bundles";
			productName = turntablist;
			productReference = 8D01CCD20486CAD60068D4B7 /* dfx EQ Sync.component */;
			productType = "com.apple.product-type.bundle";
		};
/* End PBXNativeTarget section */

/* Begin PBXProject section */
		089C1669FE841209C02AAC07 /* Project object */ = {
			isa = PBXProject;
			attributes = {
			};
			buildConfigurationList = B025B91B08AD2D1600A9CCAE /* Build configuration list for PBXProject "eqsync" */;
			compatibilityVersion = "Xcode 2.4";
			developmentRegion = en;
			hasScannedForEncodings = 1;
			knownRegions = (
				English,
				Japanese,
				French,
				German,
				en,
				fr,
				nl,
				de,
				es,
			);
			mainGroup = 089C166AFE841209C02AAC07 /* turntablist */;
			projectDirPath = "";
			projectRoot = "";
			targets = (
				8D01CCC60486CAD60068D4B7 /* EQ Sync */,
			);
		};
/* End PBXProject section */

/* Begin PBXResourcesBuildPhase section */
		8D01CCC90486CAD60068D4B7 /* Resources */ = {
			isa = PBXResourcesBuildPhase;
			buildActionMask = 2147483647;
			files = (
				4998C16907E50BC0008EBD90 /* destroy-fx-link-tab-panther.png in Resources */,
				4998C16A07E50BC0008EBD90 /* destroy-fx-link-tab.png in Resources */,
				4998C16B07E50BC0008EBD90 /* eq-sync-background-panther.png in Resources */,
				4998C16C07E50BC0008EBD90 /* eq-sync-background.png in Resources */,
				4998C16D07E50BC0008EBD90 /* help-button.png in Resources */,
				4998C16E07E50BC0008EBD90 /* horizontal-slider-background-panther.png in Resources */,
				4998C16F07E50BC0008EBD90 /* horizontal-slider-background.png in Resources */,
				4998C17107E50BC0008EBD90 /* host-sync-button-panther.png in Resources */,
				4998C17207E50BC0008EBD90 /* slider-handle-clicked-panther.png in Resources */,
				4998C17307E50BC0008EBD90 /* slider-handle-clicked.png in Resources */,
				4998C17407E50BC0008EBD90 /* slider-handle-panther.png in Resources */,
				4998C17507E50BC0008EBD90 /* slider-handle.png in Resources */,
				4998C17707E50BC0008EBD90 /* vertical-slider-background-panther.png in Resources */,
				4998C17807E50BC0008EBD90 /* vertical-slider-background.png in Resources */,
				B0AD80E20D0F316F00766C78 /* destroyfx.icns in Resources */,
				ECC4311A102F5111000B05A1 /* dfx-au-utilities.strings in Resources */,
			);
			runOnlyForDeploymentPostprocessing = 0;
		};
/* End PBXResourcesBuildPhase section */

/* Begin PBXRezBuildPhase section */
		8D01CCCF0486CAD60068D4B7 /* Rez */ = {
			isa = PBXRezBuildPhase;
			buildActionMask = 2147483647;
			files = (
				EC983FFD1030846300FA3B2B /* dfxplugin-audiounit.r in Rez */,
			);
			runOnlyForDeploymentPostprocessing = 0;
		};
/* End PBXRezBuildPhase section */

/* Begin PBXShellScriptBuildPhase section */
		EC89B35A208D2BF500E15129 /* ShellScript */ = {
			isa = PBXShellScriptBuildPhase;
			buildActionMask = 2147483647;
			files = (
			);
			inputPaths = (
			);
			outputPaths = (
			);
			runOnlyForDeploymentPostprocessing = 0;
			shellPath = /bin/sh;
			shellScript = "../../dfx-library/xcode/dfxplugin-au-postbuild.sh";
		};
/* End PBXShellScriptBuildPhase section */

/* Begin PBXSourcesBuildPhase section */
		8D01CCCB0486CAD60068D4B7 /* Sources */ = {
			isa = PBXSourcesBuildPhase;
			buildActionMask = 2147483647;
			files = (
				4932F48B06800FCD006A9591 /* AUBase.cpp in Sources */,
				4932F48D06800FCD006A9591 /* AUDispatch.cpp in Sources */,
				4932F48F06800FCD006A9591 /* AUInputElement.cpp in Sources */,
				EC89B488208D34AE00E15129 /* vstgui_mac.mm in Sources */,
				EC89B497208D34B600E15129 /* plugguieditor.cpp in Sources */,
				4932F49106800FCD006A9591 /* AUOutputElement.cpp in Sources */,
				4932F49406800FCD006A9591 /* AUScopeElement.cpp in Sources */,
				4932F49606800FCD006A9591 /* ComponentBase.cpp in Sources */,
				4932F49806800FCD006A9591 /* AUCarbonViewBase.cpp in Sources */,
				4932F49A06800FCD006A9591 /* AUCarbonViewControl.cpp in Sources */,
				EC89B479208D33BF00E15129 /* dfx-au-utilities-preset-files.m in Sources */,
				4932F49C06800FCD006A9591 /* AUCarbonViewDispatch.cpp in Sources */,
				4932F49F06800FCD006A9591 /* CarbonEventHandler.cpp in Sources */,
				4932F4AE06800FCD006A9591 /* AUBuffer.cpp in Sources */,
				4932F4BA068010B2006A9591 /* CAStreamBasicDescription.cpp in Sources */,
				4932F4BE068010BE006A9591 /* CAAudioChannelLayout.cpp in Sources */,
				EC89B481208D33D700E15129 /* dfxgui-auviewfactory.mm in Sources */,
				4932F4C2068010CA006A9591 /* CAAUParameter.cpp in Sources */,
				4932F4D506801180006A9591 /* dfx-au-utilities.c in Sources */,
				EC89B480208D33D700E15129 /* dfxguidialog.cpp in Sources */,
				4932F4D906801180006A9591 /* dfxparameter.cpp in Sources */,
				EC89B478208D33BF00E15129 /* dfxmisc.cpp in Sources */,
				4932F4DB06801180006A9591 /* dfxplugin-audiounit.cpp in Sources */,
				4932F4DC06801180006A9591 /* dfxplugin.cpp in Sources */,
				4932F4EC068011C9006A9591 /* dfxguieditor.cpp in Sources */,
				4932F4EE068011C9006A9591 /* dfxguibutton.cpp in Sources */,
				4932F4F0068011C9006A9591 /* dfxguicontrol.cpp in Sources */,
				EC40EDB620DB4BD500F5C0A7 /* dfxguimisc.mm in Sources */,
				4932F4F2068011C9006A9591 /* dfxguitextdisplay.cpp in Sources */,
				4932F4F4068011C9006A9591 /* dfxguislider.cpp in Sources */,
				490E769E07CAE20500688A1D /* temporatetable.cpp in Sources */,
				490E76A207CAE24800688A1D /* AUEffectBase.cpp in Sources */,
				4998C19107E50D4E008EBD90 /* eqsync.cpp in Sources */,
				4998C19607E50D65008EBD90 /* eqsynceditor.cpp in Sources */,
				EC89B418208D2F7F00E15129 /* AUPlugInDispatch.cpp in Sources */,
				B025B92308AD2D3400A9CCAE /* CAVectorUnit.cpp in Sources */,
			);
			runOnlyForDeploymentPostprocessing = 0;
		};
/* End PBXSourcesBuildPhase section */

/* Begin PBXVariantGroup section */
		ECC43118102F5111000B05A1 /* dfx-au-utilities.strings */ = {
			isa = PBXVariantGroup;
			children = (
				ECC43119102F5111000B05A1 /* en */,
				ECC4311B102F5119000B05A1 /* fr */,
				ECC4311C102F5121000B05A1 /* nl */,
				ECD0B24D20CC2E88006CD7D1 /* de */,
				EC390FF620CCAAFB00A62FDE /* es */,
			);
			name = "dfx-au-utilities.strings";
			sourceTree = "<group>";
		};
/* End PBXVariantGroup section */

/* Begin XCBuildConfiguration section */
		B025B91808AD2D1600A9CCAE /* Development */ = {
			isa = XCBuildConfiguration;
			baseConfigurationReference = EC9841971030C50000FA3B2B /* dfxplugin-au-debug.xcconfig */;
			buildSettings = {
				DFX_PLUGIN_AUDIOUNIT_TYPE_ID = aufx;
				DFX_PLUGIN_COPYRIGHT_NAME = "Sophia Poirier [$(DFX_PLUGIN_CREATOR_NAME)]";
				DFX_PLUGIN_COPYRIGHT_PREFIX = "2001-";
				DFX_PLUGIN_FULL_NAME_WITHOUT_BREAKS = EQSync;
				PRODUCT_BUNDLE_IDENTIFIER = "$(DFX_PLUGIN_BUNDLE_IDENTIFIER)";
				USER_HEADER_SEARCH_PATHS = "$(inherited) ../../vst3sdk/vstgui4/vstgui";
			};
			name = Development;
		};
		B025B91908AD2D1600A9CCAE /* Deployment */ = {
			isa = XCBuildConfiguration;
			baseConfigurationReference = EC9841981030C50000FA3B2B /* dfxplugin-au-release.xcconfig */;
			buildSettings = {
				DFX_PLUGIN_AUDIOUNIT_TYPE_ID = aufx;
				DFX_PLUGIN_COPYRIGHT_NAME = "Sophia Poirier [$(DFX_PLUGIN_CREATOR_NAME)]";
				DFX_PLUGIN_COPYRIGHT_PREFIX = "2001-";
				DFX_PLUGIN_FULL_NAME_WITHOUT_BREAKS = EQSync;
				PRODUCT_BUNDLE_IDENTIFIER = "$(DFX_PLUGIN_BUNDLE_IDENTIFIER)";
				USER_HEADER_SEARCH_PATHS = "$(inherited) ../../vst3sdk/vstgui4/vstgui";
			};
			name = Deployment;
		};
		B025B91C08AD2D1600A9CCAE /* Development */ = {
			isa = XCBuildConfiguration;
			buildSettings = {
				DFX_PLUGIN_FULL_NAME = "EQ Sync";
				DFX_PLUGIN_ID = EQsy;
				DFX_PLUGIN_SHORT_NAME = eqsync;
				DFX_PLUGIN_VERSION_STRING = 1.1.0;
			};
			name = Development;
		};
		B025B91D08AD2D1600A9CCAE /* Deployment */ = {
			isa = XCBuildConfiguration;
			buildSettings = {
				DFX_PLUGIN_FULL_NAME = "EQ Sync";
				DFX_PLUGIN_ID = EQsy;
				DFX_PLUGIN_SHORT_NAME = eqsync;
				DFX_PLUGIN_VERSION_STRING = 1.1.0;
			};
			name = Deployment;
		};
/* End XCBuildConfiguration section */

/* Begin XCConfigurationList section */
		B025B91708AD2D1600A9CCAE /* Build configuration list for PBXNativeTarget "EQ Sync" */ = {
			isa = XCConfigurationList;
			buildConfigurations = (
				B025B91808AD2D1600A9CCAE /* Development */,
				B025B91908AD2D1600A9CCAE /* Deployment */,
			);
			defaultConfigurationIsVisible = 0;
			defaultConfigurationName = Development;
		};
		B025B91B08AD2D1600A9CCAE /* Build configuration list for PBXProject "eqsync" */ = {
			isa = XCConfigurationList;
			buildConfigurations = (
				B025B91C08AD2D1600A9CCAE /* Development */,
				B025B91D08AD2D1600A9CCAE /* Deployment */,
			);
			defaultConfigurationIsVisible = 0;
			defaultConfigurationName = Development;
		};
/* End XCConfigurationList section */
	};
	rootObject = 089C1669FE841209C02AAC07 /* Project object */;
}
