// !$*UTF8*$!
{
	archiveVersion = 1;
	classes = {
	};
	objectVersion = 45;
	objects = {

/* Begin PBXBuildFile section */
		4918B60D0680FC9C0034CE15 /* dfxsettings.cpp in Sources */ = {isa = PBXBuildFile; fileRef = 4918B60B0680FC9C0034CE15 /* dfxsettings.cpp */; };
		4932F4D506801180006A9591 /* dfx-au-utilities.c in Sources */ = {isa = PBXBuildFile; fileRef = 4932F4CA06801180006A9591 /* dfx-au-utilities.c */; };
		4932F4D906801180006A9591 /* dfxparameter.cpp in Sources */ = {isa = PBXBuildFile; fileRef = 4932F4CE06801180006A9591 /* dfxparameter.cpp */; };
		4932F4DB06801180006A9591 /* dfxplugin-audiounit.cpp in Sources */ = {isa = PBXBuildFile; fileRef = 4932F4D006801180006A9591 /* dfxplugin-audiounit.cpp */; };
		4932F4DC06801180006A9591 /* dfxplugin.cpp in Sources */ = {isa = PBXBuildFile; fileRef = 4932F4D106801180006A9591 /* dfxplugin.cpp */; };
		4932F4EC068011C9006A9591 /* dfxguieditor.cpp in Sources */ = {isa = PBXBuildFile; fileRef = 4932F4E0068011C9006A9591 /* dfxguieditor.cpp */; settings = {COMPILER_FLAGS = "$(inherited) $(DFX_GUI_COMPILER_FLAGS)"; }; };
		4932F4EE068011C9006A9591 /* dfxguibutton.cpp in Sources */ = {isa = PBXBuildFile; fileRef = 4932F4E2068011C9006A9591 /* dfxguibutton.cpp */; settings = {COMPILER_FLAGS = "$(inherited) $(DFX_GUI_COMPILER_FLAGS)"; }; };
		4932F4F0068011C9006A9591 /* dfxguicontrol.cpp in Sources */ = {isa = PBXBuildFile; fileRef = 4932F4E4068011C9006A9591 /* dfxguicontrol.cpp */; settings = {COMPILER_FLAGS = "$(inherited) $(DFX_GUI_COMPILER_FLAGS)"; }; };
		4932F4F2068011C9006A9591 /* dfxguitextdisplay.cpp in Sources */ = {isa = PBXBuildFile; fileRef = 4932F4E6068011C9006A9591 /* dfxguitextdisplay.cpp */; settings = {COMPILER_FLAGS = "$(inherited) $(DFX_GUI_COMPILER_FLAGS)"; }; };
		4932F4F4068011C9006A9591 /* dfxguislider.cpp in Sources */ = {isa = PBXBuildFile; fileRef = 4932F4E8068011C9006A9591 /* dfxguislider.cpp */; settings = {COMPILER_FLAGS = "$(inherited) $(DFX_GUI_COMPILER_FLAGS)"; }; };
		4932F79B0680E859006A9591 /* dfxmidi.cpp in Sources */ = {isa = PBXBuildFile; fileRef = 4932F7990680E859006A9591 /* dfxmidi.cpp */; };
		49BB472807E53A6700861708 /* rezsynthformalities.cpp in Sources */ = {isa = PBXBuildFile; fileRef = 49BB472307E53A6700861708 /* rezsynthformalities.cpp */; };
		49BB472907E53A6700861708 /* rezsynthprocess.cpp in Sources */ = {isa = PBXBuildFile; fileRef = 49BB472407E53A6700861708 /* rezsynthprocess.cpp */; };
		49BB472A07E53A6700861708 /* rezsynthsubprocesses.cpp in Sources */ = {isa = PBXBuildFile; fileRef = 49BB472507E53A6700861708 /* rezsynthsubprocesses.cpp */; };
		49BB474E07E53B0200861708 /* rezsyntheditor.cpp in Sources */ = {isa = PBXBuildFile; fileRef = 49BB474C07E53B0200861708 /* rezsyntheditor.cpp */; settings = {COMPILER_FLAGS = "$(inherited) $(DFX_GUI_COMPILER_FLAGS)"; }; };
		49BB476D07E53B4B00861708 /* button-destroyfx.png in Resources */ = {isa = PBXBuildFile; fileRef = 49BB475907E53B4B00861708 /* button-destroyfx.png */; };
		49BB476E07E53B4B00861708 /* button-mix-mode.png in Resources */ = {isa = PBXBuildFile; fileRef = 49BB475A07E53B4B00861708 /* button-mix-mode.png */; };
		49BB476F07E53B4B00861708 /* button-envelopes.png in Resources */ = {isa = PBXBuildFile; fileRef = 49BB475B07E53B4B00861708 /* button-envelopes.png */; };
		49BB477007E53B4B00861708 /* button-foldover.png in Resources */ = {isa = PBXBuildFile; fileRef = 49BB475C07E53B4B00861708 /* button-foldover.png */; };
		49BB477407E53B4B00861708 /* slider-handle-magenta.png in Resources */ = {isa = PBXBuildFile; fileRef = 49BB476007E53B4B00861708 /* slider-handle-magenta.png */; };
		49BB477507E53B4B00861708 /* button-legato.png in Resources */ = {isa = PBXBuildFile; fileRef = 49BB476107E53B4B00861708 /* button-legato.png */; };
		49BB477607E53B4B00861708 /* button-midi-learn.png in Resources */ = {isa = PBXBuildFile; fileRef = 49BB476207E53B4B00861708 /* button-midi-learn.png */; };
		49BB477707E53B4B00861708 /* button-midi-reset.png in Resources */ = {isa = PBXBuildFile; fileRef = 49BB476307E53B4B00861708 /* button-midi-reset.png */; };
		49BB477807E53B4B00861708 /* background.png in Resources */ = {isa = PBXBuildFile; fileRef = 49BB476407E53B4B00861708 /* background.png */; };
		49BB477907E53B4B00861708 /* button-scaling-mode.png in Resources */ = {isa = PBXBuildFile; fileRef = 49BB476507E53B4B00861708 /* button-scaling-mode.png */; };
		49BB477A07E53B4B00861708 /* button-separation-mode.png in Resources */ = {isa = PBXBuildFile; fileRef = 49BB476607E53B4B00861708 /* button-separation-mode.png */; };
		49BB477E07E53B4B00861708 /* vslider-handle-green.png in Resources */ = {isa = PBXBuildFile; fileRef = 49BB476A07E53B4B00861708 /* vslider-handle-green.png */; };
		49BB478007E53B4B00861708 /* button-wise-amp.png in Resources */ = {isa = PBXBuildFile; fileRef = 49BB476C07E53B4B00861708 /* button-wise-amp.png */; };
		B028C2BC0D0F323700ADA1DA /* destroyfx.icns in Resources */ = {isa = PBXBuildFile; fileRef = B028C2BB0D0F323700ADA1DA /* destroyfx.icns */; };
		EC09D9C12526224B00C01AC2 /* ComponentBase.cpp in Sources */ = {isa = PBXBuildFile; fileRef = EC09D9952526224B00C01AC2 /* ComponentBase.cpp */; };
		EC09D9C32526224B00C01AC2 /* AUScopeElement.cpp in Sources */ = {isa = PBXBuildFile; fileRef = EC09D9972526224B00C01AC2 /* AUScopeElement.cpp */; };
		EC09D9C42526224B00C01AC2 /* AUBase.cpp in Sources */ = {isa = PBXBuildFile; fileRef = EC09D9992526224B00C01AC2 /* AUBase.cpp */; };
		EC09D9C52526224B00C01AC2 /* AUMIDIBase.cpp in Sources */ = {isa = PBXBuildFile; fileRef = EC09D99F2526224B00C01AC2 /* AUMIDIBase.cpp */; };
		EC09D9C62526224B00C01AC2 /* AUOutputElement.cpp in Sources */ = {isa = PBXBuildFile; fileRef = EC09D9A02526224B00C01AC2 /* AUOutputElement.cpp */; };
		EC09D9C72526224B00C01AC2 /* AUEffectBase.cpp in Sources */ = {isa = PBXBuildFile; fileRef = EC09D9A32526224B00C01AC2 /* AUEffectBase.cpp */; };
		EC09D9C82526224B00C01AC2 /* AUPlugInDispatch.cpp in Sources */ = {isa = PBXBuildFile; fileRef = EC09D9A42526224B00C01AC2 /* AUPlugInDispatch.cpp */; };
		EC09D9C92526224B00C01AC2 /* AUBuffer.cpp in Sources */ = {isa = PBXBuildFile; fileRef = EC09D9A72526224B00C01AC2 /* AUBuffer.cpp */; };
		EC09D9CA2526224B00C01AC2 /* AUMIDIEffectBase.cpp in Sources */ = {isa = PBXBuildFile; fileRef = EC09D9A82526224B00C01AC2 /* AUMIDIEffectBase.cpp */; };
		EC09D9CB2526224B00C01AC2 /* AUInputElement.cpp in Sources */ = {isa = PBXBuildFile; fileRef = EC09D9AD2526224B00C01AC2 /* AUInputElement.cpp */; };
		EC2F843424A7C27400F29321 /* dfxmisc.mm in Sources */ = {isa = PBXBuildFile; fileRef = EC2F843324A7C27400F29321 /* dfxmisc.mm */; };
		EC40EDAE20DB4B7100F5C0A7 /* dfxguimisc.mm in Sources */ = {isa = PBXBuildFile; fileRef = EC40EDAD20DB4B7100F5C0A7 /* dfxguimisc.mm */; settings = {COMPILER_FLAGS = "$(inherited) $(DFX_GUI_COMPILER_FLAGS)"; }; };
		EC4FB17D256AE0FA00AFC27A /* AUBufferAllocator.cpp in Sources */ = {isa = PBXBuildFile; fileRef = EC4FB17C256AE0FA00AFC27A /* AUBufferAllocator.cpp */; };
		EC521482256C20B0008479F0 /* slider-handle-red.png in Resources */ = {isa = PBXBuildFile; fileRef = EC521481256C20B0008479F0 /* slider-handle-red.png */; };
		EC521485256C20B4008479F0 /* slider-handle-white.png in Resources */ = {isa = PBXBuildFile; fileRef = EC521484256C20B4008479F0 /* slider-handle-white.png */; };
		EC521488256C20B7008479F0 /* slider-handle-yellow.png in Resources */ = {isa = PBXBuildFile; fileRef = EC521487256C20B7008479F0 /* slider-handle-yellow.png */; };
		EC65038624CDCFE5003C93EA /* dfxgui-fontfactory.mm in Sources */ = {isa = PBXBuildFile; fileRef = EC65038524CDCFE5003C93EA /* dfxgui-fontfactory.mm */; settings = {COMPILER_FLAGS = "$(inherited) $(DFX_GUI_COMPILER_FLAGS)"; }; };
		EC89B315208D298000E15129 /* Accelerate.framework in Frameworks */ = {isa = PBXBuildFile; fileRef = EC89B30E208D297E00E15129 /* Accelerate.framework */; };
		EC89B316208D298000E15129 /* OpenGL.framework in Frameworks */ = {isa = PBXBuildFile; fileRef = EC89B30F208D297F00E15129 /* OpenGL.framework */; };
		EC89B317208D298000E15129 /* QuartzCore.framework in Frameworks */ = {isa = PBXBuildFile; fileRef = EC89B310208D297F00E15129 /* QuartzCore.framework */; };
		EC89B318208D298000E15129 /* Cocoa.framework in Frameworks */ = {isa = PBXBuildFile; fileRef = EC89B311208D297F00E15129 /* Cocoa.framework */; };
		EC89B319208D298000E15129 /* AudioUnit.framework in Frameworks */ = {isa = PBXBuildFile; fileRef = EC89B312208D297F00E15129 /* AudioUnit.framework */; };
		EC89B31A208D298000E15129 /* AudioToolbox.framework in Frameworks */ = {isa = PBXBuildFile; fileRef = EC89B313208D298000E15129 /* AudioToolbox.framework */; };
		EC89B31B208D298000E15129 /* Carbon.framework in Frameworks */ = {isa = PBXBuildFile; fileRef = EC89B314208D298000E15129 /* Carbon.framework */; };
		EC89B437208D326E00E15129 /* dfx-au-utilities-preset-files.m in Sources */ = {isa = PBXBuildFile; fileRef = EC89B436208D326E00E15129 /* dfx-au-utilities-preset-files.m */; };
		EC89B43E208D328D00E15129 /* dfxguidialog.cpp in Sources */ = {isa = PBXBuildFile; fileRef = EC89B438208D328B00E15129 /* dfxguidialog.cpp */; settings = {COMPILER_FLAGS = "$(inherited) $(DFX_GUI_COMPILER_FLAGS)"; }; };
		EC89B43F208D328D00E15129 /* dfxgui-auviewfactory.mm in Sources */ = {isa = PBXBuildFile; fileRef = EC89B43B208D328C00E15129 /* dfxgui-auviewfactory.mm */; settings = {COMPILER_FLAGS = "$(inherited) $(DFX_GUI_COMPILER_FLAGS)"; }; };
		EC89B4C3208D35D600E15129 /* vstgui_mac.mm in Sources */ = {isa = PBXBuildFile; fileRef = EC89B4C2208D35D500E15129 /* vstgui_mac.mm */; settings = {COMPILER_FLAGS = "$(inherited) $(DFX_GUI_COMPILER_FLAGS) -Wno-non-virtual-dtor -Wno-sign-compare -Wno-exit-time-destructors -Wno-implicit-fallthrough -Wno-deprecated-declarations -Wno-four-char-constants -fno-objc-arc"; }; };
		EC89B4D2208D35DA00E15129 /* plugguieditor.cpp in Sources */ = {isa = PBXBuildFile; fileRef = EC89B4CB208D35DA00E15129 /* plugguieditor.cpp */; settings = {COMPILER_FLAGS = "$(inherited) $(DFX_GUI_COMPILER_FLAGS) -Wno-non-virtual-dtor -Wno-deprecated-declarations -Wno-four-char-constants"; }; };
		ECC3B61412A6D62B00BA11D5 /* button-reson-algorithm.png in Resources */ = {isa = PBXBuildFile; fileRef = ECC3B61312A6D62B00BA11D5 /* button-reson-algorithm.png */; };
		ECC3B67312A7FAAF00BA11D5 /* dfxenvelope.cpp in Sources */ = {isa = PBXBuildFile; fileRef = ECC3B67212A7FAAF00BA11D5 /* dfxenvelope.cpp */; };
		ECC3B6E412B0276200BA11D5 /* button-bandwidth-mode.png in Resources */ = {isa = PBXBuildFile; fileRef = ECC3B6E312B0276200BA11D5 /* button-bandwidth-mode.png */; };
		ECC43127102F5208000B05A1 /* dfx-au-utilities.strings in Resources */ = {isa = PBXBuildFile; fileRef = ECC43125102F5208000B05A1 /* dfx-au-utilities.strings */; };
		ECC480F625253A1D00CDC0EB /* iirfilter.cpp in Sources */ = {isa = PBXBuildFile; fileRef = EC0EF4742525022200864283 /* iirfilter.cpp */; };
		ECDB2A6E21BA02AF00938F5C /* slider-handle-learn.png in Resources */ = {isa = PBXBuildFile; fileRef = 49BB475F07E53B4B00861708 /* slider-handle-learn.png */; };
		ECDB2A6F21BA02B200938F5C /* vslider-handle-learn.png in Resources */ = {isa = PBXBuildFile; fileRef = 49BB476907E53B4B00861708 /* vslider-handle-learn.png */; };
		ECF8587F25D2E4C000D92E27 /* px10.ttf in Resources */ = {isa = PBXBuildFile; fileRef = ECF8587E25D2E4C000D92E27 /* px10.ttf */; };
/* End PBXBuildFile section */

/* Begin PBXFileReference section */
		4918B60B0680FC9C0034CE15 /* dfxsettings.cpp */ = {isa = PBXFileReference; fileEncoding = 30; lastKnownFileType = sourcecode.cpp.cpp; path = dfxsettings.cpp; sourceTree = "<group>"; };
		4918B60C0680FC9C0034CE15 /* dfxsettings.h */ = {isa = PBXFileReference; fileEncoding = 30; lastKnownFileType = sourcecode.c.h; path = dfxsettings.h; sourceTree = "<group>"; };
		4932F4CA06801180006A9591 /* dfx-au-utilities.c */ = {isa = PBXFileReference; fileEncoding = 30; lastKnownFileType = sourcecode.c.c; path = "dfx-au-utilities.c"; sourceTree = "<group>"; };
		4932F4CB06801180006A9591 /* dfx-au-utilities.h */ = {isa = PBXFileReference; fileEncoding = 30; lastKnownFileType = sourcecode.c.h; path = "dfx-au-utilities.h"; sourceTree = "<group>"; };
		4932F4CC06801180006A9591 /* dfxdefines.h */ = {isa = PBXFileReference; fileEncoding = 30; lastKnownFileType = sourcecode.c.h; path = dfxdefines.h; sourceTree = "<group>"; };
		4932F4CD06801180006A9591 /* dfxmath.h */ = {isa = PBXFileReference; fileEncoding = 30; lastKnownFileType = sourcecode.c.h; path = dfxmath.h; sourceTree = "<group>"; };
		4932F4CE06801180006A9591 /* dfxparameter.cpp */ = {isa = PBXFileReference; fileEncoding = 30; lastKnownFileType = sourcecode.cpp.cpp; path = dfxparameter.cpp; sourceTree = "<group>"; };
		4932F4CF06801180006A9591 /* dfxparameter.h */ = {isa = PBXFileReference; fileEncoding = 30; lastKnownFileType = sourcecode.c.h; path = dfxparameter.h; sourceTree = "<group>"; };
		4932F4D006801180006A9591 /* dfxplugin-audiounit.cpp */ = {isa = PBXFileReference; fileEncoding = 30; lastKnownFileType = sourcecode.cpp.cpp; path = "dfxplugin-audiounit.cpp"; sourceTree = "<group>"; };
		4932F4D106801180006A9591 /* dfxplugin.cpp */ = {isa = PBXFileReference; fileEncoding = 30; lastKnownFileType = sourcecode.cpp.cpp; path = dfxplugin.cpp; sourceTree = "<group>"; };
		4932F4D206801180006A9591 /* dfxplugin.h */ = {isa = PBXFileReference; fileEncoding = 30; lastKnownFileType = sourcecode.c.h; path = dfxplugin.h; sourceTree = "<group>"; };
		4932F4D406801180006A9591 /* dfxpluginproperties.h */ = {isa = PBXFileReference; fileEncoding = 30; lastKnownFileType = sourcecode.c.h; path = dfxpluginproperties.h; sourceTree = "<group>"; };
		4932F4E0068011C9006A9591 /* dfxguieditor.cpp */ = {isa = PBXFileReference; fileEncoding = 30; lastKnownFileType = sourcecode.cpp.cpp; path = dfxguieditor.cpp; sourceTree = "<group>"; };
		4932F4E1068011C9006A9591 /* dfxguieditor.h */ = {isa = PBXFileReference; fileEncoding = 30; lastKnownFileType = sourcecode.c.h; path = dfxguieditor.h; sourceTree = "<group>"; };
		4932F4E2068011C9006A9591 /* dfxguibutton.cpp */ = {isa = PBXFileReference; fileEncoding = 30; lastKnownFileType = sourcecode.cpp.cpp; path = dfxguibutton.cpp; sourceTree = "<group>"; };
		4932F4E3068011C9006A9591 /* dfxguibutton.h */ = {isa = PBXFileReference; fileEncoding = 30; lastKnownFileType = sourcecode.c.h; path = dfxguibutton.h; sourceTree = "<group>"; };
		4932F4E4068011C9006A9591 /* dfxguicontrol.cpp */ = {isa = PBXFileReference; fileEncoding = 30; lastKnownFileType = sourcecode.cpp.cpp; path = dfxguicontrol.cpp; sourceTree = "<group>"; };
		4932F4E5068011C9006A9591 /* dfxguicontrol.h */ = {isa = PBXFileReference; fileEncoding = 30; lastKnownFileType = sourcecode.c.h; path = dfxguicontrol.h; sourceTree = "<group>"; };
		4932F4E6068011C9006A9591 /* dfxguitextdisplay.cpp */ = {isa = PBXFileReference; fileEncoding = 30; lastKnownFileType = sourcecode.cpp.cpp; path = dfxguitextdisplay.cpp; sourceTree = "<group>"; };
		4932F4E7068011C9006A9591 /* dfxguitextdisplay.h */ = {isa = PBXFileReference; fileEncoding = 30; lastKnownFileType = sourcecode.c.h; path = dfxguitextdisplay.h; sourceTree = "<group>"; };
		4932F4E8068011C9006A9591 /* dfxguislider.cpp */ = {isa = PBXFileReference; fileEncoding = 30; lastKnownFileType = sourcecode.cpp.cpp; path = dfxguislider.cpp; sourceTree = "<group>"; };
		4932F4E9068011C9006A9591 /* dfxguislider.h */ = {isa = PBXFileReference; fileEncoding = 30; lastKnownFileType = sourcecode.c.h; path = dfxguislider.h; sourceTree = "<group>"; };
		4932F4EA068011C9006A9591 /* dfxguimisc.cpp */ = {isa = PBXFileReference; fileEncoding = 30; lastKnownFileType = sourcecode.cpp.cpp; path = dfxguimisc.cpp; sourceTree = "<group>"; };
		4932F4EB068011C9006A9591 /* dfxguimisc.h */ = {isa = PBXFileReference; fileEncoding = 30; lastKnownFileType = sourcecode.c.h; path = dfxguimisc.h; sourceTree = "<group>"; };
		4932F7990680E859006A9591 /* dfxmidi.cpp */ = {isa = PBXFileReference; fileEncoding = 30; lastKnownFileType = sourcecode.cpp.cpp; path = dfxmidi.cpp; sourceTree = "<group>"; };
		4932F79A0680E859006A9591 /* dfxmidi.h */ = {isa = PBXFileReference; fileEncoding = 30; lastKnownFileType = sourcecode.c.h; path = dfxmidi.h; sourceTree = "<group>"; };
		49BB472107E53A6700861708 /* rezsynth.h */ = {isa = PBXFileReference; fileEncoding = 30; lastKnownFileType = sourcecode.c.h; path = rezsynth.h; sourceTree = "<group>"; };
		49BB472207E53A6700861708 /* rezsynthdef.h */ = {isa = PBXFileReference; fileEncoding = 30; lastKnownFileType = sourcecode.c.h; path = rezsynthdef.h; sourceTree = "<group>"; };
		49BB472307E53A6700861708 /* rezsynthformalities.cpp */ = {isa = PBXFileReference; fileEncoding = 30; lastKnownFileType = sourcecode.cpp.cpp; path = rezsynthformalities.cpp; sourceTree = "<group>"; };
		49BB472407E53A6700861708 /* rezsynthprocess.cpp */ = {isa = PBXFileReference; fileEncoding = 30; lastKnownFileType = sourcecode.cpp.cpp; path = rezsynthprocess.cpp; sourceTree = "<group>"; };
		49BB472507E53A6700861708 /* rezsynthsubprocesses.cpp */ = {isa = PBXFileReference; fileEncoding = 30; lastKnownFileType = sourcecode.cpp.cpp; path = rezsynthsubprocesses.cpp; sourceTree = "<group>"; };
		49BB472F07E53A9A00861708 /* rezsynth.exp */ = {isa = PBXFileReference; fileEncoding = 30; lastKnownFileType = sourcecode.exports; name = rezsynth.exp; path = mac/rezsynth.exp; sourceTree = "<group>"; };
		49BB474C07E53B0200861708 /* rezsyntheditor.cpp */ = {isa = PBXFileReference; fileEncoding = 30; lastKnownFileType = sourcecode.cpp.cpp; name = rezsyntheditor.cpp; path = gui/rezsyntheditor.cpp; sourceTree = "<group>"; };
		49BB474D07E53B0200861708 /* rezsyntheditor.h */ = {isa = PBXFileReference; fileEncoding = 30; lastKnownFileType = sourcecode.c.h; name = rezsyntheditor.h; path = gui/rezsyntheditor.h; sourceTree = "<group>"; };
		49BB475907E53B4B00861708 /* button-destroyfx.png */ = {isa = PBXFileReference; lastKnownFileType = image.png; path = "button-destroyfx.png"; sourceTree = "<group>"; };
		49BB475A07E53B4B00861708 /* button-mix-mode.png */ = {isa = PBXFileReference; lastKnownFileType = image.png; path = "button-mix-mode.png"; sourceTree = "<group>"; };
		49BB475B07E53B4B00861708 /* button-envelopes.png */ = {isa = PBXFileReference; lastKnownFileType = image.png; path = "button-envelopes.png"; sourceTree = "<group>"; };
		49BB475C07E53B4B00861708 /* button-foldover.png */ = {isa = PBXFileReference; lastKnownFileType = image.png; path = "button-foldover.png"; sourceTree = "<group>"; };
		49BB475F07E53B4B00861708 /* slider-handle-learn.png */ = {isa = PBXFileReference; lastKnownFileType = image.png; path = "slider-handle-learn.png"; sourceTree = "<group>"; };
		49BB476007E53B4B00861708 /* slider-handle-magenta.png */ = {isa = PBXFileReference; lastKnownFileType = image.png; path = "slider-handle-magenta.png"; sourceTree = "<group>"; };
		49BB476107E53B4B00861708 /* button-legato.png */ = {isa = PBXFileReference; lastKnownFileType = image.png; path = "button-legato.png"; sourceTree = "<group>"; };
		49BB476207E53B4B00861708 /* button-midi-learn.png */ = {isa = PBXFileReference; lastKnownFileType = image.png; path = "button-midi-learn.png"; sourceTree = "<group>"; };
		49BB476307E53B4B00861708 /* button-midi-reset.png */ = {isa = PBXFileReference; lastKnownFileType = image.png; path = "button-midi-reset.png"; sourceTree = "<group>"; };
		49BB476407E53B4B00861708 /* background.png */ = {isa = PBXFileReference; lastKnownFileType = image.png; path = background.png; sourceTree = "<group>"; };
		49BB476507E53B4B00861708 /* button-scaling-mode.png */ = {isa = PBXFileReference; lastKnownFileType = image.png; path = "button-scaling-mode.png"; sourceTree = "<group>"; };
		49BB476607E53B4B00861708 /* button-separation-mode.png */ = {isa = PBXFileReference; lastKnownFileType = image.png; path = "button-separation-mode.png"; sourceTree = "<group>"; };
		49BB476907E53B4B00861708 /* vslider-handle-learn.png */ = {isa = PBXFileReference; lastKnownFileType = image.png; path = "vslider-handle-learn.png"; sourceTree = "<group>"; };
		49BB476A07E53B4B00861708 /* vslider-handle-green.png */ = {isa = PBXFileReference; lastKnownFileType = image.png; path = "vslider-handle-green.png"; sourceTree = "<group>"; };
		49BB476C07E53B4B00861708 /* button-wise-amp.png */ = {isa = PBXFileReference; lastKnownFileType = image.png; path = "button-wise-amp.png"; sourceTree = "<group>"; };
		8D01CCD20486CAD60068D4B7 /* dfx Rez Synth.component */ = {isa = PBXFileReference; explicitFileType = wrapper.cfbundle; includeInIndex = 0; path = "dfx Rez Synth.component"; sourceTree = BUILT_PRODUCTS_DIR; };
		B028C2BB0D0F323700ADA1DA /* destroyfx.icns */ = {isa = PBXFileReference; lastKnownFileType = image.icns; name = destroyfx.icns; path = "../../dfx-library/destroyfx.icns"; sourceTree = "<group>"; };
		B06E6100097ACA2F00AC582C /* dfx-au-utilities-private.h */ = {isa = PBXFileReference; fileEncoding = 30; lastKnownFileType = sourcecode.c.h; path = "dfx-au-utilities-private.h"; sourceTree = "<group>"; };
		EC09D9952526224B00C01AC2 /* ComponentBase.cpp */ = {isa = PBXFileReference; fileEncoding = 4; lastKnownFileType = sourcecode.cpp.cpp; path = ComponentBase.cpp; sourceTree = "<group>"; };
		EC09D9972526224B00C01AC2 /* AUScopeElement.cpp */ = {isa = PBXFileReference; fileEncoding = 4; lastKnownFileType = sourcecode.cpp.cpp; path = AUScopeElement.cpp; sourceTree = "<group>"; };
		EC09D9982526224B00C01AC2 /* ComponentBase.h */ = {isa = PBXFileReference; fileEncoding = 4; lastKnownFileType = sourcecode.c.h; path = ComponentBase.h; sourceTree = "<group>"; };
		EC09D9992526224B00C01AC2 /* AUBase.cpp */ = {isa = PBXFileReference; fileEncoding = 4; lastKnownFileType = sourcecode.cpp.cpp; path = AUBase.cpp; sourceTree = "<group>"; };
		EC09D99A2526224B00C01AC2 /* AUInputElement.h */ = {isa = PBXFileReference; fileEncoding = 4; lastKnownFileType = sourcecode.c.h; path = AUInputElement.h; sourceTree = "<group>"; };
		EC09D99B2526224B00C01AC2 /* AUMIDIEffectBase.h */ = {isa = PBXFileReference; fileEncoding = 4; lastKnownFileType = sourcecode.c.h; path = AUMIDIEffectBase.h; sourceTree = "<group>"; };
		EC09D99C2526224B00C01AC2 /* AUBase.h */ = {isa = PBXFileReference; fileEncoding = 4; lastKnownFileType = sourcecode.c.h; path = AUBase.h; sourceTree = "<group>"; };
		EC09D99D2526224B00C01AC2 /* AUPlugInDispatch.h */ = {isa = PBXFileReference; fileEncoding = 4; lastKnownFileType = sourcecode.c.h; path = AUPlugInDispatch.h; sourceTree = "<group>"; };
		EC09D99E2526224B00C01AC2 /* AUMIDIBase.h */ = {isa = PBXFileReference; fileEncoding = 4; lastKnownFileType = sourcecode.c.h; path = AUMIDIBase.h; sourceTree = "<group>"; };
		EC09D99F2526224B00C01AC2 /* AUMIDIBase.cpp */ = {isa = PBXFileReference; fileEncoding = 4; lastKnownFileType = sourcecode.cpp.cpp; path = AUMIDIBase.cpp; sourceTree = "<group>"; };
		EC09D9A02526224B00C01AC2 /* AUOutputElement.cpp */ = {isa = PBXFileReference; fileEncoding = 4; lastKnownFileType = sourcecode.cpp.cpp; path = AUOutputElement.cpp; sourceTree = "<group>"; };
		EC09D9A12526224B00C01AC2 /* AUUtility.h */ = {isa = PBXFileReference; fileEncoding = 4; lastKnownFileType = sourcecode.c.h; path = AUUtility.h; sourceTree = "<group>"; };
		EC09D9A22526224B00C01AC2 /* AUSilentTimeout.h */ = {isa = PBXFileReference; fileEncoding = 4; lastKnownFileType = sourcecode.c.h; path = AUSilentTimeout.h; sourceTree = "<group>"; };
		EC09D9A32526224B00C01AC2 /* AUEffectBase.cpp */ = {isa = PBXFileReference; fileEncoding = 4; lastKnownFileType = sourcecode.cpp.cpp; path = AUEffectBase.cpp; sourceTree = "<group>"; };
		EC09D9A42526224B00C01AC2 /* AUPlugInDispatch.cpp */ = {isa = PBXFileReference; fileEncoding = 4; lastKnownFileType = sourcecode.cpp.cpp; path = AUPlugInDispatch.cpp; sourceTree = "<group>"; };
		EC09D9A52526224B00C01AC2 /* AUEffectBase.h */ = {isa = PBXFileReference; fileEncoding = 4; lastKnownFileType = sourcecode.c.h; path = AUEffectBase.h; sourceTree = "<group>"; };
		EC09D9A62526224B00C01AC2 /* AUOutputElement.h */ = {isa = PBXFileReference; fileEncoding = 4; lastKnownFileType = sourcecode.c.h; path = AUOutputElement.h; sourceTree = "<group>"; };
		EC09D9A72526224B00C01AC2 /* AUBuffer.cpp */ = {isa = PBXFileReference; fileEncoding = 4; lastKnownFileType = sourcecode.cpp.cpp; path = AUBuffer.cpp; sourceTree = "<group>"; };
		EC09D9A82526224B00C01AC2 /* AUMIDIEffectBase.cpp */ = {isa = PBXFileReference; fileEncoding = 4; lastKnownFileType = sourcecode.cpp.cpp; path = AUMIDIEffectBase.cpp; sourceTree = "<group>"; };
		EC09D9AA2526224B00C01AC2 /* AUBuffer.h */ = {isa = PBXFileReference; fileEncoding = 4; lastKnownFileType = sourcecode.c.h; path = AUBuffer.h; sourceTree = "<group>"; };
		EC09D9AB2526224B00C01AC2 /* AUScopeElement.h */ = {isa = PBXFileReference; fileEncoding = 4; lastKnownFileType = sourcecode.c.h; path = AUScopeElement.h; sourceTree = "<group>"; };
		EC09D9AC2526224B00C01AC2 /* AudioUnitSDK.h */ = {isa = PBXFileReference; fileEncoding = 4; lastKnownFileType = sourcecode.c.h; path = AudioUnitSDK.h; sourceTree = "<group>"; };
		EC09D9AD2526224B00C01AC2 /* AUInputElement.cpp */ = {isa = PBXFileReference; fileEncoding = 4; lastKnownFileType = sourcecode.cpp.cpp; path = AUInputElement.cpp; sourceTree = "<group>"; };
		EC0EF4732525022200864283 /* iirfilter.h */ = {isa = PBXFileReference; fileEncoding = 4; lastKnownFileType = sourcecode.c.h; path = iirfilter.h; sourceTree = "<group>"; };
		EC0EF4742525022200864283 /* iirfilter.cpp */ = {isa = PBXFileReference; fileEncoding = 4; lastKnownFileType = sourcecode.cpp.cpp; path = iirfilter.cpp; sourceTree = "<group>"; };
		EC2F843324A7C27400F29321 /* dfxmisc.mm */ = {isa = PBXFileReference; fileEncoding = 4; lastKnownFileType = sourcecode.cpp.objcpp; path = dfxmisc.mm; sourceTree = "<group>"; };
		EC390FF220CCAA0F00A62FDE /* es */ = {isa = PBXFileReference; fileEncoding = 10; lastKnownFileType = text.plist.strings; name = es; path = "../../dfx-library/es.lproj/dfx-au-utilities.strings"; sourceTree = "<group>"; };
		EC40EDAD20DB4B7100F5C0A7 /* dfxguimisc.mm */ = {isa = PBXFileReference; fileEncoding = 4; lastKnownFileType = sourcecode.cpp.objcpp; path = dfxguimisc.mm; sourceTree = "<group>"; };
		EC4FB17C256AE0FA00AFC27A /* AUBufferAllocator.cpp */ = {isa = PBXFileReference; fileEncoding = 4; lastKnownFileType = sourcecode.cpp.cpp; path = AUBufferAllocator.cpp; sourceTree = "<group>"; };
		EC521481256C20B0008479F0 /* slider-handle-red.png */ = {isa = PBXFileReference; lastKnownFileType = image.png; path = "slider-handle-red.png"; sourceTree = "<group>"; };
		EC521484256C20B4008479F0 /* slider-handle-white.png */ = {isa = PBXFileReference; lastKnownFileType = image.png; path = "slider-handle-white.png"; sourceTree = "<group>"; };
		EC521487256C20B7008479F0 /* slider-handle-yellow.png */ = {isa = PBXFileReference; lastKnownFileType = image.png; path = "slider-handle-yellow.png"; sourceTree = "<group>"; };
		EC5CC730210EDED6007CCD6B /* idfxguicontrol.h */ = {isa = PBXFileReference; fileEncoding = 4; lastKnownFileType = sourcecode.c.h; path = idfxguicontrol.h; sourceTree = "<group>"; };
		EC5CC731210EDED6007CCD6B /* dfxguicontrol.hpp */ = {isa = PBXFileReference; fileEncoding = 4; lastKnownFileType = sourcecode.cpp.h; path = dfxguicontrol.hpp; sourceTree = "<group>"; };
		EC65038224CD261C003C93EA /* dfxgui-fontfactory.h */ = {isa = PBXFileReference; fileEncoding = 4; indentWidth = 2; lastKnownFileType = sourcecode.c.h; path = "dfxgui-fontfactory.h"; sourceTree = "<group>"; usesTabs = 0; };
		EC65038324CD261C003C93EA /* dfxgui-fontfactory.cpp */ = {isa = PBXFileReference; fileEncoding = 4; indentWidth = 2; lastKnownFileType = sourcecode.cpp.cpp; path = "dfxgui-fontfactory.cpp"; sourceTree = "<group>"; usesTabs = 0; };
		EC65038524CDCFE5003C93EA /* dfxgui-fontfactory.mm */ = {isa = PBXFileReference; fileEncoding = 4; lastKnownFileType = sourcecode.cpp.objcpp; path = "dfxgui-fontfactory.mm"; sourceTree = "<group>"; };
		EC89B30E208D297E00E15129 /* Accelerate.framework */ = {isa = PBXFileReference; lastKnownFileType = wrapper.framework; name = Accelerate.framework; path = System/Library/Frameworks/Accelerate.framework; sourceTree = SDKROOT; };
		EC89B30F208D297F00E15129 /* OpenGL.framework */ = {isa = PBXFileReference; lastKnownFileType = wrapper.framework; name = OpenGL.framework; path = System/Library/Frameworks/OpenGL.framework; sourceTree = SDKROOT; };
		EC89B310208D297F00E15129 /* QuartzCore.framework */ = {isa = PBXFileReference; lastKnownFileType = wrapper.framework; name = QuartzCore.framework; path = System/Library/Frameworks/QuartzCore.framework; sourceTree = SDKROOT; };
		EC89B311208D297F00E15129 /* Cocoa.framework */ = {isa = PBXFileReference; lastKnownFileType = wrapper.framework; name = Cocoa.framework; path = System/Library/Frameworks/Cocoa.framework; sourceTree = SDKROOT; };
		EC89B312208D297F00E15129 /* AudioUnit.framework */ = {isa = PBXFileReference; lastKnownFileType = wrapper.framework; name = AudioUnit.framework; path = System/Library/Frameworks/AudioUnit.framework; sourceTree = SDKROOT; };
		EC89B313208D298000E15129 /* AudioToolbox.framework */ = {isa = PBXFileReference; lastKnownFileType = wrapper.framework; name = AudioToolbox.framework; path = System/Library/Frameworks/AudioToolbox.framework; sourceTree = SDKROOT; };
		EC89B314208D298000E15129 /* Carbon.framework */ = {isa = PBXFileReference; lastKnownFileType = wrapper.framework; name = Carbon.framework; path = System/Library/Frameworks/Carbon.framework; sourceTree = SDKROOT; };
		EC89B435208D326D00E15129 /* dfxplugin-base.h */ = {isa = PBXFileReference; fileEncoding = 4; lastKnownFileType = sourcecode.c.h; path = "dfxplugin-base.h"; sourceTree = "<group>"; };
		EC89B436208D326E00E15129 /* dfx-au-utilities-preset-files.m */ = {isa = PBXFileReference; fileEncoding = 4; lastKnownFileType = sourcecode.c.objc; path = "dfx-au-utilities-preset-files.m"; sourceTree = "<group>"; };
		EC89B438208D328B00E15129 /* dfxguidialog.cpp */ = {isa = PBXFileReference; fileEncoding = 4; lastKnownFileType = sourcecode.cpp.cpp; path = dfxguidialog.cpp; sourceTree = "<group>"; };
		EC89B439208D328B00E15129 /* dfxgui-base.h */ = {isa = PBXFileReference; fileEncoding = 4; lastKnownFileType = sourcecode.c.h; path = "dfxgui-base.h"; sourceTree = "<group>"; };
		EC89B43A208D328B00E15129 /* dfxguidialog.h */ = {isa = PBXFileReference; fileEncoding = 4; lastKnownFileType = sourcecode.c.h; path = dfxguidialog.h; sourceTree = "<group>"; };
		EC89B43B208D328C00E15129 /* dfxgui-auviewfactory.mm */ = {isa = PBXFileReference; fileEncoding = 4; lastKnownFileType = sourcecode.cpp.objcpp; path = "dfxgui-auviewfactory.mm"; sourceTree = "<group>"; };
		EC89B43C208D328C00E15129 /* dfxgui-auviewfactory.h */ = {isa = PBXFileReference; fileEncoding = 4; lastKnownFileType = sourcecode.c.h; path = "dfxgui-auviewfactory.h"; sourceTree = "<group>"; };
		EC89B43D208D328D00E15129 /* dfxgui.h */ = {isa = PBXFileReference; fileEncoding = 4; lastKnownFileType = sourcecode.c.h; path = dfxgui.h; sourceTree = "<group>"; };
		EC89B4C2208D35D500E15129 /* vstgui_mac.mm */ = {isa = PBXFileReference; fileEncoding = 4; lastKnownFileType = sourcecode.cpp.objcpp; path = vstgui_mac.mm; sourceTree = "<group>"; };
		EC89B4C9208D35D900E15129 /* plugguieditor.h */ = {isa = PBXFileReference; fileEncoding = 4; lastKnownFileType = sourcecode.c.h; path = plugguieditor.h; sourceTree = "<group>"; };
		EC89B4CB208D35DA00E15129 /* plugguieditor.cpp */ = {isa = PBXFileReference; fileEncoding = 4; lastKnownFileType = sourcecode.cpp.cpp; path = plugguieditor.cpp; sourceTree = "<group>"; };
		EC9841871030C46000FA3B2B /* dfxplugin-au-debug.xcconfig */ = {isa = PBXFileReference; fileEncoding = 4; lastKnownFileType = text.xcconfig; name = "dfxplugin-au-debug.xcconfig"; path = "xcode/dfxplugin-au-debug.xcconfig"; sourceTree = "<group>"; };
		EC9841881030C46000FA3B2B /* dfxplugin-au-release.xcconfig */ = {isa = PBXFileReference; fileEncoding = 4; lastKnownFileType = text.xcconfig; name = "dfxplugin-au-release.xcconfig"; path = "xcode/dfxplugin-au-release.xcconfig"; sourceTree = "<group>"; };
		ECBC735A221BC7380021D296 /* idfxsmoothedvalue.h */ = {isa = PBXFileReference; fileEncoding = 4; lastKnownFileType = sourcecode.c.h; path = idfxsmoothedvalue.h; sourceTree = "<group>"; };
		ECBC735B221BC7380021D296 /* dfxsmoothedvalue.h */ = {isa = PBXFileReference; fileEncoding = 4; lastKnownFileType = sourcecode.c.h; path = dfxsmoothedvalue.h; sourceTree = "<group>"; };
		ECBC735C221BC7380021D296 /* dfxsmoothedvalue.hpp */ = {isa = PBXFileReference; fileEncoding = 4; lastKnownFileType = sourcecode.cpp.h; path = dfxsmoothedvalue.hpp; sourceTree = "<group>"; };
		ECC3B5CF12A60A6300BA11D5 /* dfxmisc.cpp */ = {isa = PBXFileReference; fileEncoding = 4; lastKnownFileType = sourcecode.cpp.cpp; path = dfxmisc.cpp; sourceTree = "<group>"; };
		ECC3B5D012A60A6300BA11D5 /* dfxmisc.h */ = {isa = PBXFileReference; fileEncoding = 4; lastKnownFileType = sourcecode.c.h; path = dfxmisc.h; sourceTree = "<group>"; };
		ECC3B61312A6D62B00BA11D5 /* button-reson-algorithm.png */ = {isa = PBXFileReference; lastKnownFileType = image.png; path = "button-reson-algorithm.png"; sourceTree = "<group>"; };
		ECC3B67012A7FA9C00BA11D5 /* dfxenvelope.h */ = {isa = PBXFileReference; fileEncoding = 4; lastKnownFileType = sourcecode.c.h; path = dfxenvelope.h; sourceTree = "<group>"; };
		ECC3B67212A7FAAF00BA11D5 /* dfxenvelope.cpp */ = {isa = PBXFileReference; fileEncoding = 4; lastKnownFileType = sourcecode.cpp.cpp; path = dfxenvelope.cpp; sourceTree = "<group>"; };
		ECC3B6E312B0276200BA11D5 /* button-bandwidth-mode.png */ = {isa = PBXFileReference; lastKnownFileType = image.png; path = "button-bandwidth-mode.png"; sourceTree = "<group>"; };
		ECC43126102F5208000B05A1 /* en */ = {isa = PBXFileReference; fileEncoding = 10; lastKnownFileType = text.plist.strings; name = en; path = "../../dfx-library/en.lproj/dfx-au-utilities.strings"; sourceTree = "<group>"; };
		ECC43128102F520F000B05A1 /* fr */ = {isa = PBXFileReference; fileEncoding = 10; lastKnownFileType = text.plist.strings; name = fr; path = "../../dfx-library/fr.lproj/dfx-au-utilities.strings"; sourceTree = "<group>"; };
		ECC43129102F5219000B05A1 /* nl */ = {isa = PBXFileReference; fileEncoding = 10; lastKnownFileType = text.plist.strings; name = nl; path = "../../dfx-library/nl.lproj/dfx-au-utilities.strings"; sourceTree = "<group>"; };
		ECD0B25120CC2FB3006CD7D1 /* de */ = {isa = PBXFileReference; fileEncoding = 10; lastKnownFileType = text.plist.strings; name = de; path = "../../dfx-library/de.lproj/dfx-au-utilities.strings"; sourceTree = "<group>"; };
		ECF8587E25D2E4C000D92E27 /* px10.ttf */ = {isa = PBXFileReference; lastKnownFileType = file; name = px10.ttf; path = ../../fonts/px10.ttf; sourceTree = "<group>"; };
/* End PBXFileReference section */

/* Begin PBXFrameworksBuildPhase section */
		8D01CCCD0486CAD60068D4B7 /* Frameworks */ = {
			isa = PBXFrameworksBuildPhase;
			buildActionMask = 2147483647;
			files = (
				EC89B315208D298000E15129 /* Accelerate.framework in Frameworks */,
				EC89B31A208D298000E15129 /* AudioToolbox.framework in Frameworks */,
				EC89B319208D298000E15129 /* AudioUnit.framework in Frameworks */,
				EC89B31B208D298000E15129 /* Carbon.framework in Frameworks */,
				EC89B318208D298000E15129 /* Cocoa.framework in Frameworks */,
				EC89B316208D298000E15129 /* OpenGL.framework in Frameworks */,
				EC89B317208D298000E15129 /* QuartzCore.framework in Frameworks */,
			);
			runOnlyForDeploymentPostprocessing = 0;
		};
/* End PBXFrameworksBuildPhase section */

/* Begin PBXGroup section */
		089C166AFE841209C02AAC07 /* turntablist */ = {
			isa = PBXGroup;
			children = (
				08FB77ADFE841716C02AAC07 /* Rez Synth */,
				4932F4C6068010F8006A9591 /* DFX Library */,
				4932F4C906801110006A9591 /* DFX GUI */,
				EC09D98B2526224B00C01AC2 /* AudioUnitSDK */,
				EC89B4C1208D35BB00E15129 /* VSTGUI */,
				089C167CFE841241C02AAC07 /* Resources */,
				089C1671FE841209C02AAC07 /* Frameworks */,
				19C28FB4FE9D528D11CA2CBB /* Products */,
			);
			name = turntablist;
			sourceTree = "<group>";
		};
		089C1671FE841209C02AAC07 /* Frameworks */ = {
			isa = PBXGroup;
			children = (
				EC89B30E208D297E00E15129 /* Accelerate.framework */,
				EC89B313208D298000E15129 /* AudioToolbox.framework */,
				EC89B312208D297F00E15129 /* AudioUnit.framework */,
				EC89B314208D298000E15129 /* Carbon.framework */,
				EC89B311208D297F00E15129 /* Cocoa.framework */,
				EC89B30F208D297F00E15129 /* OpenGL.framework */,
				EC89B310208D297F00E15129 /* QuartzCore.framework */,
			);
			name = Frameworks;
			sourceTree = "<group>";
		};
		089C167CFE841241C02AAC07 /* Resources */ = {
			isa = PBXGroup;
			children = (
				4905A972067F716E00000F0C /* graphics */,
				B028C2BB0D0F323700ADA1DA /* destroyfx.icns */,
				ECC43125102F5208000B05A1 /* dfx-au-utilities.strings */,
				ECF8587E25D2E4C000D92E27 /* px10.ttf */,
			);
			name = Resources;
			sourceTree = "<group>";
		};
		08FB77ADFE841716C02AAC07 /* Rez Synth */ = {
			isa = PBXGroup;
			children = (
				49BB472107E53A6700861708 /* rezsynth.h */,
				49BB472307E53A6700861708 /* rezsynthformalities.cpp */,
				49BB472507E53A6700861708 /* rezsynthsubprocesses.cpp */,
				49BB472407E53A6700861708 /* rezsynthprocess.cpp */,
				49BB474D07E53B0200861708 /* rezsyntheditor.h */,
				49BB474C07E53B0200861708 /* rezsyntheditor.cpp */,
				49BB472207E53A6700861708 /* rezsynthdef.h */,
				49BB472F07E53A9A00861708 /* rezsynth.exp */,
			);
			name = "Rez Synth";
			path = ..;
			sourceTree = SOURCE_ROOT;
		};
		19C28FB4FE9D528D11CA2CBB /* Products */ = {
			isa = PBXGroup;
			children = (
				8D01CCD20486CAD60068D4B7 /* dfx Rez Synth.component */,
			);
			name = Products;
			sourceTree = "<group>";
		};
		4905A972067F716E00000F0C /* graphics */ = {
			isa = PBXGroup;
			children = (
				49BB476407E53B4B00861708 /* background.png */,
				49BB476007E53B4B00861708 /* slider-handle-magenta.png */,
				EC521481256C20B0008479F0 /* slider-handle-red.png */,
				EC521484256C20B4008479F0 /* slider-handle-white.png */,
				EC521487256C20B7008479F0 /* slider-handle-yellow.png */,
				49BB475F07E53B4B00861708 /* slider-handle-learn.png */,
				49BB476A07E53B4B00861708 /* vslider-handle-green.png */,
				49BB476907E53B4B00861708 /* vslider-handle-learn.png */,
				ECC3B61312A6D62B00BA11D5 /* button-reson-algorithm.png */,
				ECC3B6E312B0276200BA11D5 /* button-bandwidth-mode.png */,
				49BB476607E53B4B00861708 /* button-separation-mode.png */,
				49BB476507E53B4B00861708 /* button-scaling-mode.png */,
				49BB475B07E53B4B00861708 /* button-envelopes.png */,
				49BB476107E53B4B00861708 /* button-legato.png */,
				49BB475C07E53B4B00861708 /* button-foldover.png */,
				49BB476C07E53B4B00861708 /* button-wise-amp.png */,
				49BB475A07E53B4B00861708 /* button-mix-mode.png */,
				49BB476207E53B4B00861708 /* button-midi-learn.png */,
				49BB476307E53B4B00861708 /* button-midi-reset.png */,
				49BB475907E53B4B00861708 /* button-destroyfx.png */,
			);
			name = graphics;
			path = ../gui/graphics;
			sourceTree = SOURCE_ROOT;
		};
		4932F4C6068010F8006A9591 /* DFX Library */ = {
			isa = PBXGroup;
			children = (
				4932F4CC06801180006A9591 /* dfxdefines.h */,
				EC89B435208D326D00E15129 /* dfxplugin-base.h */,
				4932F4D206801180006A9591 /* dfxplugin.h */,
				4932F4D106801180006A9591 /* dfxplugin.cpp */,
				4932F4D406801180006A9591 /* dfxpluginproperties.h */,
				4932F4D006801180006A9591 /* dfxplugin-audiounit.cpp */,
				4932F4CF06801180006A9591 /* dfxparameter.h */,
				4932F4CE06801180006A9591 /* dfxparameter.cpp */,
				ECC3B5D012A60A6300BA11D5 /* dfxmisc.h */,
				ECC3B5CF12A60A6300BA11D5 /* dfxmisc.cpp */,
				EC2F843324A7C27400F29321 /* dfxmisc.mm */,
				4932F4CD06801180006A9591 /* dfxmath.h */,
				ECBC735A221BC7380021D296 /* idfxsmoothedvalue.h */,
				ECBC735B221BC7380021D296 /* dfxsmoothedvalue.h */,
				ECBC735C221BC7380021D296 /* dfxsmoothedvalue.hpp */,
				4932F4CB06801180006A9591 /* dfx-au-utilities.h */,
				4932F4CA06801180006A9591 /* dfx-au-utilities.c */,
				B06E6100097ACA2F00AC582C /* dfx-au-utilities-private.h */,
				EC89B436208D326E00E15129 /* dfx-au-utilities-preset-files.m */,
				4932F79A0680E859006A9591 /* dfxmidi.h */,
				4932F7990680E859006A9591 /* dfxmidi.cpp */,
				4918B60C0680FC9C0034CE15 /* dfxsettings.h */,
				4918B60B0680FC9C0034CE15 /* dfxsettings.cpp */,
				ECC3B67012A7FA9C00BA11D5 /* dfxenvelope.h */,
				ECC3B67212A7FAAF00BA11D5 /* dfxenvelope.cpp */,
				EC0EF4732525022200864283 /* iirfilter.h */,
				EC0EF4742525022200864283 /* iirfilter.cpp */,
				EC9841871030C46000FA3B2B /* dfxplugin-au-debug.xcconfig */,
				EC9841881030C46000FA3B2B /* dfxplugin-au-release.xcconfig */,
			);
			name = "DFX Library";
			path = "../../dfx-library";
			sourceTree = SOURCE_ROOT;
		};
		4932F4C906801110006A9591 /* DFX GUI */ = {
			isa = PBXGroup;
			children = (
				EC89B43D208D328D00E15129 /* dfxgui.h */,
				EC89B439208D328B00E15129 /* dfxgui-base.h */,
				4932F4E1068011C9006A9591 /* dfxguieditor.h */,
				4932F4E0068011C9006A9591 /* dfxguieditor.cpp */,
				EC5CC730210EDED6007CCD6B /* idfxguicontrol.h */,
				4932F4E5068011C9006A9591 /* dfxguicontrol.h */,
				EC5CC731210EDED6007CCD6B /* dfxguicontrol.hpp */,
				4932F4E4068011C9006A9591 /* dfxguicontrol.cpp */,
				EC89B43A208D328B00E15129 /* dfxguidialog.h */,
				EC89B438208D328B00E15129 /* dfxguidialog.cpp */,
				4932F4EB068011C9006A9591 /* dfxguimisc.h */,
				4932F4EA068011C9006A9591 /* dfxguimisc.cpp */,
				EC40EDAD20DB4B7100F5C0A7 /* dfxguimisc.mm */,
				4932F4E9068011C9006A9591 /* dfxguislider.h */,
				4932F4E8068011C9006A9591 /* dfxguislider.cpp */,
				4932F4E7068011C9006A9591 /* dfxguitextdisplay.h */,
				4932F4E6068011C9006A9591 /* dfxguitextdisplay.cpp */,
				4932F4E3068011C9006A9591 /* dfxguibutton.h */,
				4932F4E2068011C9006A9591 /* dfxguibutton.cpp */,
				EC65038224CD261C003C93EA /* dfxgui-fontfactory.h */,
				EC65038324CD261C003C93EA /* dfxgui-fontfactory.cpp */,
				EC65038524CDCFE5003C93EA /* dfxgui-fontfactory.mm */,
				EC89B43C208D328C00E15129 /* dfxgui-auviewfactory.h */,
				EC89B43B208D328C00E15129 /* dfxgui-auviewfactory.mm */,
			);
			name = "DFX GUI";
			path = ../../dfxgui;
			sourceTree = SOURCE_ROOT;
		};
		EC09D98B2526224B00C01AC2 /* AudioUnitSDK */ = {
			isa = PBXGroup;
			children = (
				EC09D9942526224B00C01AC2 /* Source */,
			);
			name = AudioUnitSDK;
			path = ../../AudioUnitSDK;
			sourceTree = "<group>";
		};
		EC09D9942526224B00C01AC2 /* Source */ = {
			isa = PBXGroup;
			children = (
				EC09D99C2526224B00C01AC2 /* AUBase.h */,
				EC09D9992526224B00C01AC2 /* AUBase.cpp */,
				EC09D9AA2526224B00C01AC2 /* AUBuffer.h */,
				EC09D9A72526224B00C01AC2 /* AUBuffer.cpp */,
				EC4FB17C256AE0FA00AFC27A /* AUBufferAllocator.cpp */,
				EC09D9AC2526224B00C01AC2 /* AudioUnitSDK.h */,
				EC09D9A52526224B00C01AC2 /* AUEffectBase.h */,
				EC09D9A32526224B00C01AC2 /* AUEffectBase.cpp */,
				EC09D99A2526224B00C01AC2 /* AUInputElement.h */,
				EC09D9AD2526224B00C01AC2 /* AUInputElement.cpp */,
				EC09D99E2526224B00C01AC2 /* AUMIDIBase.h */,
				EC09D99F2526224B00C01AC2 /* AUMIDIBase.cpp */,
				EC09D99B2526224B00C01AC2 /* AUMIDIEffectBase.h */,
				EC09D9A82526224B00C01AC2 /* AUMIDIEffectBase.cpp */,
				EC09D9A62526224B00C01AC2 /* AUOutputElement.h */,
				EC09D9A02526224B00C01AC2 /* AUOutputElement.cpp */,
				EC09D99D2526224B00C01AC2 /* AUPlugInDispatch.h */,
				EC09D9A42526224B00C01AC2 /* AUPlugInDispatch.cpp */,
				EC09D9AB2526224B00C01AC2 /* AUScopeElement.h */,
				EC09D9972526224B00C01AC2 /* AUScopeElement.cpp */,
				EC09D9A22526224B00C01AC2 /* AUSilentTimeout.h */,
				EC09D9A12526224B00C01AC2 /* AUUtility.h */,
				EC09D9982526224B00C01AC2 /* ComponentBase.h */,
				EC09D9952526224B00C01AC2 /* ComponentBase.cpp */,
			);
			path = Source;
			sourceTree = "<group>";
		};
		EC89B4C1208D35BB00E15129 /* VSTGUI */ = {
			isa = PBXGroup;
			children = (
				EC89B4C4208D35D900E15129 /* plugin-bindings */,
				EC89B4C2208D35D500E15129 /* vstgui_mac.mm */,
			);
			name = VSTGUI;
			path = ../../vstgui/vstgui;
			sourceTree = "<group>";
		};
		EC89B4C4208D35D900E15129 /* plugin-bindings */ = {
			isa = PBXGroup;
			children = (
				EC89B4C9208D35D900E15129 /* plugguieditor.h */,
				EC89B4CB208D35DA00E15129 /* plugguieditor.cpp */,
			);
			path = "plugin-bindings";
			sourceTree = "<group>";
		};
/* End PBXGroup section */

/* Begin PBXNativeTarget section */
		8D01CCC60486CAD60068D4B7 /* Rez Synth */ = {
			isa = PBXNativeTarget;
			buildConfigurationList = B025B9F008AD348400A9CCAE /* Build configuration list for PBXNativeTarget "Rez Synth" */;
			buildPhases = (
				8D01CCC90486CAD60068D4B7 /* Resources */,
				8D01CCCB0486CAD60068D4B7 /* Sources */,
				8D01CCCD0486CAD60068D4B7 /* Frameworks */,
				EC89B35C208D2C0700E15129 /* ShellScript */,
			);
			buildRules = (
			);
			dependencies = (
			);
			name = "Rez Synth";
			productInstallPath = "$(HOME)/Library/Bundles";
			productName = turntablist;
			productReference = 8D01CCD20486CAD60068D4B7 /* dfx Rez Synth.component */;
			productType = "com.apple.product-type.bundle";
		};
/* End PBXNativeTarget section */

/* Begin PBXProject section */
		089C1669FE841209C02AAC07 /* Project object */ = {
			isa = PBXProject;
			attributes = {
			};
			buildConfigurationList = B025B9F408AD348400A9CCAE /* Build configuration list for PBXProject "rezsynth" */;
			compatibilityVersion = "Xcode 2.4";
			developmentRegion = en;
			hasScannedForEncodings = 1;
			knownRegions = (
				en,
				fr,
				nl,
				de,
				es,
				Base,
			);
			mainGroup = 089C166AFE841209C02AAC07 /* turntablist */;
			projectDirPath = "";
			projectRoot = "";
			targets = (
				8D01CCC60486CAD60068D4B7 /* Rez Synth */,
			);
		};
/* End PBXProject section */

/* Begin PBXResourcesBuildPhase section */
		8D01CCC90486CAD60068D4B7 /* Resources */ = {
			isa = PBXResourcesBuildPhase;
			buildActionMask = 2147483647;
			files = (
				EC521485256C20B4008479F0 /* slider-handle-white.png in Resources */,
				49BB476D07E53B4B00861708 /* button-destroyfx.png in Resources */,
				49BB476E07E53B4B00861708 /* button-mix-mode.png in Resources */,
				49BB476F07E53B4B00861708 /* button-envelopes.png in Resources */,
				49BB477007E53B4B00861708 /* button-foldover.png in Resources */,
				49BB477407E53B4B00861708 /* slider-handle-magenta.png in Resources */,
				ECDB2A6E21BA02AF00938F5C /* slider-handle-learn.png in Resources */,
				49BB477507E53B4B00861708 /* button-legato.png in Resources */,
				49BB477607E53B4B00861708 /* button-midi-learn.png in Resources */,
				49BB477707E53B4B00861708 /* button-midi-reset.png in Resources */,
				49BB477807E53B4B00861708 /* background.png in Resources */,
				49BB477907E53B4B00861708 /* button-scaling-mode.png in Resources */,
				49BB477A07E53B4B00861708 /* button-separation-mode.png in Resources */,
				49BB477E07E53B4B00861708 /* vslider-handle-green.png in Resources */,
				ECDB2A6F21BA02B200938F5C /* vslider-handle-learn.png in Resources */,
				49BB478007E53B4B00861708 /* button-wise-amp.png in Resources */,
				B028C2BC0D0F323700ADA1DA /* destroyfx.icns in Resources */,
				EC521482256C20B0008479F0 /* slider-handle-red.png in Resources */,
				EC521488256C20B7008479F0 /* slider-handle-yellow.png in Resources */,
				ECC43127102F5208000B05A1 /* dfx-au-utilities.strings in Resources */,
				ECC3B61412A6D62B00BA11D5 /* button-reson-algorithm.png in Resources */,
				ECC3B6E412B0276200BA11D5 /* button-bandwidth-mode.png in Resources */,
				ECF8587F25D2E4C000D92E27 /* px10.ttf in Resources */,
			);
			runOnlyForDeploymentPostprocessing = 0;
		};
/* End PBXResourcesBuildPhase section */

/* Begin PBXShellScriptBuildPhase section */
		EC89B35C208D2C0700E15129 /* ShellScript */ = {
			isa = PBXShellScriptBuildPhase;
			buildActionMask = 2147483647;
			files = (
			);
			inputPaths = (
				"$(INSTALL_PATH)/$(INFOPLIST_PATH)",
			);
			outputPaths = (
			);
			runOnlyForDeploymentPostprocessing = 0;
			shellPath = /bin/sh;
			shellScript = "\"${DFX_ROOT_SOURCE_PATH}\"/dfx-library/xcode/dfxplugin-au-postbuild.sh\n";
		};
/* End PBXShellScriptBuildPhase section */

/* Begin PBXSourcesBuildPhase section */
		8D01CCCB0486CAD60068D4B7 /* Sources */ = {
			isa = PBXSourcesBuildPhase;
			buildActionMask = 2147483647;
			files = (
				EC89B43E208D328D00E15129 /* dfxguidialog.cpp in Sources */,
				EC65038624CDCFE5003C93EA /* dfxgui-fontfactory.mm in Sources */,
				EC09D9C82526224B00C01AC2 /* AUPlugInDispatch.cpp in Sources */,
				ECC480F625253A1D00CDC0EB /* iirfilter.cpp in Sources */,
				4932F4D506801180006A9591 /* dfx-au-utilities.c in Sources */,
				4932F4D906801180006A9591 /* dfxparameter.cpp in Sources */,
				4932F4DB06801180006A9591 /* dfxplugin-audiounit.cpp in Sources */,
				EC89B437208D326E00E15129 /* dfx-au-utilities-preset-files.m in Sources */,
				EC09D9C12526224B00C01AC2 /* ComponentBase.cpp in Sources */,
				4932F4DC06801180006A9591 /* dfxplugin.cpp in Sources */,
				EC09D9C72526224B00C01AC2 /* AUEffectBase.cpp in Sources */,
				4932F4EC068011C9006A9591 /* dfxguieditor.cpp in Sources */,
				4932F4EE068011C9006A9591 /* dfxguibutton.cpp in Sources */,
				EC09D9CB2526224B00C01AC2 /* AUInputElement.cpp in Sources */,
				4932F4F0068011C9006A9591 /* dfxguicontrol.cpp in Sources */,
				EC2F843424A7C27400F29321 /* dfxmisc.mm in Sources */,
				4932F4F2068011C9006A9591 /* dfxguitextdisplay.cpp in Sources */,
				EC09D9C32526224B00C01AC2 /* AUScopeElement.cpp in Sources */,
				4932F4F4068011C9006A9591 /* dfxguislider.cpp in Sources */,
				EC09D9C52526224B00C01AC2 /* AUMIDIBase.cpp in Sources */,
				4932F79B0680E859006A9591 /* dfxmidi.cpp in Sources */,
				EC09D9CA2526224B00C01AC2 /* AUMIDIEffectBase.cpp in Sources */,
				4918B60D0680FC9C0034CE15 /* dfxsettings.cpp in Sources */,
				EC09D9C62526224B00C01AC2 /* AUOutputElement.cpp in Sources */,
				EC09D9C92526224B00C01AC2 /* AUBuffer.cpp in Sources */,
				EC89B4D2208D35DA00E15129 /* plugguieditor.cpp in Sources */,
				49BB472807E53A6700861708 /* rezsynthformalities.cpp in Sources */,
				EC09D9C42526224B00C01AC2 /* AUBase.cpp in Sources */,
				49BB472907E53A6700861708 /* rezsynthprocess.cpp in Sources */,
				49BB472A07E53A6700861708 /* rezsynthsubprocesses.cpp in Sources */,
				EC89B4C3208D35D600E15129 /* vstgui_mac.mm in Sources */,
				EC4FB17D256AE0FA00AFC27A /* AUBufferAllocator.cpp in Sources */,
				EC40EDAE20DB4B7100F5C0A7 /* dfxguimisc.mm in Sources */,
				49BB474E07E53B0200861708 /* rezsyntheditor.cpp in Sources */,
				EC89B43F208D328D00E15129 /* dfxgui-auviewfactory.mm in Sources */,
				ECC3B67312A7FAAF00BA11D5 /* dfxenvelope.cpp in Sources */,
			);
			runOnlyForDeploymentPostprocessing = 0;
		};
/* End PBXSourcesBuildPhase section */

/* Begin PBXVariantGroup section */
		ECC43125102F5208000B05A1 /* dfx-au-utilities.strings */ = {
			isa = PBXVariantGroup;
			children = (
				ECC43126102F5208000B05A1 /* en */,
				ECC43128102F520F000B05A1 /* fr */,
				ECC43129102F5219000B05A1 /* nl */,
				ECD0B25120CC2FB3006CD7D1 /* de */,
				EC390FF220CCAA0F00A62FDE /* es */,
			);
			name = "dfx-au-utilities.strings";
			sourceTree = "<group>";
		};
/* End PBXVariantGroup section */

/* Begin XCBuildConfiguration section */
		B025B9F108AD348400A9CCAE /* Development */ = {
			isa = XCBuildConfiguration;
			baseConfigurationReference = EC9841871030C46000FA3B2B /* dfxplugin-au-debug.xcconfig */;
			buildSettings = {
				DFX_PLUGIN_AUDIOUNIT_TYPE_ID = aumf;
				DFX_PLUGIN_COPYRIGHT_NAME = "Sophia Poirier [$(DFX_PLUGIN_CREATOR_NAME)]";
				DFX_PLUGIN_COPYRIGHT_PREFIX = "2001-";
				DFX_PLUGIN_FULL_NAME_WITHOUT_BREAKS = RezSynth;
				PRODUCT_BUNDLE_IDENTIFIER = "$(DFX_PLUGIN_BUNDLE_IDENTIFIER)";
			};
			name = Development;
		};
		B025B9F208AD348400A9CCAE /* Deployment */ = {
			isa = XCBuildConfiguration;
			baseConfigurationReference = EC9841881030C46000FA3B2B /* dfxplugin-au-release.xcconfig */;
			buildSettings = {
				DFX_PLUGIN_AUDIOUNIT_TYPE_ID = aumf;
				DFX_PLUGIN_COPYRIGHT_NAME = "Sophia Poirier [$(DFX_PLUGIN_CREATOR_NAME)]";
				DFX_PLUGIN_COPYRIGHT_PREFIX = "2001-";
				DFX_PLUGIN_FULL_NAME_WITHOUT_BREAKS = RezSynth;
				PRODUCT_BUNDLE_IDENTIFIER = "$(DFX_PLUGIN_BUNDLE_IDENTIFIER)";
			};
			name = Deployment;
		};
		B025B9F508AD348400A9CCAE /* Development */ = {
			isa = XCBuildConfiguration;
			buildSettings = {
				DFX_PLUGIN_FULL_NAME = "Rez Synth";
				DFX_PLUGIN_ID = RezS;
				DFX_PLUGIN_SHORT_NAME = rezsynth;
				DFX_PLUGIN_VERSION_STRING = 2.0.0;
			};
			name = Development;
		};
		B025B9F608AD348400A9CCAE /* Deployment */ = {
			isa = XCBuildConfiguration;
			buildSettings = {
				DFX_PLUGIN_FULL_NAME = "Rez Synth";
				DFX_PLUGIN_ID = RezS;
				DFX_PLUGIN_SHORT_NAME = rezsynth;
				DFX_PLUGIN_VERSION_STRING = 2.0.0;
			};
			name = Deployment;
		};
/* End XCBuildConfiguration section */

/* Begin XCConfigurationList section */
		B025B9F008AD348400A9CCAE /* Build configuration list for PBXNativeTarget "Rez Synth" */ = {
			isa = XCConfigurationList;
			buildConfigurations = (
				B025B9F108AD348400A9CCAE /* Development */,
				B025B9F208AD348400A9CCAE /* Deployment */,
			);
			defaultConfigurationIsVisible = 0;
			defaultConfigurationName = Development;
		};
		B025B9F408AD348400A9CCAE /* Build configuration list for PBXProject "rezsynth" */ = {
			isa = XCConfigurationList;
			buildConfigurations = (
				B025B9F508AD348400A9CCAE /* Development */,
				B025B9F608AD348400A9CCAE /* Deployment */,
			);
			defaultConfigurationIsVisible = 0;
			defaultConfigurationName = Development;
		};
/* End XCConfigurationList section */
	};
	rootObject = 089C1669FE841209C02AAC07 /* Project object */;
}
